
Microsoft Visual Studio Solution File, Format Version 12.00
# Visual Studio 15
VisualStudioVersion = 15.0.26228.9
MinimumVisualStudioVersion = 10.0.40219.1
Project("{FAE04EC0-301F-11D3-BF4B-00C04F79EFBC}") = "Contoso.UI", "Contoso.UI\Contoso.UI.csproj", "{7A916870-D10A-42EB-B8B8-BD3B1E53E0C5}"
EndProject
Project("{FAE04EC0-301F-11D3-BF4B-00C04F79EFBC}") = "Contoso.Core", "Contoso.Core\Contoso.Core.csproj", "{9A7EBE07-4655-4EEC-B627-F8ADE0EE9953}"
EndProject
Project("{FAE04EC0-301F-11D3-BF4B-00C04F79EFBC}") = "Contoso.BackgroundTasks", "Contoso.BackgroundTasks\Contoso.BackgroundTasks.csproj", "{CB283AE3-3653-41EC-8E20-69722D2D33FA}"
EndProject
Project("{2150E333-8FDC-42A3-9474-1A3956D46DE8}") = "AppFramework", "AppFramework", "{CB5D60BA-865B-480F-A205-7410FF7925D9}"
EndProject
Project("{FAE04EC0-301F-11D3-BF4B-00C04F79EFBC}") = "AppFramework.Core", "AppFramework\AppFramework.Core\AppFramework.Core.csproj", "{6909D24A-C1D4-4664-8DBD-C6BFEA229BF3}"
EndProject
Project("{FAE04EC0-301F-11D3-BF4B-00C04F79EFBC}") = "AppFramework.Core.Uwp", "AppFramework\AppFramework.Core.Uwp\AppFramework.Core.Uwp.csproj", "{4E4E65EA-96F5-4A3A-8E17-2FDF597E310B}"
EndProject
Project("{FAE04EC0-301F-11D3-BF4B-00C04F79EFBC}") = "AppFramework.UI.Uwp", "AppFramework\AppFramework.UI.Uwp\AppFramework.UI.Uwp.csproj", "{9E167450-FEBB-4F54-8FA9-4954CABD6CE5}"
EndProject
Project("{2150E333-8FDC-42A3-9474-1A3956D46DE8}") = "Build", "Build", "{6B25CDC8-41D7-459D-8763-2625074D0567}"
	ProjectSection(SolutionItems) = preProject
		AppFramework\Build\AppFramework.nuspec = AppFramework\Build\AppFramework.nuspec
		AppFramework\Build\AppFramework.targets = AppFramework\Build\AppFramework.targets
		AppFramework\Build\Build-NuGet-Package.cmd = AppFramework\Build\Build-NuGet-Package.cmd
		AppFramework\Build\Build.cmd = AppFramework\Build\Build.cmd
		AppFramework\Build\Download-NuGet.cmd = AppFramework\Build\Download-NuGet.cmd
		AppFramework\Build\nuget.exe = AppFramework\Build\nuget.exe
		AppFramework\Build\VERSION = AppFramework\Build\VERSION
	EndProjectSection
EndProject
Project("{2150E333-8FDC-42A3-9474-1A3956D46DE8}") = "Templates", "Templates", "{05D999C1-BCBF-4CE3-B327-A9B9502180B9}"
EndProject
Project("{FAE04EC0-301F-11D3-BF4B-00C04F79EFBC}") = "Contoso.Core.Uwp", "AppFramework\Templates\Contoso.Core.Uwp\Contoso.Core.Uwp.csproj", "{59578030-F445-44BE-AE02-BF3F6273F758}"
EndProject
Project("{FAE04EC0-301F-11D3-BF4B-00C04F79EFBC}") = "Contoso.Core.BackgroundTasks.Uwp", "AppFramework\Templates\Contoso.Core.BackgroundTasks.Uwp\Contoso.Core.BackgroundTasks.Uwp.csproj", "{68AA8291-6B51-48AC-9CD2-3BF74A61EF9B}"
EndProject
Project("{FAE04EC0-301F-11D3-BF4B-00C04F79EFBC}") = "Contoso.UI.Uwp", "AppFramework\Templates\Contoso.UI.Uwp\Contoso.UI.Uwp.csproj", "{A9291864-7919-4AE1-9BA9-1F6EAEB53C6E}"
EndProject
Global
	GlobalSection(SolutionConfigurationPlatforms) = preSolution
		Debug|Any CPU = Debug|Any CPU
		Debug|ARM = Debug|ARM
		Debug|x64 = Debug|x64
		Debug|x86 = Debug|x86
		Release|Any CPU = Release|Any CPU
		Release|ARM = Release|ARM
		Release|x64 = Release|x64
		Release|x86 = Release|x86
	EndGlobalSection
	GlobalSection(ProjectConfigurationPlatforms) = postSolution
		{7A916870-D10A-42EB-B8B8-BD3B1E53E0C5}.Debug|Any CPU.ActiveCfg = Debug|x86
		{7A916870-D10A-42EB-B8B8-BD3B1E53E0C5}.Debug|ARM.ActiveCfg = Debug|ARM
		{7A916870-D10A-42EB-B8B8-BD3B1E53E0C5}.Debug|ARM.Build.0 = Debug|ARM
		{7A916870-D10A-42EB-B8B8-BD3B1E53E0C5}.Debug|ARM.Deploy.0 = Debug|ARM
		{7A916870-D10A-42EB-B8B8-BD3B1E53E0C5}.Debug|x64.ActiveCfg = Debug|x64
		{7A916870-D10A-42EB-B8B8-BD3B1E53E0C5}.Debug|x64.Build.0 = Debug|x64
		{7A916870-D10A-42EB-B8B8-BD3B1E53E0C5}.Debug|x64.Deploy.0 = Debug|x64
		{7A916870-D10A-42EB-B8B8-BD3B1E53E0C5}.Debug|x86.ActiveCfg = Debug|x86
		{7A916870-D10A-42EB-B8B8-BD3B1E53E0C5}.Debug|x86.Build.0 = Debug|x86
		{7A916870-D10A-42EB-B8B8-BD3B1E53E0C5}.Debug|x86.Deploy.0 = Debug|x86
		{7A916870-D10A-42EB-B8B8-BD3B1E53E0C5}.Release|Any CPU.ActiveCfg = Release|x86
		{7A916870-D10A-42EB-B8B8-BD3B1E53E0C5}.Release|ARM.ActiveCfg = Release|ARM
		{7A916870-D10A-42EB-B8B8-BD3B1E53E0C5}.Release|ARM.Build.0 = Release|ARM
		{7A916870-D10A-42EB-B8B8-BD3B1E53E0C5}.Release|ARM.Deploy.0 = Release|ARM
		{7A916870-D10A-42EB-B8B8-BD3B1E53E0C5}.Release|x64.ActiveCfg = Release|x64
		{7A916870-D10A-42EB-B8B8-BD3B1E53E0C5}.Release|x64.Build.0 = Release|x64
		{7A916870-D10A-42EB-B8B8-BD3B1E53E0C5}.Release|x64.Deploy.0 = Release|x64
		{7A916870-D10A-42EB-B8B8-BD3B1E53E0C5}.Release|x86.ActiveCfg = Release|x86
		{7A916870-D10A-42EB-B8B8-BD3B1E53E0C5}.Release|x86.Build.0 = Release|x86
		{7A916870-D10A-42EB-B8B8-BD3B1E53E0C5}.Release|x86.Deploy.0 = Release|x86
		{9A7EBE07-4655-4EEC-B627-F8ADE0EE9953}.Debug|Any CPU.ActiveCfg = Debug|Any CPU
		{9A7EBE07-4655-4EEC-B627-F8ADE0EE9953}.Debug|Any CPU.Build.0 = Debug|Any CPU
		{9A7EBE07-4655-4EEC-B627-F8ADE0EE9953}.Debug|ARM.ActiveCfg = Debug|ARM
		{9A7EBE07-4655-4EEC-B627-F8ADE0EE9953}.Debug|ARM.Build.0 = Debug|ARM
		{9A7EBE07-4655-4EEC-B627-F8ADE0EE9953}.Debug|x64.ActiveCfg = Debug|x64
		{9A7EBE07-4655-4EEC-B627-F8ADE0EE9953}.Debug|x64.Build.0 = Debug|x64
		{9A7EBE07-4655-4EEC-B627-F8ADE0EE9953}.Debug|x86.ActiveCfg = Debug|x86
		{9A7EBE07-4655-4EEC-B627-F8ADE0EE9953}.Debug|x86.Build.0 = Debug|x86
		{9A7EBE07-4655-4EEC-B627-F8ADE0EE9953}.Release|Any CPU.ActiveCfg = Release|Any CPU
		{9A7EBE07-4655-4EEC-B627-F8ADE0EE9953}.Release|Any CPU.Build.0 = Release|Any CPU
		{9A7EBE07-4655-4EEC-B627-F8ADE0EE9953}.Release|ARM.ActiveCfg = Release|ARM
		{9A7EBE07-4655-4EEC-B627-F8ADE0EE9953}.Release|ARM.Build.0 = Release|ARM
		{9A7EBE07-4655-4EEC-B627-F8ADE0EE9953}.Release|x64.ActiveCfg = Release|x64
		{9A7EBE07-4655-4EEC-B627-F8ADE0EE9953}.Release|x64.Build.0 = Release|x64
		{9A7EBE07-4655-4EEC-B627-F8ADE0EE9953}.Release|x86.ActiveCfg = Release|x86
		{9A7EBE07-4655-4EEC-B627-F8ADE0EE9953}.Release|x86.Build.0 = Release|x86
		{CB283AE3-3653-41EC-8E20-69722D2D33FA}.Debug|Any CPU.ActiveCfg = Debug|Any CPU
		{CB283AE3-3653-41EC-8E20-69722D2D33FA}.Debug|Any CPU.Build.0 = Debug|Any CPU
		{CB283AE3-3653-41EC-8E20-69722D2D33FA}.Debug|ARM.ActiveCfg = Debug|ARM
		{CB283AE3-3653-41EC-8E20-69722D2D33FA}.Debug|ARM.Build.0 = Debug|ARM
		{CB283AE3-3653-41EC-8E20-69722D2D33FA}.Debug|x64.ActiveCfg = Debug|x64
		{CB283AE3-3653-41EC-8E20-69722D2D33FA}.Debug|x64.Build.0 = Debug|x64
		{CB283AE3-3653-41EC-8E20-69722D2D33FA}.Debug|x86.ActiveCfg = Debug|x86
		{CB283AE3-3653-41EC-8E20-69722D2D33FA}.Debug|x86.Build.0 = Debug|x86
		{CB283AE3-3653-41EC-8E20-69722D2D33FA}.Release|Any CPU.ActiveCfg = Release|Any CPU
		{CB283AE3-3653-41EC-8E20-69722D2D33FA}.Release|Any CPU.Build.0 = Release|Any CPU
		{CB283AE3-3653-41EC-8E20-69722D2D33FA}.Release|ARM.ActiveCfg = Release|ARM
		{CB283AE3-3653-41EC-8E20-69722D2D33FA}.Release|ARM.Build.0 = Release|ARM
		{CB283AE3-3653-41EC-8E20-69722D2D33FA}.Release|x64.ActiveCfg = Release|x64
		{CB283AE3-3653-41EC-8E20-69722D2D33FA}.Release|x64.Build.0 = Release|x64
		{CB283AE3-3653-41EC-8E20-69722D2D33FA}.Release|x86.ActiveCfg = Release|x86
		{CB283AE3-3653-41EC-8E20-69722D2D33FA}.Release|x86.Build.0 = Release|x86
		{6909D24A-C1D4-4664-8DBD-C6BFEA229BF3}.Debug|Any CPU.ActiveCfg = Debug|Any CPU
		{6909D24A-C1D4-4664-8DBD-C6BFEA229BF3}.Debug|Any CPU.Build.0 = Debug|Any CPU
		{6909D24A-C1D4-4664-8DBD-C6BFEA229BF3}.Debug|ARM.ActiveCfg = Debug|Any CPU
		{6909D24A-C1D4-4664-8DBD-C6BFEA229BF3}.Debug|ARM.Build.0 = Debug|Any CPU
		{6909D24A-C1D4-4664-8DBD-C6BFEA229BF3}.Debug|x64.ActiveCfg = Debug|Any CPU
		{6909D24A-C1D4-4664-8DBD-C6BFEA229BF3}.Debug|x64.Build.0 = Debug|Any CPU
		{6909D24A-C1D4-4664-8DBD-C6BFEA229BF3}.Debug|x86.ActiveCfg = Debug|Any CPU
		{6909D24A-C1D4-4664-8DBD-C6BFEA229BF3}.Debug|x86.Build.0 = Debug|Any CPU
		{6909D24A-C1D4-4664-8DBD-C6BFEA229BF3}.Release|Any CPU.ActiveCfg = Release|Any CPU
		{6909D24A-C1D4-4664-8DBD-C6BFEA229BF3}.Release|Any CPU.Build.0 = Release|Any CPU
		{6909D24A-C1D4-4664-8DBD-C6BFEA229BF3}.Release|ARM.ActiveCfg = Release|ARM
		{6909D24A-C1D4-4664-8DBD-C6BFEA229BF3}.Release|ARM.Build.0 = Release|ARM
		{6909D24A-C1D4-4664-8DBD-C6BFEA229BF3}.Release|x64.ActiveCfg = Release|x64
		{6909D24A-C1D4-4664-8DBD-C6BFEA229BF3}.Release|x64.Build.0 = Release|x64
		{6909D24A-C1D4-4664-8DBD-C6BFEA229BF3}.Release|x86.ActiveCfg = Release|x86
		{6909D24A-C1D4-4664-8DBD-C6BFEA229BF3}.Release|x86.Build.0 = Release|x86
		{4E4E65EA-96F5-4A3A-8E17-2FDF597E310B}.Debug|Any CPU.ActiveCfg = Debug|Any CPU
		{4E4E65EA-96F5-4A3A-8E17-2FDF597E310B}.Debug|Any CPU.Build.0 = Debug|Any CPU
		{4E4E65EA-96F5-4A3A-8E17-2FDF597E310B}.Debug|ARM.ActiveCfg = Debug|ARM
		{4E4E65EA-96F5-4A3A-8E17-2FDF597E310B}.Debug|ARM.Build.0 = Debug|ARM
		{4E4E65EA-96F5-4A3A-8E17-2FDF597E310B}.Debug|x64.ActiveCfg = Debug|x64
		{4E4E65EA-96F5-4A3A-8E17-2FDF597E310B}.Debug|x64.Build.0 = Debug|x64
		{4E4E65EA-96F5-4A3A-8E17-2FDF597E310B}.Debug|x86.ActiveCfg = Debug|x86
		{4E4E65EA-96F5-4A3A-8E17-2FDF597E310B}.Debug|x86.Build.0 = Debug|x86
		{4E4E65EA-96F5-4A3A-8E17-2FDF597E310B}.Release|Any CPU.ActiveCfg = Release|Any CPU
		{4E4E65EA-96F5-4A3A-8E17-2FDF597E310B}.Release|Any CPU.Build.0 = Release|Any CPU
		{4E4E65EA-96F5-4A3A-8E17-2FDF597E310B}.Release|ARM.ActiveCfg = Release|ARM
		{4E4E65EA-96F5-4A3A-8E17-2FDF597E310B}.Release|ARM.Build.0 = Release|ARM
		{4E4E65EA-96F5-4A3A-8E17-2FDF597E310B}.Release|x64.ActiveCfg = Release|x64
		{4E4E65EA-96F5-4A3A-8E17-2FDF597E310B}.Release|x64.Build.0 = Release|x64
		{4E4E65EA-96F5-4A3A-8E17-2FDF597E310B}.Release|x86.ActiveCfg = Release|x86
		{4E4E65EA-96F5-4A3A-8E17-2FDF597E310B}.Release|x86.Build.0 = Release|x86
		{9E167450-FEBB-4F54-8FA9-4954CABD6CE5}.Debug|Any CPU.ActiveCfg = Debug|Any CPU
		{9E167450-FEBB-4F54-8FA9-4954CABD6CE5}.Debug|Any CPU.Build.0 = Debug|Any CPU
		{9E167450-FEBB-4F54-8FA9-4954CABD6CE5}.Debug|ARM.ActiveCfg = Debug|ARM
		{9E167450-FEBB-4F54-8FA9-4954CABD6CE5}.Debug|ARM.Build.0 = Debug|ARM
		{9E167450-FEBB-4F54-8FA9-4954CABD6CE5}.Debug|x64.ActiveCfg = Debug|x64
		{9E167450-FEBB-4F54-8FA9-4954CABD6CE5}.Debug|x64.Build.0 = Debug|x64
		{9E167450-FEBB-4F54-8FA9-4954CABD6CE5}.Debug|x86.ActiveCfg = Debug|x86
		{9E167450-FEBB-4F54-8FA9-4954CABD6CE5}.Debug|x86.Build.0 = Debug|x86
		{9E167450-FEBB-4F54-8FA9-4954CABD6CE5}.Release|Any CPU.ActiveCfg = Release|Any CPU
		{9E167450-FEBB-4F54-8FA9-4954CABD6CE5}.Release|Any CPU.Build.0 = Release|Any CPU
		{9E167450-FEBB-4F54-8FA9-4954CABD6CE5}.Release|ARM.ActiveCfg = Release|ARM
		{9E167450-FEBB-4F54-8FA9-4954CABD6CE5}.Release|ARM.Build.0 = Release|ARM
		{9E167450-FEBB-4F54-8FA9-4954CABD6CE5}.Release|x64.ActiveCfg = Release|x64
		{9E167450-FEBB-4F54-8FA9-4954CABD6CE5}.Release|x64.Build.0 = Release|x64
		{9E167450-FEBB-4F54-8FA9-4954CABD6CE5}.Release|x86.ActiveCfg = Release|x86
		{9E167450-FEBB-4F54-8FA9-4954CABD6CE5}.Release|x86.Build.0 = Release|x86
		{59578030-F445-44BE-AE02-BF3F6273F758}.Debug|Any CPU.ActiveCfg = Debug|Any CPU
		{59578030-F445-44BE-AE02-BF3F6273F758}.Debug|Any CPU.Build.0 = Debug|Any CPU
		{59578030-F445-44BE-AE02-BF3F6273F758}.Debug|ARM.ActiveCfg = Debug|ARM
		{59578030-F445-44BE-AE02-BF3F6273F758}.Debug|ARM.Build.0 = Debug|ARM
		{59578030-F445-44BE-AE02-BF3F6273F758}.Debug|x64.ActiveCfg = Debug|x64
		{59578030-F445-44BE-AE02-BF3F6273F758}.Debug|x64.Build.0 = Debug|x64
		{59578030-F445-44BE-AE02-BF3F6273F758}.Debug|x86.ActiveCfg = Debug|x86
		{59578030-F445-44BE-AE02-BF3F6273F758}.Debug|x86.Build.0 = Debug|x86
		{59578030-F445-44BE-AE02-BF3F6273F758}.Release|Any CPU.ActiveCfg = Release|Any CPU
		{59578030-F445-44BE-AE02-BF3F6273F758}.Release|Any CPU.Build.0 = Release|Any CPU
		{59578030-F445-44BE-AE02-BF3F6273F758}.Release|ARM.ActiveCfg = Release|ARM
		{59578030-F445-44BE-AE02-BF3F6273F758}.Release|ARM.Build.0 = Release|ARM
		{59578030-F445-44BE-AE02-BF3F6273F758}.Release|x64.ActiveCfg = Release|x64
		{59578030-F445-44BE-AE02-BF3F6273F758}.Release|x64.Build.0 = Release|x64
		{59578030-F445-44BE-AE02-BF3F6273F758}.Release|x86.ActiveCfg = Release|x86
		{59578030-F445-44BE-AE02-BF3F6273F758}.Release|x86.Build.0 = Release|x86
		{68AA8291-6B51-48AC-9CD2-3BF74A61EF9B}.Debug|Any CPU.ActiveCfg = Debug|Any CPU
		{68AA8291-6B51-48AC-9CD2-3BF74A61EF9B}.Debug|Any CPU.Build.0 = Debug|Any CPU
		{68AA8291-6B51-48AC-9CD2-3BF74A61EF9B}.Debug|ARM.ActiveCfg = Debug|ARM
		{68AA8291-6B51-48AC-9CD2-3BF74A61EF9B}.Debug|ARM.Build.0 = Debug|ARM
		{68AA8291-6B51-48AC-9CD2-3BF74A61EF9B}.Debug|x64.ActiveCfg = Debug|x64
		{68AA8291-6B51-48AC-9CD2-3BF74A61EF9B}.Debug|x64.Build.0 = Debug|x64
		{68AA8291-6B51-48AC-9CD2-3BF74A61EF9B}.Debug|x86.ActiveCfg = Debug|x86
		{68AA8291-6B51-48AC-9CD2-3BF74A61EF9B}.Debug|x86.Build.0 = Debug|x86
		{68AA8291-6B51-48AC-9CD2-3BF74A61EF9B}.Release|Any CPU.ActiveCfg = Release|Any CPU
		{68AA8291-6B51-48AC-9CD2-3BF74A61EF9B}.Release|Any CPU.Build.0 = Release|Any CPU
		{68AA8291-6B51-48AC-9CD2-3BF74A61EF9B}.Release|ARM.ActiveCfg = Release|ARM
		{68AA8291-6B51-48AC-9CD2-3BF74A61EF9B}.Release|ARM.Build.0 = Release|ARM
		{68AA8291-6B51-48AC-9CD2-3BF74A61EF9B}.Release|x64.ActiveCfg = Release|x64
		{68AA8291-6B51-48AC-9CD2-3BF74A61EF9B}.Release|x64.Build.0 = Release|x64
		{68AA8291-6B51-48AC-9CD2-3BF74A61EF9B}.Release|x86.ActiveCfg = Release|x86
		{68AA8291-6B51-48AC-9CD2-3BF74A61EF9B}.Release|x86.Build.0 = Release|x86
		{A9291864-7919-4AE1-9BA9-1F6EAEB53C6E}.Debug|Any CPU.ActiveCfg = Debug|x86
		{A9291864-7919-4AE1-9BA9-1F6EAEB53C6E}.Debug|ARM.ActiveCfg = Debug|ARM
		{A9291864-7919-4AE1-9BA9-1F6EAEB53C6E}.Debug|ARM.Build.0 = Debug|ARM
		{A9291864-7919-4AE1-9BA9-1F6EAEB53C6E}.Debug|ARM.Deploy.0 = Debug|ARM
		{A9291864-7919-4AE1-9BA9-1F6EAEB53C6E}.Debug|x64.ActiveCfg = Debug|x64
		{A9291864-7919-4AE1-9BA9-1F6EAEB53C6E}.Debug|x64.Build.0 = Debug|x64
		{A9291864-7919-4AE1-9BA9-1F6EAEB53C6E}.Debug|x64.Deploy.0 = Debug|x64
		{A9291864-7919-4AE1-9BA9-1F6EAEB53C6E}.Debug|x86.ActiveCfg = Debug|x86
		{A9291864-7919-4AE1-9BA9-1F6EAEB53C6E}.Debug|x86.Build.0 = Debug|x86
		{A9291864-7919-4AE1-9BA9-1F6EAEB53C6E}.Debug|x86.Deploy.0 = Debug|x86
		{A9291864-7919-4AE1-9BA9-1F6EAEB53C6E}.Release|Any CPU.ActiveCfg = Release|x86
		{A9291864-7919-4AE1-9BA9-1F6EAEB53C6E}.Release|ARM.ActiveCfg = Release|ARM
		{A9291864-7919-4AE1-9BA9-1F6EAEB53C6E}.Release|ARM.Build.0 = Release|ARM
		{A9291864-7919-4AE1-9BA9-1F6EAEB53C6E}.Release|ARM.Deploy.0 = Release|ARM
		{A9291864-7919-4AE1-9BA9-1F6EAEB53C6E}.Release|x64.ActiveCfg = Release|x64
		{A9291864-7919-4AE1-9BA9-1F6EAEB53C6E}.Release|x64.Build.0 = Release|x64
		{A9291864-7919-4AE1-9BA9-1F6EAEB53C6E}.Release|x64.Deploy.0 = Release|x64
		{A9291864-7919-4AE1-9BA9-1F6EAEB53C6E}.Release|x86.ActiveCfg = Release|x86
		{A9291864-7919-4AE1-9BA9-1F6EAEB53C6E}.Release|x86.Build.0 = Release|x86
		{A9291864-7919-4AE1-9BA9-1F6EAEB53C6E}.Release|x86.Deploy.0 = Release|x86
	EndGlobalSection
	GlobalSection(SolutionProperties) = preSolution
		HideSolutionNode = FALSE
	EndGlobalSection
	GlobalSection(NestedProjects) = preSolution
		{6909D24A-C1D4-4664-8DBD-C6BFEA229BF3} = {CB5D60BA-865B-480F-A205-7410FF7925D9}
		{4E4E65EA-96F5-4A3A-8E17-2FDF597E310B} = {CB5D60BA-865B-480F-A205-7410FF7925D9}
		{9E167450-FEBB-4F54-8FA9-4954CABD6CE5} = {CB5D60BA-865B-480F-A205-7410FF7925D9}
		{6B25CDC8-41D7-459D-8763-2625074D0567} = {CB5D60BA-865B-480F-A205-7410FF7925D9}
		{05D999C1-BCBF-4CE3-B327-A9B9502180B9} = {CB5D60BA-865B-480F-A205-7410FF7925D9}
		{59578030-F445-44BE-AE02-BF3F6273F758} = {05D999C1-BCBF-4CE3-B327-A9B9502180B9}
		{68AA8291-6B51-48AC-9CD2-3BF74A61EF9B} = {05D999C1-BCBF-4CE3-B327-A9B9502180B9}
		{A9291864-7919-4AE1-9BA9-1F6EAEB53C6E} = {05D999C1-BCBF-4CE3-B327-A9B9502180B9}
	EndGlobalSection
EndGlobal
