
Microsoft Visual Studio Solution File, Format Version 12.00
# Visual Studio 15
VisualStudioVersion = 15.0.26730.10
MinimumVisualStudioVersion = 10.0.40219.1
Project("{9A19103F-16F7-4668-BE54-9A1E7A4F7556}") = "Contoso.UI", "Contoso.UI\Contoso.UI.csproj", "{A30C3DF3-59B8-41A4-944A-2551DCFBE0B9}"
EndProject
Project("{FAE04EC0-301F-11D3-BF4B-00C04F79EFBC}") = "Contoso.UI.iOS", "Contoso.UI.iOS\Contoso.UI.iOS.csproj", "{0BB6E05A-7FA0-4387-8D8D-DAD0C16A2C86}"
EndProject
Project("{FAE04EC0-301F-11D3-BF4B-00C04F79EFBC}") = "Contoso.UI.Android", "Contoso.UI.Android\Contoso.UI.Android.csproj", "{36FFDCD3-7D3B-4CF7-A4EC-8C6C92D48782}"
EndProject
Project("{FAE04EC0-301F-11D3-BF4B-00C04F79EFBC}") = "Contoso.UI.UWP", "Contoso.UI.UWP\Contoso.UI.UWP.csproj", "{CEF4BE82-4C28-41BE-9F08-1ADE6ED2374C}"
EndProject
Global
	GlobalSection(SolutionConfigurationPlatforms) = preSolution
		Ad-Hoc|Any CPU = Ad-Hoc|Any CPU
		Ad-Hoc|ARM = Ad-Hoc|ARM
		Ad-Hoc|iPhone = Ad-Hoc|iPhone
		Ad-Hoc|iPhoneSimulator = Ad-Hoc|iPhoneSimulator
		Ad-Hoc|x64 = Ad-Hoc|x64
		Ad-Hoc|x86 = Ad-Hoc|x86
		AppStore|Any CPU = AppStore|Any CPU
		AppStore|ARM = AppStore|ARM
		AppStore|iPhone = AppStore|iPhone
		AppStore|iPhoneSimulator = AppStore|iPhoneSimulator
		AppStore|x64 = AppStore|x64
		AppStore|x86 = AppStore|x86
		Debug|Any CPU = Debug|Any CPU
		Debug|ARM = Debug|ARM
		Debug|iPhone = Debug|iPhone
		Debug|iPhoneSimulator = Debug|iPhoneSimulator
		Debug|x64 = Debug|x64
		Debug|x86 = Debug|x86
		Release|Any CPU = Release|Any CPU
		Release|ARM = Release|ARM
		Release|iPhone = Release|iPhone
		Release|iPhoneSimulator = Release|iPhoneSimulator
		Release|x64 = Release|x64
		Release|x86 = Release|x86
	EndGlobalSection
	GlobalSection(ProjectConfigurationPlatforms) = postSolution
		{A30C3DF3-59B8-41A4-944A-2551DCFBE0B9}.Ad-Hoc|Any CPU.ActiveCfg = Debug|Any CPU
		{A30C3DF3-59B8-41A4-944A-2551DCFBE0B9}.Ad-Hoc|Any CPU.Build.0 = Debug|Any CPU
		{A30C3DF3-59B8-41A4-944A-2551DCFBE0B9}.Ad-Hoc|ARM.ActiveCfg = Debug|Any CPU
		{A30C3DF3-59B8-41A4-944A-2551DCFBE0B9}.Ad-Hoc|ARM.Build.0 = Debug|Any CPU
		{A30C3DF3-59B8-41A4-944A-2551DCFBE0B9}.Ad-Hoc|iPhone.ActiveCfg = Debug|Any CPU
		{A30C3DF3-59B8-41A4-944A-2551DCFBE0B9}.Ad-Hoc|iPhone.Build.0 = Debug|Any CPU
		{A30C3DF3-59B8-41A4-944A-2551DCFBE0B9}.Ad-Hoc|iPhoneSimulator.ActiveCfg = Debug|Any CPU
		{A30C3DF3-59B8-41A4-944A-2551DCFBE0B9}.Ad-Hoc|iPhoneSimulator.Build.0 = Debug|Any CPU
		{A30C3DF3-59B8-41A4-944A-2551DCFBE0B9}.Ad-Hoc|x64.ActiveCfg = Debug|Any CPU
		{A30C3DF3-59B8-41A4-944A-2551DCFBE0B9}.Ad-Hoc|x64.Build.0 = Debug|Any CPU
		{A30C3DF3-59B8-41A4-944A-2551DCFBE0B9}.Ad-Hoc|x86.ActiveCfg = Debug|Any CPU
		{A30C3DF3-59B8-41A4-944A-2551DCFBE0B9}.Ad-Hoc|x86.Build.0 = Debug|Any CPU
		{A30C3DF3-59B8-41A4-944A-2551DCFBE0B9}.AppStore|Any CPU.ActiveCfg = Debug|Any CPU
		{A30C3DF3-59B8-41A4-944A-2551DCFBE0B9}.AppStore|Any CPU.Build.0 = Debug|Any CPU
		{A30C3DF3-59B8-41A4-944A-2551DCFBE0B9}.AppStore|ARM.ActiveCfg = Debug|Any CPU
		{A30C3DF3-59B8-41A4-944A-2551DCFBE0B9}.AppStore|ARM.Build.0 = Debug|Any CPU
		{A30C3DF3-59B8-41A4-944A-2551DCFBE0B9}.AppStore|iPhone.ActiveCfg = Debug|Any CPU
		{A30C3DF3-59B8-41A4-944A-2551DCFBE0B9}.AppStore|iPhone.Build.0 = Debug|Any CPU
		{A30C3DF3-59B8-41A4-944A-2551DCFBE0B9}.AppStore|iPhoneSimulator.ActiveCfg = Debug|Any CPU
		{A30C3DF3-59B8-41A4-944A-2551DCFBE0B9}.AppStore|iPhoneSimulator.Build.0 = Debug|Any CPU
		{A30C3DF3-59B8-41A4-944A-2551DCFBE0B9}.AppStore|x64.ActiveCfg = Debug|Any CPU
		{A30C3DF3-59B8-41A4-944A-2551DCFBE0B9}.AppStore|x64.Build.0 = Debug|Any CPU
		{A30C3DF3-59B8-41A4-944A-2551DCFBE0B9}.AppStore|x86.ActiveCfg = Debug|Any CPU
		{A30C3DF3-59B8-41A4-944A-2551DCFBE0B9}.AppStore|x86.Build.0 = Debug|Any CPU
		{A30C3DF3-59B8-41A4-944A-2551DCFBE0B9}.Debug|Any CPU.ActiveCfg = Debug|Any CPU
		{A30C3DF3-59B8-41A4-944A-2551DCFBE0B9}.Debug|Any CPU.Build.0 = Debug|Any CPU
		{A30C3DF3-59B8-41A4-944A-2551DCFBE0B9}.Debug|ARM.ActiveCfg = Debug|Any CPU
		{A30C3DF3-59B8-41A4-944A-2551DCFBE0B9}.Debug|ARM.Build.0 = Debug|Any CPU
		{A30C3DF3-59B8-41A4-944A-2551DCFBE0B9}.Debug|iPhone.ActiveCfg = Debug|Any CPU
		{A30C3DF3-59B8-41A4-944A-2551DCFBE0B9}.Debug|iPhone.Build.0 = Debug|Any CPU
		{A30C3DF3-59B8-41A4-944A-2551DCFBE0B9}.Debug|iPhoneSimulator.ActiveCfg = Debug|Any CPU
		{A30C3DF3-59B8-41A4-944A-2551DCFBE0B9}.Debug|iPhoneSimulator.Build.0 = Debug|Any CPU
		{A30C3DF3-59B8-41A4-944A-2551DCFBE0B9}.Debug|x64.ActiveCfg = Debug|Any CPU
		{A30C3DF3-59B8-41A4-944A-2551DCFBE0B9}.Debug|x64.Build.0 = Debug|Any CPU
		{A30C3DF3-59B8-41A4-944A-2551DCFBE0B9}.Debug|x86.ActiveCfg = Debug|Any CPU
		{A30C3DF3-59B8-41A4-944A-2551DCFBE0B9}.Debug|x86.Build.0 = Debug|Any CPU
		{A30C3DF3-59B8-41A4-944A-2551DCFBE0B9}.Release|Any CPU.ActiveCfg = Release|Any CPU
		{A30C3DF3-59B8-41A4-944A-2551DCFBE0B9}.Release|Any CPU.Build.0 = Release|Any CPU
		{A30C3DF3-59B8-41A4-944A-2551DCFBE0B9}.Release|ARM.ActiveCfg = Release|Any CPU
		{A30C3DF3-59B8-41A4-944A-2551DCFBE0B9}.Release|ARM.Build.0 = Release|Any CPU
		{A30C3DF3-59B8-41A4-944A-2551DCFBE0B9}.Release|iPhone.ActiveCfg = Release|Any CPU
		{A30C3DF3-59B8-41A4-944A-2551DCFBE0B9}.Release|iPhone.Build.0 = Release|Any CPU
		{A30C3DF3-59B8-41A4-944A-2551DCFBE0B9}.Release|iPhoneSimulator.ActiveCfg = Release|Any CPU
		{A30C3DF3-59B8-41A4-944A-2551DCFBE0B9}.Release|iPhoneSimulator.Build.0 = Release|Any CPU
		{A30C3DF3-59B8-41A4-944A-2551DCFBE0B9}.Release|x64.ActiveCfg = Release|Any CPU
		{A30C3DF3-59B8-41A4-944A-2551DCFBE0B9}.Release|x64.Build.0 = Release|Any CPU
		{A30C3DF3-59B8-41A4-944A-2551DCFBE0B9}.Release|x86.ActiveCfg = Release|Any CPU
		{A30C3DF3-59B8-41A4-944A-2551DCFBE0B9}.Release|x86.Build.0 = Release|Any CPU
		{0BB6E05A-7FA0-4387-8D8D-DAD0C16A2C86}.Ad-Hoc|Any CPU.ActiveCfg = Ad-Hoc|iPhone
		{0BB6E05A-7FA0-4387-8D8D-DAD0C16A2C86}.Ad-Hoc|ARM.ActiveCfg = Ad-Hoc|iPhone
		{0BB6E05A-7FA0-4387-8D8D-DAD0C16A2C86}.Ad-Hoc|iPhone.ActiveCfg = Ad-Hoc|iPhone
		{0BB6E05A-7FA0-4387-8D8D-DAD0C16A2C86}.Ad-Hoc|iPhone.Build.0 = Ad-Hoc|iPhone
		{0BB6E05A-7FA0-4387-8D8D-DAD0C16A2C86}.Ad-Hoc|iPhoneSimulator.ActiveCfg = Ad-Hoc|iPhoneSimulator
		{0BB6E05A-7FA0-4387-8D8D-DAD0C16A2C86}.Ad-Hoc|iPhoneSimulator.Build.0 = Ad-Hoc|iPhoneSimulator
		{0BB6E05A-7FA0-4387-8D8D-DAD0C16A2C86}.Ad-Hoc|x64.ActiveCfg = Ad-Hoc|iPhone
		{0BB6E05A-7FA0-4387-8D8D-DAD0C16A2C86}.Ad-Hoc|x86.ActiveCfg = Ad-Hoc|iPhone
		{0BB6E05A-7FA0-4387-8D8D-DAD0C16A2C86}.AppStore|Any CPU.ActiveCfg = AppStore|iPhone
		{0BB6E05A-7FA0-4387-8D8D-DAD0C16A2C86}.AppStore|ARM.ActiveCfg = AppStore|iPhone
		{0BB6E05A-7FA0-4387-8D8D-DAD0C16A2C86}.AppStore|iPhone.ActiveCfg = AppStore|iPhone
		{0BB6E05A-7FA0-4387-8D8D-DAD0C16A2C86}.AppStore|iPhone.Build.0 = AppStore|iPhone
		{0BB6E05A-7FA0-4387-8D8D-DAD0C16A2C86}.AppStore|iPhoneSimulator.ActiveCfg = AppStore|iPhoneSimulator
		{0BB6E05A-7FA0-4387-8D8D-DAD0C16A2C86}.AppStore|iPhoneSimulator.Build.0 = AppStore|iPhoneSimulator
		{0BB6E05A-7FA0-4387-8D8D-DAD0C16A2C86}.AppStore|x64.ActiveCfg = AppStore|iPhone
		{0BB6E05A-7FA0-4387-8D8D-DAD0C16A2C86}.AppStore|x86.ActiveCfg = AppStore|iPhone
		{0BB6E05A-7FA0-4387-8D8D-DAD0C16A2C86}.Debug|Any CPU.ActiveCfg = Debug|iPhone
		{0BB6E05A-7FA0-4387-8D8D-DAD0C16A2C86}.Debug|ARM.ActiveCfg = Debug|iPhone
		{0BB6E05A-7FA0-4387-8D8D-DAD0C16A2C86}.Debug|iPhone.ActiveCfg = Debug|iPhone
		{0BB6E05A-7FA0-4387-8D8D-DAD0C16A2C86}.Debug|iPhone.Build.0 = Debug|iPhone
		{0BB6E05A-7FA0-4387-8D8D-DAD0C16A2C86}.Debug|iPhoneSimulator.ActiveCfg = Debug|iPhoneSimulator
		{0BB6E05A-7FA0-4387-8D8D-DAD0C16A2C86}.Debug|iPhoneSimulator.Build.0 = Debug|iPhoneSimulator
		{0BB6E05A-7FA0-4387-8D8D-DAD0C16A2C86}.Debug|x64.ActiveCfg = Debug|iPhone
		{0BB6E05A-7FA0-4387-8D8D-DAD0C16A2C86}.Debug|x86.ActiveCfg = Debug|iPhone
		{0BB6E05A-7FA0-4387-8D8D-DAD0C16A2C86}.Release|Any CPU.ActiveCfg = Release|iPhone
		{0BB6E05A-7FA0-4387-8D8D-DAD0C16A2C86}.Release|ARM.ActiveCfg = Release|iPhone
		{0BB6E05A-7FA0-4387-8D8D-DAD0C16A2C86}.Release|iPhone.ActiveCfg = Release|iPhone
		{0BB6E05A-7FA0-4387-8D8D-DAD0C16A2C86}.Release|iPhone.Build.0 = Release|iPhone
		{0BB6E05A-7FA0-4387-8D8D-DAD0C16A2C86}.Release|iPhoneSimulator.ActiveCfg = Release|iPhoneSimulator
		{0BB6E05A-7FA0-4387-8D8D-DAD0C16A2C86}.Release|iPhoneSimulator.Build.0 = Release|iPhoneSimulator
		{0BB6E05A-7FA0-4387-8D8D-DAD0C16A2C86}.Release|x64.ActiveCfg = Release|iPhone
		{0BB6E05A-7FA0-4387-8D8D-DAD0C16A2C86}.Release|x86.ActiveCfg = Release|iPhone
		{36FFDCD3-7D3B-4CF7-A4EC-8C6C92D48782}.Ad-Hoc|Any CPU.ActiveCfg = Release|Any CPU
		{36FFDCD3-7D3B-4CF7-A4EC-8C6C92D48782}.Ad-Hoc|Any CPU.Build.0 = Release|Any CPU
		{36FFDCD3-7D3B-4CF7-A4EC-8C6C92D48782}.Ad-Hoc|Any CPU.Deploy.0 = Release|Any CPU
		{36FFDCD3-7D3B-4CF7-A4EC-8C6C92D48782}.Ad-Hoc|ARM.ActiveCfg = Release|Any CPU
		{36FFDCD3-7D3B-4CF7-A4EC-8C6C92D48782}.Ad-Hoc|ARM.Build.0 = Release|Any CPU
		{36FFDCD3-7D3B-4CF7-A4EC-8C6C92D48782}.Ad-Hoc|ARM.Deploy.0 = Release|Any CPU
		{36FFDCD3-7D3B-4CF7-A4EC-8C6C92D48782}.Ad-Hoc|iPhone.ActiveCfg = Release|Any CPU
		{36FFDCD3-7D3B-4CF7-A4EC-8C6C92D48782}.Ad-Hoc|iPhone.Build.0 = Release|Any CPU
		{36FFDCD3-7D3B-4CF7-A4EC-8C6C92D48782}.Ad-Hoc|iPhone.Deploy.0 = Release|Any CPU
		{36FFDCD3-7D3B-4CF7-A4EC-8C6C92D48782}.Ad-Hoc|iPhoneSimulator.ActiveCfg = Release|Any CPU
		{36FFDCD3-7D3B-4CF7-A4EC-8C6C92D48782}.Ad-Hoc|iPhoneSimulator.Build.0 = Release|Any CPU
		{36FFDCD3-7D3B-4CF7-A4EC-8C6C92D48782}.Ad-Hoc|iPhoneSimulator.Deploy.0 = Release|Any CPU
		{36FFDCD3-7D3B-4CF7-A4EC-8C6C92D48782}.Ad-Hoc|x64.ActiveCfg = Release|Any CPU
		{36FFDCD3-7D3B-4CF7-A4EC-8C6C92D48782}.Ad-Hoc|x64.Build.0 = Release|Any CPU
		{36FFDCD3-7D3B-4CF7-A4EC-8C6C92D48782}.Ad-Hoc|x64.Deploy.0 = Release|Any CPU
		{36FFDCD3-7D3B-4CF7-A4EC-8C6C92D48782}.Ad-Hoc|x86.ActiveCfg = Release|Any CPU
		{36FFDCD3-7D3B-4CF7-A4EC-8C6C92D48782}.Ad-Hoc|x86.Build.0 = Release|Any CPU
		{36FFDCD3-7D3B-4CF7-A4EC-8C6C92D48782}.Ad-Hoc|x86.Deploy.0 = Release|Any CPU
		{36FFDCD3-7D3B-4CF7-A4EC-8C6C92D48782}.AppStore|Any CPU.ActiveCfg = Release|Any CPU
		{36FFDCD3-7D3B-4CF7-A4EC-8C6C92D48782}.AppStore|Any CPU.Build.0 = Release|Any CPU
		{36FFDCD3-7D3B-4CF7-A4EC-8C6C92D48782}.AppStore|Any CPU.Deploy.0 = Release|Any CPU
		{36FFDCD3-7D3B-4CF7-A4EC-8C6C92D48782}.AppStore|ARM.ActiveCfg = Release|Any CPU
		{36FFDCD3-7D3B-4CF7-A4EC-8C6C92D48782}.AppStore|ARM.Build.0 = Release|Any CPU
		{36FFDCD3-7D3B-4CF7-A4EC-8C6C92D48782}.AppStore|ARM.Deploy.0 = Release|Any CPU
		{36FFDCD3-7D3B-4CF7-A4EC-8C6C92D48782}.AppStore|iPhone.ActiveCfg = Release|Any CPU
		{36FFDCD3-7D3B-4CF7-A4EC-8C6C92D48782}.AppStore|iPhone.Build.0 = Release|Any CPU
		{36FFDCD3-7D3B-4CF7-A4EC-8C6C92D48782}.AppStore|iPhone.Deploy.0 = Release|Any CPU
		{36FFDCD3-7D3B-4CF7-A4EC-8C6C92D48782}.AppStore|iPhoneSimulator.ActiveCfg = Release|Any CPU
		{36FFDCD3-7D3B-4CF7-A4EC-8C6C92D48782}.AppStore|iPhoneSimulator.Build.0 = Release|Any CPU
		{36FFDCD3-7D3B-4CF7-A4EC-8C6C92D48782}.AppStore|iPhoneSimulator.Deploy.0 = Release|Any CPU
		{36FFDCD3-7D3B-4CF7-A4EC-8C6C92D48782}.AppStore|x64.ActiveCfg = Release|Any CPU
		{36FFDCD3-7D3B-4CF7-A4EC-8C6C92D48782}.AppStore|x64.Build.0 = Release|Any CPU
		{36FFDCD3-7D3B-4CF7-A4EC-8C6C92D48782}.AppStore|x64.Deploy.0 = Release|Any CPU
		{36FFDCD3-7D3B-4CF7-A4EC-8C6C92D48782}.AppStore|x86.ActiveCfg = Release|Any CPU
		{36FFDCD3-7D3B-4CF7-A4EC-8C6C92D48782}.AppStore|x86.Build.0 = Release|Any CPU
		{36FFDCD3-7D3B-4CF7-A4EC-8C6C92D48782}.AppStore|x86.Deploy.0 = Release|Any CPU
		{36FFDCD3-7D3B-4CF7-A4EC-8C6C92D48782}.Debug|Any CPU.ActiveCfg = Debug|Any CPU
		{36FFDCD3-7D3B-4CF7-A4EC-8C6C92D48782}.Debug|Any CPU.Build.0 = Debug|Any CPU
		{36FFDCD3-7D3B-4CF7-A4EC-8C6C92D48782}.Debug|Any CPU.Deploy.0 = Debug|Any CPU
		{36FFDCD3-7D3B-4CF7-A4EC-8C6C92D48782}.Debug|ARM.ActiveCfg = Debug|Any CPU
		{36FFDCD3-7D3B-4CF7-A4EC-8C6C92D48782}.Debug|ARM.Build.0 = Debug|Any CPU
		{36FFDCD3-7D3B-4CF7-A4EC-8C6C92D48782}.Debug|ARM.Deploy.0 = Debug|Any CPU
		{36FFDCD3-7D3B-4CF7-A4EC-8C6C92D48782}.Debug|iPhone.ActiveCfg = Debug|Any CPU
		{36FFDCD3-7D3B-4CF7-A4EC-8C6C92D48782}.Debug|iPhone.Build.0 = Debug|Any CPU
		{36FFDCD3-7D3B-4CF7-A4EC-8C6C92D48782}.Debug|iPhone.Deploy.0 = Debug|Any CPU
		{36FFDCD3-7D3B-4CF7-A4EC-8C6C92D48782}.Debug|iPhoneSimulator.ActiveCfg = Debug|Any CPU
		{36FFDCD3-7D3B-4CF7-A4EC-8C6C92D48782}.Debug|iPhoneSimulator.Build.0 = Debug|Any CPU
		{36FFDCD3-7D3B-4CF7-A4EC-8C6C92D48782}.Debug|iPhoneSimulator.Deploy.0 = Debug|Any CPU
		{36FFDCD3-7D3B-4CF7-A4EC-8C6C92D48782}.Debug|x64.ActiveCfg = Debug|Any CPU
		{36FFDCD3-7D3B-4CF7-A4EC-8C6C92D48782}.Debug|x64.Build.0 = Debug|Any CPU
		{36FFDCD3-7D3B-4CF7-A4EC-8C6C92D48782}.Debug|x64.Deploy.0 = Debug|Any CPU
		{36FFDCD3-7D3B-4CF7-A4EC-8C6C92D48782}.Debug|x86.ActiveCfg = Debug|Any CPU
		{36FFDCD3-7D3B-4CF7-A4EC-8C6C92D48782}.Debug|x86.Build.0 = Debug|Any CPU
		{36FFDCD3-7D3B-4CF7-A4EC-8C6C92D48782}.Debug|x86.Deploy.0 = Debug|Any CPU
		{36FFDCD3-7D3B-4CF7-A4EC-8C6C92D48782}.Release|Any CPU.ActiveCfg = Release|Any CPU
		{36FFDCD3-7D3B-4CF7-A4EC-8C6C92D48782}.Release|Any CPU.Build.0 = Release|Any CPU
		{36FFDCD3-7D3B-4CF7-A4EC-8C6C92D48782}.Release|Any CPU.Deploy.0 = Release|Any CPU
		{36FFDCD3-7D3B-4CF7-A4EC-8C6C92D48782}.Release|ARM.ActiveCfg = Release|Any CPU
		{36FFDCD3-7D3B-4CF7-A4EC-8C6C92D48782}.Release|ARM.Build.0 = Release|Any CPU
		{36FFDCD3-7D3B-4CF7-A4EC-8C6C92D48782}.Release|ARM.Deploy.0 = Release|Any CPU
		{36FFDCD3-7D3B-4CF7-A4EC-8C6C92D48782}.Release|iPhone.ActiveCfg = Release|Any CPU
		{36FFDCD3-7D3B-4CF7-A4EC-8C6C92D48782}.Release|iPhone.Build.0 = Release|Any CPU
		{36FFDCD3-7D3B-4CF7-A4EC-8C6C92D48782}.Release|iPhone.Deploy.0 = Release|Any CPU
		{36FFDCD3-7D3B-4CF7-A4EC-8C6C92D48782}.Release|iPhoneSimulator.ActiveCfg = Release|Any CPU
		{36FFDCD3-7D3B-4CF7-A4EC-8C6C92D48782}.Release|iPhoneSimulator.Build.0 = Release|Any CPU
		{36FFDCD3-7D3B-4CF7-A4EC-8C6C92D48782}.Release|iPhoneSimulator.Deploy.0 = Release|Any CPU
		{36FFDCD3-7D3B-4CF7-A4EC-8C6C92D48782}.Release|x64.ActiveCfg = Release|Any CPU
		{36FFDCD3-7D3B-4CF7-A4EC-8C6C92D48782}.Release|x64.Build.0 = Release|Any CPU
		{36FFDCD3-7D3B-4CF7-A4EC-8C6C92D48782}.Release|x64.Deploy.0 = Release|Any CPU
		{36FFDCD3-7D3B-4CF7-A4EC-8C6C92D48782}.Release|x86.ActiveCfg = Release|Any CPU
		{36FFDCD3-7D3B-4CF7-A4EC-8C6C92D48782}.Release|x86.Build.0 = Release|Any CPU
		{36FFDCD3-7D3B-4CF7-A4EC-8C6C92D48782}.Release|x86.Deploy.0 = Release|Any CPU
		{CEF4BE82-4C28-41BE-9F08-1ADE6ED2374C}.Ad-Hoc|Any CPU.ActiveCfg = Release|x86
		{CEF4BE82-4C28-41BE-9F08-1ADE6ED2374C}.Ad-Hoc|Any CPU.Build.0 = Release|x86
		{CEF4BE82-4C28-41BE-9F08-1ADE6ED2374C}.Ad-Hoc|Any CPU.Deploy.0 = Release|x86
		{CEF4BE82-4C28-41BE-9F08-1ADE6ED2374C}.Ad-Hoc|ARM.ActiveCfg = Release|ARM
		{CEF4BE82-4C28-41BE-9F08-1ADE6ED2374C}.Ad-Hoc|ARM.Build.0 = Release|ARM
		{CEF4BE82-4C28-41BE-9F08-1ADE6ED2374C}.Ad-Hoc|ARM.Deploy.0 = Release|ARM
		{CEF4BE82-4C28-41BE-9F08-1ADE6ED2374C}.Ad-Hoc|iPhone.ActiveCfg = Release|x86
		{CEF4BE82-4C28-41BE-9F08-1ADE6ED2374C}.Ad-Hoc|iPhone.Build.0 = Release|x86
		{CEF4BE82-4C28-41BE-9F08-1ADE6ED2374C}.Ad-Hoc|iPhone.Deploy.0 = Release|x86
		{CEF4BE82-4C28-41BE-9F08-1ADE6ED2374C}.Ad-Hoc|iPhoneSimulator.ActiveCfg = Release|x86
		{CEF4BE82-4C28-41BE-9F08-1ADE6ED2374C}.Ad-Hoc|iPhoneSimulator.Build.0 = Release|x86
		{CEF4BE82-4C28-41BE-9F08-1ADE6ED2374C}.Ad-Hoc|iPhoneSimulator.Deploy.0 = Release|x86
		{CEF4BE82-4C28-41BE-9F08-1ADE6ED2374C}.Ad-Hoc|x64.ActiveCfg = Release|x64
		{CEF4BE82-4C28-41BE-9F08-1ADE6ED2374C}.Ad-Hoc|x64.Build.0 = Release|x64
		{CEF4BE82-4C28-41BE-9F08-1ADE6ED2374C}.Ad-Hoc|x64.Deploy.0 = Release|x64
		{CEF4BE82-4C28-41BE-9F08-1ADE6ED2374C}.Ad-Hoc|x86.ActiveCfg = Release|x86
		{CEF4BE82-4C28-41BE-9F08-1ADE6ED2374C}.Ad-Hoc|x86.Build.0 = Release|x86
		{CEF4BE82-4C28-41BE-9F08-1ADE6ED2374C}.Ad-Hoc|x86.Deploy.0 = Release|x86
		{CEF4BE82-4C28-41BE-9F08-1ADE6ED2374C}.AppStore|Any CPU.ActiveCfg = Release|x86
		{CEF4BE82-4C28-41BE-9F08-1ADE6ED2374C}.AppStore|Any CPU.Build.0 = Release|x86
		{CEF4BE82-4C28-41BE-9F08-1ADE6ED2374C}.AppStore|Any CPU.Deploy.0 = Release|x86
		{CEF4BE82-4C28-41BE-9F08-1ADE6ED2374C}.AppStore|ARM.ActiveCfg = Release|ARM
		{CEF4BE82-4C28-41BE-9F08-1ADE6ED2374C}.AppStore|ARM.Build.0 = Release|ARM
		{CEF4BE82-4C28-41BE-9F08-1ADE6ED2374C}.AppStore|ARM.Deploy.0 = Release|ARM
		{CEF4BE82-4C28-41BE-9F08-1ADE6ED2374C}.AppStore|iPhone.ActiveCfg = Release|x86
		{CEF4BE82-4C28-41BE-9F08-1ADE6ED2374C}.AppStore|iPhone.Build.0 = Release|x86
		{CEF4BE82-4C28-41BE-9F08-1ADE6ED2374C}.AppStore|iPhone.Deploy.0 = Release|x86
		{CEF4BE82-4C28-41BE-9F08-1ADE6ED2374C}.AppStore|iPhoneSimulator.ActiveCfg = Release|x86
		{CEF4BE82-4C28-41BE-9F08-1ADE6ED2374C}.AppStore|iPhoneSimulator.Build.0 = Release|x86
		{CEF4BE82-4C28-41BE-9F08-1ADE6ED2374C}.AppStore|iPhoneSimulator.Deploy.0 = Release|x86
		{CEF4BE82-4C28-41BE-9F08-1ADE6ED2374C}.AppStore|x64.ActiveCfg = Release|x64
		{CEF4BE82-4C28-41BE-9F08-1ADE6ED2374C}.AppStore|x64.Build.0 = Release|x64
		{CEF4BE82-4C28-41BE-9F08-1ADE6ED2374C}.AppStore|x64.Deploy.0 = Release|x64
		{CEF4BE82-4C28-41BE-9F08-1ADE6ED2374C}.AppStore|x86.ActiveCfg = Release|x86
		{CEF4BE82-4C28-41BE-9F08-1ADE6ED2374C}.AppStore|x86.Build.0 = Release|x86
		{CEF4BE82-4C28-41BE-9F08-1ADE6ED2374C}.AppStore|x86.Deploy.0 = Release|x86
		{CEF4BE82-4C28-41BE-9F08-1ADE6ED2374C}.Debug|Any CPU.ActiveCfg = Debug|x86
		{CEF4BE82-4C28-41BE-9F08-1ADE6ED2374C}.Debug|ARM.ActiveCfg = Debug|ARM
		{CEF4BE82-4C28-41BE-9F08-1ADE6ED2374C}.Debug|ARM.Build.0 = Debug|ARM
		{CEF4BE82-4C28-41BE-9F08-1ADE6ED2374C}.Debug|ARM.Deploy.0 = Debug|ARM
		{CEF4BE82-4C28-41BE-9F08-1ADE6ED2374C}.Debug|iPhone.ActiveCfg = Debug|x86
		{CEF4BE82-4C28-41BE-9F08-1ADE6ED2374C}.Debug|iPhoneSimulator.ActiveCfg = Debug|x86
		{CEF4BE82-4C28-41BE-9F08-1ADE6ED2374C}.Debug|x64.ActiveCfg = Debug|x64
		{CEF4BE82-4C28-41BE-9F08-1ADE6ED2374C}.Debug|x64.Build.0 = Debug|x64
		{CEF4BE82-4C28-41BE-9F08-1ADE6ED2374C}.Debug|x64.Deploy.0 = Debug|x64
		{CEF4BE82-4C28-41BE-9F08-1ADE6ED2374C}.Debug|x86.ActiveCfg = Debug|x86
		{CEF4BE82-4C28-41BE-9F08-1ADE6ED2374C}.Debug|x86.Build.0 = Debug|x86
		{CEF4BE82-4C28-41BE-9F08-1ADE6ED2374C}.Debug|x86.Deploy.0 = Debug|x86
		{CEF4BE82-4C28-41BE-9F08-1ADE6ED2374C}.Release|Any CPU.ActiveCfg = Release|x86
		{CEF4BE82-4C28-41BE-9F08-1ADE6ED2374C}.Release|ARM.ActiveCfg = Release|ARM
		{CEF4BE82-4C28-41BE-9F08-1ADE6ED2374C}.Release|ARM.Build.0 = Release|ARM
		{CEF4BE82-4C28-41BE-9F08-1ADE6ED2374C}.Release|ARM.Deploy.0 = Release|ARM
		{CEF4BE82-4C28-41BE-9F08-1ADE6ED2374C}.Release|iPhone.ActiveCfg = Release|x86
		{CEF4BE82-4C28-41BE-9F08-1ADE6ED2374C}.Release|iPhoneSimulator.ActiveCfg = Release|x86
		{CEF4BE82-4C28-41BE-9F08-1ADE6ED2374C}.Release|x64.ActiveCfg = Release|x64
		{CEF4BE82-4C28-41BE-9F08-1ADE6ED2374C}.Release|x64.Build.0 = Release|x64
		{CEF4BE82-4C28-41BE-9F08-1ADE6ED2374C}.Release|x64.Deploy.0 = Release|x64
		{CEF4BE82-4C28-41BE-9F08-1ADE6ED2374C}.Release|x86.ActiveCfg = Release|x86
		{CEF4BE82-4C28-41BE-9F08-1ADE6ED2374C}.Release|x86.Build.0 = Release|x86
		{CEF4BE82-4C28-41BE-9F08-1ADE6ED2374C}.Release|x86.Deploy.0 = Release|x86
	EndGlobalSection
	GlobalSection(SolutionProperties) = preSolution
		HideSolutionNode = FALSE
	EndGlobalSection
	GlobalSection(ExtensibilityGlobals) = postSolution
		SolutionGuid = {F6D05029-56B8-4E45-AF2D-0E76295DDBA2}
	EndGlobalSection
EndGlobal
