
Microsoft Visual Studio Solution File, Format Version 12.00
# Visual Studio 15
VisualStudioVersion = 15.0.26430.13
MinimumVisualStudioVersion = 10.0.40219.1
Project("{2150E333-8FDC-42A3-9474-1A3956D46DE8}") = "AppFramework", "AppFramework", "{CB5D60BA-865B-480F-A205-7410FF7925D9}"
EndProject
Project("{2150E333-8FDC-42A3-9474-1A3956D46DE8}") = "NuGetReferenced", "NuGetReferenced", "{05D999C1-BCBF-4CE3-B327-A9B9502180B9}"
EndProject
Project("{2150E333-8FDC-42A3-9474-1A3956D46DE8}") = "DirectReferenced", "DirectReferenced", "{777AA50C-1715-4F19-98EA-7F3594D58B48}"
EndProject
Project("{FAE04EC0-301F-11D3-BF4B-00C04F79EFBC}") = "Contoso.Core", "DirectReferenced\UWP\Contoso.Core\Contoso.Core.csproj", "{9A7EBE07-4655-4EEC-B627-F8ADE0EE9953}"
EndProject
Project("{FAE04EC0-301F-11D3-BF4B-00C04F79EFBC}") = "Contoso.BackgroundTasks", "DirectReferenced\UWP\Contoso.BackgroundTasks\Contoso.BackgroundTasks.csproj", "{CB283AE3-3653-41EC-8E20-69722D2D33FA}"
EndProject
Project("{FAE04EC0-301F-11D3-BF4B-00C04F79EFBC}") = "Contoso.UI", "DirectReferenced\UWP\Contoso.UI\Contoso.UI.csproj", "{7A916870-D10A-42EB-B8B8-BD3B1E53E0C5}"
EndProject
Project("{FAE04EC0-301F-11D3-BF4B-00C04F79EFBC}") = "Contoso.Core.Uwp", "NuGetReferened\UWP\Contoso.Core\Contoso.Core.Uwp.csproj", "{15297ADB-484A-42A5-B537-B220F9CFB6E0}"
EndProject
Project("{FAE04EC0-301F-11D3-BF4B-00C04F79EFBC}") = "Contoso.BackgroundTasks.Uwp", "NuGetReferened\UWP\Contoso.BackgroundTasks\Contoso.BackgroundTasks.Uwp.csproj", "{D4785F25-1C67-4914-B049-6AA70D447212}"
EndProject
Project("{FAE04EC0-301F-11D3-BF4B-00C04F79EFBC}") = "Contoso.UI.Uwp", "NuGetReferened\UWP\Contoso.UI\Contoso.UI.Uwp.csproj", "{545A7CD0-EBF7-4829-BBAA-5318A6B381AF}"
EndProject
Project("{2150E333-8FDC-42A3-9474-1A3956D46DE8}") = "Build", "Build", "{A48D194A-6B9B-4D7A-85D0-4F56A1D7B175}"
	ProjectSection(SolutionItems) = preProject
		AppFramework\Build\AppFramework.nuspec = AppFramework\Build\AppFramework.nuspec
		AppFramework\Build\AppFramework.targets = AppFramework\Build\AppFramework.targets
		AppFramework\Build\Build-NuGet-Package.cmd = AppFramework\Build\Build-NuGet-Package.cmd
		AppFramework\Build\Build.cmd = AppFramework\Build\Build.cmd
		AppFramework\Build\Download-NuGet.cmd = AppFramework\Build\Download-NuGet.cmd
		AppFramework\Build\nuget.exe = AppFramework\Build\nuget.exe
		AppFramework\Build\VERSION.txt = AppFramework\Build\VERSION.txt
	EndProjectSection
EndProject
Project("{FAE04EC0-301F-11D3-BF4B-00C04F79EFBC}") = "AppFramework.Uwp", "AppFramework\AppFramework.Uwp\AppFramework.Uwp.csproj", "{65F2272C-D17A-45BE-982A-C6637407657A}"
EndProject
Project("{9A19103F-16F7-4668-BE54-9A1E7A4F7556}") = "AppFramework.NetStandard", "AppFramework\AppFramework.NetStandard\AppFramework.NetStandard.csproj", "{BABC3AD0-0404-47FE-8F7C-4ACE7272B8AD}"
EndProject
Project("{FAE04EC0-301F-11D3-BF4B-00C04F79EFBC}") = "AppFramework.PCL", "AppFramework\AppFramework.PCL\AppFramework.PCL.csproj", "{7E4D5095-590D-48A9-95D8-81C5982547D0}"
EndProject
Project("{2150E333-8FDC-42A3-9474-1A3956D46DE8}") = "Clients", "Clients", "{568029F6-D5F3-4AD5-BB6B-B45F83D95D3F}"
EndProject
Project("{2150E333-8FDC-42A3-9474-1A3956D46DE8}") = "UWP", "UWP", "{4A9CB446-D8E5-4099-A7AC-A361CEEAE4C0}"
EndProject
Project("{2150E333-8FDC-42A3-9474-1A3956D46DE8}") = "UWP", "UWP", "{B404748F-75A0-42B2-AF09-7A8D197BC529}"
EndProject
Global
	GlobalSection(SolutionConfigurationPlatforms) = preSolution
		Debug|Any CPU = Debug|Any CPU
		Debug|ARM = Debug|ARM
		Debug|x64 = Debug|x64
		Debug|x86 = Debug|x86
		Release|Any CPU = Release|Any CPU
		Release|ARM = Release|ARM
		Release|x64 = Release|x64
		Release|x86 = Release|x86
	EndGlobalSection
	GlobalSection(ProjectConfigurationPlatforms) = postSolution
		{9A7EBE07-4655-4EEC-B627-F8ADE0EE9953}.Debug|Any CPU.ActiveCfg = Debug|Any CPU
		{9A7EBE07-4655-4EEC-B627-F8ADE0EE9953}.Debug|Any CPU.Build.0 = Debug|Any CPU
		{9A7EBE07-4655-4EEC-B627-F8ADE0EE9953}.Debug|ARM.ActiveCfg = Debug|ARM
		{9A7EBE07-4655-4EEC-B627-F8ADE0EE9953}.Debug|ARM.Build.0 = Debug|ARM
		{9A7EBE07-4655-4EEC-B627-F8ADE0EE9953}.Debug|x64.ActiveCfg = Debug|x64
		{9A7EBE07-4655-4EEC-B627-F8ADE0EE9953}.Debug|x64.Build.0 = Debug|x64
		{9A7EBE07-4655-4EEC-B627-F8ADE0EE9953}.Debug|x86.ActiveCfg = Debug|x86
		{9A7EBE07-4655-4EEC-B627-F8ADE0EE9953}.Debug|x86.Build.0 = Debug|x86
		{9A7EBE07-4655-4EEC-B627-F8ADE0EE9953}.Release|Any CPU.ActiveCfg = Release|Any CPU
		{9A7EBE07-4655-4EEC-B627-F8ADE0EE9953}.Release|Any CPU.Build.0 = Release|Any CPU
		{9A7EBE07-4655-4EEC-B627-F8ADE0EE9953}.Release|ARM.ActiveCfg = Release|ARM
		{9A7EBE07-4655-4EEC-B627-F8ADE0EE9953}.Release|ARM.Build.0 = Release|ARM
		{9A7EBE07-4655-4EEC-B627-F8ADE0EE9953}.Release|x64.ActiveCfg = Release|x64
		{9A7EBE07-4655-4EEC-B627-F8ADE0EE9953}.Release|x64.Build.0 = Release|x64
		{9A7EBE07-4655-4EEC-B627-F8ADE0EE9953}.Release|x86.ActiveCfg = Release|x86
		{9A7EBE07-4655-4EEC-B627-F8ADE0EE9953}.Release|x86.Build.0 = Release|x86
		{CB283AE3-3653-41EC-8E20-69722D2D33FA}.Debug|Any CPU.ActiveCfg = Debug|Any CPU
		{CB283AE3-3653-41EC-8E20-69722D2D33FA}.Debug|Any CPU.Build.0 = Debug|Any CPU
		{CB283AE3-3653-41EC-8E20-69722D2D33FA}.Debug|ARM.ActiveCfg = Debug|ARM
		{CB283AE3-3653-41EC-8E20-69722D2D33FA}.Debug|ARM.Build.0 = Debug|ARM
		{CB283AE3-3653-41EC-8E20-69722D2D33FA}.Debug|x64.ActiveCfg = Debug|x64
		{CB283AE3-3653-41EC-8E20-69722D2D33FA}.Debug|x64.Build.0 = Debug|x64
		{CB283AE3-3653-41EC-8E20-69722D2D33FA}.Debug|x86.ActiveCfg = Debug|x86
		{CB283AE3-3653-41EC-8E20-69722D2D33FA}.Debug|x86.Build.0 = Debug|x86
		{CB283AE3-3653-41EC-8E20-69722D2D33FA}.Release|Any CPU.ActiveCfg = Release|Any CPU
		{CB283AE3-3653-41EC-8E20-69722D2D33FA}.Release|Any CPU.Build.0 = Release|Any CPU
		{CB283AE3-3653-41EC-8E20-69722D2D33FA}.Release|ARM.ActiveCfg = Release|ARM
		{CB283AE3-3653-41EC-8E20-69722D2D33FA}.Release|ARM.Build.0 = Release|ARM
		{CB283AE3-3653-41EC-8E20-69722D2D33FA}.Release|x64.ActiveCfg = Release|x64
		{CB283AE3-3653-41EC-8E20-69722D2D33FA}.Release|x64.Build.0 = Release|x64
		{CB283AE3-3653-41EC-8E20-69722D2D33FA}.Release|x86.ActiveCfg = Release|x86
		{CB283AE3-3653-41EC-8E20-69722D2D33FA}.Release|x86.Build.0 = Release|x86
		{7A916870-D10A-42EB-B8B8-BD3B1E53E0C5}.Debug|Any CPU.ActiveCfg = Debug|x86
		{7A916870-D10A-42EB-B8B8-BD3B1E53E0C5}.Debug|ARM.ActiveCfg = Debug|ARM
		{7A916870-D10A-42EB-B8B8-BD3B1E53E0C5}.Debug|ARM.Build.0 = Debug|ARM
		{7A916870-D10A-42EB-B8B8-BD3B1E53E0C5}.Debug|ARM.Deploy.0 = Debug|ARM
		{7A916870-D10A-42EB-B8B8-BD3B1E53E0C5}.Debug|x64.ActiveCfg = Debug|x64
		{7A916870-D10A-42EB-B8B8-BD3B1E53E0C5}.Debug|x64.Build.0 = Debug|x64
		{7A916870-D10A-42EB-B8B8-BD3B1E53E0C5}.Debug|x64.Deploy.0 = Debug|x64
		{7A916870-D10A-42EB-B8B8-BD3B1E53E0C5}.Debug|x86.ActiveCfg = Debug|x86
		{7A916870-D10A-42EB-B8B8-BD3B1E53E0C5}.Debug|x86.Build.0 = Debug|x86
		{7A916870-D10A-42EB-B8B8-BD3B1E53E0C5}.Debug|x86.Deploy.0 = Debug|x86
		{7A916870-D10A-42EB-B8B8-BD3B1E53E0C5}.Release|Any CPU.ActiveCfg = Release|x86
		{7A916870-D10A-42EB-B8B8-BD3B1E53E0C5}.Release|ARM.ActiveCfg = Release|ARM
		{7A916870-D10A-42EB-B8B8-BD3B1E53E0C5}.Release|ARM.Build.0 = Release|ARM
		{7A916870-D10A-42EB-B8B8-BD3B1E53E0C5}.Release|ARM.Deploy.0 = Release|ARM
		{7A916870-D10A-42EB-B8B8-BD3B1E53E0C5}.Release|x64.ActiveCfg = Release|x64
		{7A916870-D10A-42EB-B8B8-BD3B1E53E0C5}.Release|x64.Build.0 = Release|x64
		{7A916870-D10A-42EB-B8B8-BD3B1E53E0C5}.Release|x64.Deploy.0 = Release|x64
		{7A916870-D10A-42EB-B8B8-BD3B1E53E0C5}.Release|x86.ActiveCfg = Release|x86
		{7A916870-D10A-42EB-B8B8-BD3B1E53E0C5}.Release|x86.Build.0 = Release|x86
		{7A916870-D10A-42EB-B8B8-BD3B1E53E0C5}.Release|x86.Deploy.0 = Release|x86
		{15297ADB-484A-42A5-B537-B220F9CFB6E0}.Debug|Any CPU.ActiveCfg = Debug|Any CPU
		{15297ADB-484A-42A5-B537-B220F9CFB6E0}.Debug|Any CPU.Build.0 = Debug|Any CPU
		{15297ADB-484A-42A5-B537-B220F9CFB6E0}.Debug|ARM.ActiveCfg = Debug|ARM
		{15297ADB-484A-42A5-B537-B220F9CFB6E0}.Debug|ARM.Build.0 = Debug|ARM
		{15297ADB-484A-42A5-B537-B220F9CFB6E0}.Debug|x64.ActiveCfg = Debug|x64
		{15297ADB-484A-42A5-B537-B220F9CFB6E0}.Debug|x64.Build.0 = Debug|x64
		{15297ADB-484A-42A5-B537-B220F9CFB6E0}.Debug|x86.ActiveCfg = Debug|x86
		{15297ADB-484A-42A5-B537-B220F9CFB6E0}.Debug|x86.Build.0 = Debug|x86
		{15297ADB-484A-42A5-B537-B220F9CFB6E0}.Release|Any CPU.ActiveCfg = Release|Any CPU
		{15297ADB-484A-42A5-B537-B220F9CFB6E0}.Release|Any CPU.Build.0 = Release|Any CPU
		{15297ADB-484A-42A5-B537-B220F9CFB6E0}.Release|ARM.ActiveCfg = Release|ARM
		{15297ADB-484A-42A5-B537-B220F9CFB6E0}.Release|ARM.Build.0 = Release|ARM
		{15297ADB-484A-42A5-B537-B220F9CFB6E0}.Release|x64.ActiveCfg = Release|x64
		{15297ADB-484A-42A5-B537-B220F9CFB6E0}.Release|x64.Build.0 = Release|x64
		{15297ADB-484A-42A5-B537-B220F9CFB6E0}.Release|x86.ActiveCfg = Release|x86
		{15297ADB-484A-42A5-B537-B220F9CFB6E0}.Release|x86.Build.0 = Release|x86
		{D4785F25-1C67-4914-B049-6AA70D447212}.Debug|Any CPU.ActiveCfg = Debug|Any CPU
		{D4785F25-1C67-4914-B049-6AA70D447212}.Debug|Any CPU.Build.0 = Debug|Any CPU
		{D4785F25-1C67-4914-B049-6AA70D447212}.Debug|ARM.ActiveCfg = Debug|ARM
		{D4785F25-1C67-4914-B049-6AA70D447212}.Debug|ARM.Build.0 = Debug|ARM
		{D4785F25-1C67-4914-B049-6AA70D447212}.Debug|x64.ActiveCfg = Debug|x64
		{D4785F25-1C67-4914-B049-6AA70D447212}.Debug|x64.Build.0 = Debug|x64
		{D4785F25-1C67-4914-B049-6AA70D447212}.Debug|x86.ActiveCfg = Debug|x86
		{D4785F25-1C67-4914-B049-6AA70D447212}.Debug|x86.Build.0 = Debug|x86
		{D4785F25-1C67-4914-B049-6AA70D447212}.Release|Any CPU.ActiveCfg = Release|Any CPU
		{D4785F25-1C67-4914-B049-6AA70D447212}.Release|Any CPU.Build.0 = Release|Any CPU
		{D4785F25-1C67-4914-B049-6AA70D447212}.Release|ARM.ActiveCfg = Release|ARM
		{D4785F25-1C67-4914-B049-6AA70D447212}.Release|ARM.Build.0 = Release|ARM
		{D4785F25-1C67-4914-B049-6AA70D447212}.Release|x64.ActiveCfg = Release|x64
		{D4785F25-1C67-4914-B049-6AA70D447212}.Release|x64.Build.0 = Release|x64
		{D4785F25-1C67-4914-B049-6AA70D447212}.Release|x86.ActiveCfg = Release|x86
		{D4785F25-1C67-4914-B049-6AA70D447212}.Release|x86.Build.0 = Release|x86
		{545A7CD0-EBF7-4829-BBAA-5318A6B381AF}.Debug|Any CPU.ActiveCfg = Debug|x86
		{545A7CD0-EBF7-4829-BBAA-5318A6B381AF}.Debug|ARM.ActiveCfg = Debug|ARM
		{545A7CD0-EBF7-4829-BBAA-5318A6B381AF}.Debug|ARM.Build.0 = Debug|ARM
		{545A7CD0-EBF7-4829-BBAA-5318A6B381AF}.Debug|ARM.Deploy.0 = Debug|ARM
		{545A7CD0-EBF7-4829-BBAA-5318A6B381AF}.Debug|x64.ActiveCfg = Debug|x64
		{545A7CD0-EBF7-4829-BBAA-5318A6B381AF}.Debug|x64.Build.0 = Debug|x64
		{545A7CD0-EBF7-4829-BBAA-5318A6B381AF}.Debug|x64.Deploy.0 = Debug|x64
		{545A7CD0-EBF7-4829-BBAA-5318A6B381AF}.Debug|x86.ActiveCfg = Debug|x86
		{545A7CD0-EBF7-4829-BBAA-5318A6B381AF}.Debug|x86.Build.0 = Debug|x86
		{545A7CD0-EBF7-4829-BBAA-5318A6B381AF}.Debug|x86.Deploy.0 = Debug|x86
		{545A7CD0-EBF7-4829-BBAA-5318A6B381AF}.Release|Any CPU.ActiveCfg = Release|x86
		{545A7CD0-EBF7-4829-BBAA-5318A6B381AF}.Release|ARM.ActiveCfg = Release|ARM
		{545A7CD0-EBF7-4829-BBAA-5318A6B381AF}.Release|ARM.Build.0 = Release|ARM
		{545A7CD0-EBF7-4829-BBAA-5318A6B381AF}.Release|ARM.Deploy.0 = Release|ARM
		{545A7CD0-EBF7-4829-BBAA-5318A6B381AF}.Release|x64.ActiveCfg = Release|x64
		{545A7CD0-EBF7-4829-BBAA-5318A6B381AF}.Release|x64.Build.0 = Release|x64
		{545A7CD0-EBF7-4829-BBAA-5318A6B381AF}.Release|x64.Deploy.0 = Release|x64
		{545A7CD0-EBF7-4829-BBAA-5318A6B381AF}.Release|x86.ActiveCfg = Release|x86
		{545A7CD0-EBF7-4829-BBAA-5318A6B381AF}.Release|x86.Build.0 = Release|x86
		{545A7CD0-EBF7-4829-BBAA-5318A6B381AF}.Release|x86.Deploy.0 = Release|x86
		{65F2272C-D17A-45BE-982A-C6637407657A}.Debug|Any CPU.ActiveCfg = Debug|Any CPU
		{65F2272C-D17A-45BE-982A-C6637407657A}.Debug|Any CPU.Build.0 = Debug|Any CPU
		{65F2272C-D17A-45BE-982A-C6637407657A}.Debug|ARM.ActiveCfg = Debug|ARM
		{65F2272C-D17A-45BE-982A-C6637407657A}.Debug|ARM.Build.0 = Debug|ARM
		{65F2272C-D17A-45BE-982A-C6637407657A}.Debug|x64.ActiveCfg = Debug|x64
		{65F2272C-D17A-45BE-982A-C6637407657A}.Debug|x64.Build.0 = Debug|x64
		{65F2272C-D17A-45BE-982A-C6637407657A}.Debug|x86.ActiveCfg = Debug|x86
		{65F2272C-D17A-45BE-982A-C6637407657A}.Debug|x86.Build.0 = Debug|x86
		{65F2272C-D17A-45BE-982A-C6637407657A}.Release|Any CPU.ActiveCfg = Release|Any CPU
		{65F2272C-D17A-45BE-982A-C6637407657A}.Release|Any CPU.Build.0 = Release|Any CPU
		{65F2272C-D17A-45BE-982A-C6637407657A}.Release|ARM.ActiveCfg = Release|ARM
		{65F2272C-D17A-45BE-982A-C6637407657A}.Release|ARM.Build.0 = Release|ARM
		{65F2272C-D17A-45BE-982A-C6637407657A}.Release|x64.ActiveCfg = Release|x64
		{65F2272C-D17A-45BE-982A-C6637407657A}.Release|x64.Build.0 = Release|x64
		{65F2272C-D17A-45BE-982A-C6637407657A}.Release|x86.ActiveCfg = Release|x86
		{65F2272C-D17A-45BE-982A-C6637407657A}.Release|x86.Build.0 = Release|x86
		{BABC3AD0-0404-47FE-8F7C-4ACE7272B8AD}.Debug|Any CPU.ActiveCfg = Debug|Any CPU
		{BABC3AD0-0404-47FE-8F7C-4ACE7272B8AD}.Debug|Any CPU.Build.0 = Debug|Any CPU
		{BABC3AD0-0404-47FE-8F7C-4ACE7272B8AD}.Debug|ARM.ActiveCfg = Debug|Any CPU
		{BABC3AD0-0404-47FE-8F7C-4ACE7272B8AD}.Debug|ARM.Build.0 = Debug|Any CPU
		{BABC3AD0-0404-47FE-8F7C-4ACE7272B8AD}.Debug|x64.ActiveCfg = Debug|Any CPU
		{BABC3AD0-0404-47FE-8F7C-4ACE7272B8AD}.Debug|x64.Build.0 = Debug|Any CPU
		{BABC3AD0-0404-47FE-8F7C-4ACE7272B8AD}.Debug|x86.ActiveCfg = Debug|Any CPU
		{BABC3AD0-0404-47FE-8F7C-4ACE7272B8AD}.Debug|x86.Build.0 = Debug|Any CPU
		{BABC3AD0-0404-47FE-8F7C-4ACE7272B8AD}.Release|Any CPU.ActiveCfg = Release|Any CPU
		{BABC3AD0-0404-47FE-8F7C-4ACE7272B8AD}.Release|Any CPU.Build.0 = Release|Any CPU
		{BABC3AD0-0404-47FE-8F7C-4ACE7272B8AD}.Release|ARM.ActiveCfg = Release|Any CPU
		{BABC3AD0-0404-47FE-8F7C-4ACE7272B8AD}.Release|ARM.Build.0 = Release|Any CPU
		{BABC3AD0-0404-47FE-8F7C-4ACE7272B8AD}.Release|x64.ActiveCfg = Release|Any CPU
		{BABC3AD0-0404-47FE-8F7C-4ACE7272B8AD}.Release|x64.Build.0 = Release|Any CPU
		{BABC3AD0-0404-47FE-8F7C-4ACE7272B8AD}.Release|x86.ActiveCfg = Release|Any CPU
		{BABC3AD0-0404-47FE-8F7C-4ACE7272B8AD}.Release|x86.Build.0 = Release|Any CPU
		{7E4D5095-590D-48A9-95D8-81C5982547D0}.Debug|Any CPU.ActiveCfg = Debug|Any CPU
		{7E4D5095-590D-48A9-95D8-81C5982547D0}.Debug|Any CPU.Build.0 = Debug|Any CPU
		{7E4D5095-590D-48A9-95D8-81C5982547D0}.Debug|ARM.ActiveCfg = Debug|Any CPU
		{7E4D5095-590D-48A9-95D8-81C5982547D0}.Debug|ARM.Build.0 = Debug|Any CPU
		{7E4D5095-590D-48A9-95D8-81C5982547D0}.Debug|x64.ActiveCfg = Debug|Any CPU
		{7E4D5095-590D-48A9-95D8-81C5982547D0}.Debug|x64.Build.0 = Debug|Any CPU
		{7E4D5095-590D-48A9-95D8-81C5982547D0}.Debug|x86.ActiveCfg = Debug|Any CPU
		{7E4D5095-590D-48A9-95D8-81C5982547D0}.Debug|x86.Build.0 = Debug|Any CPU
		{7E4D5095-590D-48A9-95D8-81C5982547D0}.Release|Any CPU.ActiveCfg = Release|Any CPU
		{7E4D5095-590D-48A9-95D8-81C5982547D0}.Release|Any CPU.Build.0 = Release|Any CPU
		{7E4D5095-590D-48A9-95D8-81C5982547D0}.Release|ARM.ActiveCfg = Release|Any CPU
		{7E4D5095-590D-48A9-95D8-81C5982547D0}.Release|ARM.Build.0 = Release|Any CPU
		{7E4D5095-590D-48A9-95D8-81C5982547D0}.Release|x64.ActiveCfg = Release|Any CPU
		{7E4D5095-590D-48A9-95D8-81C5982547D0}.Release|x64.Build.0 = Release|Any CPU
		{7E4D5095-590D-48A9-95D8-81C5982547D0}.Release|x86.ActiveCfg = Release|Any CPU
		{7E4D5095-590D-48A9-95D8-81C5982547D0}.Release|x86.Build.0 = Release|Any CPU
	EndGlobalSection
	GlobalSection(SolutionProperties) = preSolution
		HideSolutionNode = FALSE
	EndGlobalSection
	GlobalSection(NestedProjects) = preSolution
		{9A7EBE07-4655-4EEC-B627-F8ADE0EE9953} = {4A9CB446-D8E5-4099-A7AC-A361CEEAE4C0}
		{CB283AE3-3653-41EC-8E20-69722D2D33FA} = {4A9CB446-D8E5-4099-A7AC-A361CEEAE4C0}
		{7A916870-D10A-42EB-B8B8-BD3B1E53E0C5} = {4A9CB446-D8E5-4099-A7AC-A361CEEAE4C0}
		{15297ADB-484A-42A5-B537-B220F9CFB6E0} = {B404748F-75A0-42B2-AF09-7A8D197BC529}
		{D4785F25-1C67-4914-B049-6AA70D447212} = {B404748F-75A0-42B2-AF09-7A8D197BC529}
		{545A7CD0-EBF7-4829-BBAA-5318A6B381AF} = {B404748F-75A0-42B2-AF09-7A8D197BC529}
		{A48D194A-6B9B-4D7A-85D0-4F56A1D7B175} = {CB5D60BA-865B-480F-A205-7410FF7925D9}
		{65F2272C-D17A-45BE-982A-C6637407657A} = {CB5D60BA-865B-480F-A205-7410FF7925D9}
		{BABC3AD0-0404-47FE-8F7C-4ACE7272B8AD} = {CB5D60BA-865B-480F-A205-7410FF7925D9}
		{7E4D5095-590D-48A9-95D8-81C5982547D0} = {CB5D60BA-865B-480F-A205-7410FF7925D9}
		{4A9CB446-D8E5-4099-A7AC-A361CEEAE4C0} = {777AA50C-1715-4F19-98EA-7F3594D58B48}
		{B404748F-75A0-42B2-AF09-7A8D197BC529} = {05D999C1-BCBF-4CE3-B327-A9B9502180B9}
	EndGlobalSection
	GlobalSection(ExtensibilityGlobals) = postSolution
		SolutionGuid = {63D89760-7C06-4CF6-8D29-5B6EE54125FA}
	EndGlobalSection
EndGlobal
