
Microsoft Visual Studio Solution File, Format Version 12.00
# Visual Studio Version 16
VisualStudioVersion = 16.0.31320.298
MinimumVisualStudioVersion = 10.0.40219.1
Project("{2150E333-8FDC-42A3-9474-1A3956D46DE8}") = "AppFramework", "AppFramework", "{CB5D60BA-865B-480F-A205-7410FF7925D9}"
EndProject
Project("{2150E333-8FDC-42A3-9474-1A3956D46DE8}") = "Build", "Build", "{A48D194A-6B9B-4D7A-85D0-4F56A1D7B175}"
	ProjectSection(SolutionItems) = preProject
		AppFramework\Build\AppFramework.nuspec = AppFramework\Build\AppFramework.nuspec
		AppFramework\Build\AppFramework.targets = AppFramework\Build\AppFramework.targets
		AppFramework\Build\Build-NuGet-Package.cmd = AppFramework\Build\Build-NuGet-Package.cmd
		AppFramework\Build\Build.cmd = AppFramework\Build\Build.cmd
		AppFramework\Build\Download-NuGet.cmd = AppFramework\Build\Download-NuGet.cmd
		AppFramework\Build\nuget.exe = AppFramework\Build\nuget.exe
		AppFramework\Build\VERSION.txt = AppFramework\Build\VERSION.txt
	EndProjectSection
EndProject
Project("{FAE04EC0-301F-11D3-BF4B-00C04F79EFBC}") = "AppFramework.Uwp", "AppFramework\AppFramework.Uwp\AppFramework.Uwp.csproj", "{65F2272C-D17A-45BE-982A-C6637407657A}"
EndProject
Project("{9A19103F-16F7-4668-BE54-9A1E7A4F7556}") = "AppFramework.NetStandard", "AppFramework\AppFramework.NetStandard\AppFramework.NetStandard.csproj", "{BABC3AD0-0404-47FE-8F7C-4ACE7272B8AD}"
EndProject
Project("{2150E333-8FDC-42A3-9474-1A3956D46DE8}") = "UWP", "UWP", "{C2D44F46-E1B9-44B9-9E4D-0DE50822E934}"
EndProject
Project("{FAE04EC0-301F-11D3-BF4B-00C04F79EFBC}") = "Contoso.Core.Uwp", "UWP\Contoso.Core\Contoso.Core.Uwp.csproj", "{15297ADB-484A-42A5-B537-B220F9CFB6E0}"
EndProject
Project("{FAE04EC0-301F-11D3-BF4B-00C04F79EFBC}") = "Contoso.BackgroundTasks.Uwp", "UWP\Contoso.BackgroundTasks\Contoso.BackgroundTasks.Uwp.csproj", "{D4785F25-1C67-4914-B049-6AA70D447212}"
EndProject
Project("{FAE04EC0-301F-11D3-BF4B-00C04F79EFBC}") = "Contoso.UI.Uwp", "UWP\Contoso.UI\Contoso.UI.Uwp.csproj", "{545A7CD0-EBF7-4829-BBAA-5318A6B381AF}"
EndProject
Global
	GlobalSection(SolutionConfigurationPlatforms) = preSolution
		Ad-Hoc|Any CPU = Ad-Hoc|Any CPU
		Ad-Hoc|ARM = Ad-Hoc|ARM
		Ad-Hoc|iPhone = Ad-Hoc|iPhone
		Ad-Hoc|iPhoneSimulator = Ad-Hoc|iPhoneSimulator
		Ad-Hoc|x64 = Ad-Hoc|x64
		Ad-Hoc|x86 = Ad-Hoc|x86
		AppStore|Any CPU = AppStore|Any CPU
		AppStore|ARM = AppStore|ARM
		AppStore|iPhone = AppStore|iPhone
		AppStore|iPhoneSimulator = AppStore|iPhoneSimulator
		AppStore|x64 = AppStore|x64
		AppStore|x86 = AppStore|x86
		Debug|Any CPU = Debug|Any CPU
		Debug|ARM = Debug|ARM
		Debug|iPhone = Debug|iPhone
		Debug|iPhoneSimulator = Debug|iPhoneSimulator
		Debug|x64 = Debug|x64
		Debug|x86 = Debug|x86
		Release|Any CPU = Release|Any CPU
		Release|ARM = Release|ARM
		Release|iPhone = Release|iPhone
		Release|iPhoneSimulator = Release|iPhoneSimulator
		Release|x64 = Release|x64
		Release|x86 = Release|x86
	EndGlobalSection
	GlobalSection(ProjectConfigurationPlatforms) = postSolution
		{65F2272C-D17A-45BE-982A-C6637407657A}.Ad-Hoc|Any CPU.ActiveCfg = Release|Any CPU
		{65F2272C-D17A-45BE-982A-C6637407657A}.Ad-Hoc|Any CPU.Build.0 = Release|Any CPU
		{65F2272C-D17A-45BE-982A-C6637407657A}.Ad-Hoc|ARM.ActiveCfg = Release|ARM
		{65F2272C-D17A-45BE-982A-C6637407657A}.Ad-Hoc|ARM.Build.0 = Release|ARM
		{65F2272C-D17A-45BE-982A-C6637407657A}.Ad-Hoc|iPhone.ActiveCfg = Release|Any CPU
		{65F2272C-D17A-45BE-982A-C6637407657A}.Ad-Hoc|iPhone.Build.0 = Release|Any CPU
		{65F2272C-D17A-45BE-982A-C6637407657A}.Ad-Hoc|iPhoneSimulator.ActiveCfg = Release|Any CPU
		{65F2272C-D17A-45BE-982A-C6637407657A}.Ad-Hoc|iPhoneSimulator.Build.0 = Release|Any CPU
		{65F2272C-D17A-45BE-982A-C6637407657A}.Ad-Hoc|x64.ActiveCfg = Release|x64
		{65F2272C-D17A-45BE-982A-C6637407657A}.Ad-Hoc|x64.Build.0 = Release|x64
		{65F2272C-D17A-45BE-982A-C6637407657A}.Ad-Hoc|x86.ActiveCfg = Release|x86
		{65F2272C-D17A-45BE-982A-C6637407657A}.Ad-Hoc|x86.Build.0 = Release|x86
		{65F2272C-D17A-45BE-982A-C6637407657A}.AppStore|Any CPU.ActiveCfg = Release|Any CPU
		{65F2272C-D17A-45BE-982A-C6637407657A}.AppStore|Any CPU.Build.0 = Release|Any CPU
		{65F2272C-D17A-45BE-982A-C6637407657A}.AppStore|ARM.ActiveCfg = Release|ARM
		{65F2272C-D17A-45BE-982A-C6637407657A}.AppStore|ARM.Build.0 = Release|ARM
		{65F2272C-D17A-45BE-982A-C6637407657A}.AppStore|iPhone.ActiveCfg = Release|Any CPU
		{65F2272C-D17A-45BE-982A-C6637407657A}.AppStore|iPhone.Build.0 = Release|Any CPU
		{65F2272C-D17A-45BE-982A-C6637407657A}.AppStore|iPhoneSimulator.ActiveCfg = Release|Any CPU
		{65F2272C-D17A-45BE-982A-C6637407657A}.AppStore|iPhoneSimulator.Build.0 = Release|Any CPU
		{65F2272C-D17A-45BE-982A-C6637407657A}.AppStore|x64.ActiveCfg = Release|x64
		{65F2272C-D17A-45BE-982A-C6637407657A}.AppStore|x64.Build.0 = Release|x64
		{65F2272C-D17A-45BE-982A-C6637407657A}.AppStore|x86.ActiveCfg = Release|x86
		{65F2272C-D17A-45BE-982A-C6637407657A}.AppStore|x86.Build.0 = Release|x86
		{65F2272C-D17A-45BE-982A-C6637407657A}.Debug|Any CPU.ActiveCfg = Debug|Any CPU
		{65F2272C-D17A-45BE-982A-C6637407657A}.Debug|Any CPU.Build.0 = Debug|Any CPU
		{65F2272C-D17A-45BE-982A-C6637407657A}.Debug|ARM.ActiveCfg = Debug|ARM
		{65F2272C-D17A-45BE-982A-C6637407657A}.Debug|ARM.Build.0 = Debug|ARM
		{65F2272C-D17A-45BE-982A-C6637407657A}.Debug|iPhone.ActiveCfg = Debug|Any CPU
		{65F2272C-D17A-45BE-982A-C6637407657A}.Debug|iPhone.Build.0 = Debug|Any CPU
		{65F2272C-D17A-45BE-982A-C6637407657A}.Debug|iPhoneSimulator.ActiveCfg = Debug|Any CPU
		{65F2272C-D17A-45BE-982A-C6637407657A}.Debug|iPhoneSimulator.Build.0 = Debug|Any CPU
		{65F2272C-D17A-45BE-982A-C6637407657A}.Debug|x64.ActiveCfg = Debug|x64
		{65F2272C-D17A-45BE-982A-C6637407657A}.Debug|x64.Build.0 = Debug|x64
		{65F2272C-D17A-45BE-982A-C6637407657A}.Debug|x86.ActiveCfg = Debug|x86
		{65F2272C-D17A-45BE-982A-C6637407657A}.Debug|x86.Build.0 = Debug|x86
		{65F2272C-D17A-45BE-982A-C6637407657A}.Release|Any CPU.ActiveCfg = Release|Any CPU
		{65F2272C-D17A-45BE-982A-C6637407657A}.Release|Any CPU.Build.0 = Release|Any CPU
		{65F2272C-D17A-45BE-982A-C6637407657A}.Release|ARM.ActiveCfg = Release|ARM
		{65F2272C-D17A-45BE-982A-C6637407657A}.Release|ARM.Build.0 = Release|ARM
		{65F2272C-D17A-45BE-982A-C6637407657A}.Release|iPhone.ActiveCfg = Release|Any CPU
		{65F2272C-D17A-45BE-982A-C6637407657A}.Release|iPhone.Build.0 = Release|Any CPU
		{65F2272C-D17A-45BE-982A-C6637407657A}.Release|iPhoneSimulator.ActiveCfg = Release|Any CPU
		{65F2272C-D17A-45BE-982A-C6637407657A}.Release|iPhoneSimulator.Build.0 = Release|Any CPU
		{65F2272C-D17A-45BE-982A-C6637407657A}.Release|x64.ActiveCfg = Release|x64
		{65F2272C-D17A-45BE-982A-C6637407657A}.Release|x64.Build.0 = Release|x64
		{65F2272C-D17A-45BE-982A-C6637407657A}.Release|x86.ActiveCfg = Release|x86
		{65F2272C-D17A-45BE-982A-C6637407657A}.Release|x86.Build.0 = Release|x86
		{BABC3AD0-0404-47FE-8F7C-4ACE7272B8AD}.Ad-Hoc|Any CPU.ActiveCfg = Release|Any CPU
		{BABC3AD0-0404-47FE-8F7C-4ACE7272B8AD}.Ad-Hoc|Any CPU.Build.0 = Release|Any CPU
		{BABC3AD0-0404-47FE-8F7C-4ACE7272B8AD}.Ad-Hoc|ARM.ActiveCfg = Release|Any CPU
		{BABC3AD0-0404-47FE-8F7C-4ACE7272B8AD}.Ad-Hoc|ARM.Build.0 = Release|Any CPU
		{BABC3AD0-0404-47FE-8F7C-4ACE7272B8AD}.Ad-Hoc|iPhone.ActiveCfg = Release|Any CPU
		{BABC3AD0-0404-47FE-8F7C-4ACE7272B8AD}.Ad-Hoc|iPhone.Build.0 = Release|Any CPU
		{BABC3AD0-0404-47FE-8F7C-4ACE7272B8AD}.Ad-Hoc|iPhoneSimulator.ActiveCfg = Release|Any CPU
		{BABC3AD0-0404-47FE-8F7C-4ACE7272B8AD}.Ad-Hoc|iPhoneSimulator.Build.0 = Release|Any CPU
		{BABC3AD0-0404-47FE-8F7C-4ACE7272B8AD}.Ad-Hoc|x64.ActiveCfg = Release|Any CPU
		{BABC3AD0-0404-47FE-8F7C-4ACE7272B8AD}.Ad-Hoc|x64.Build.0 = Release|Any CPU
		{BABC3AD0-0404-47FE-8F7C-4ACE7272B8AD}.Ad-Hoc|x86.ActiveCfg = Release|Any CPU
		{BABC3AD0-0404-47FE-8F7C-4ACE7272B8AD}.Ad-Hoc|x86.Build.0 = Release|Any CPU
		{BABC3AD0-0404-47FE-8F7C-4ACE7272B8AD}.AppStore|Any CPU.ActiveCfg = Release|Any CPU
		{BABC3AD0-0404-47FE-8F7C-4ACE7272B8AD}.AppStore|Any CPU.Build.0 = Release|Any CPU
		{BABC3AD0-0404-47FE-8F7C-4ACE7272B8AD}.AppStore|ARM.ActiveCfg = Release|Any CPU
		{BABC3AD0-0404-47FE-8F7C-4ACE7272B8AD}.AppStore|ARM.Build.0 = Release|Any CPU
		{BABC3AD0-0404-47FE-8F7C-4ACE7272B8AD}.AppStore|iPhone.ActiveCfg = Release|Any CPU
		{BABC3AD0-0404-47FE-8F7C-4ACE7272B8AD}.AppStore|iPhone.Build.0 = Release|Any CPU
		{BABC3AD0-0404-47FE-8F7C-4ACE7272B8AD}.AppStore|iPhoneSimulator.ActiveCfg = Release|Any CPU
		{BABC3AD0-0404-47FE-8F7C-4ACE7272B8AD}.AppStore|iPhoneSimulator.Build.0 = Release|Any CPU
		{BABC3AD0-0404-47FE-8F7C-4ACE7272B8AD}.AppStore|x64.ActiveCfg = Release|Any CPU
		{BABC3AD0-0404-47FE-8F7C-4ACE7272B8AD}.AppStore|x64.Build.0 = Release|Any CPU
		{BABC3AD0-0404-47FE-8F7C-4ACE7272B8AD}.AppStore|x86.ActiveCfg = Release|Any CPU
		{BABC3AD0-0404-47FE-8F7C-4ACE7272B8AD}.AppStore|x86.Build.0 = Release|Any CPU
		{BABC3AD0-0404-47FE-8F7C-4ACE7272B8AD}.Debug|Any CPU.ActiveCfg = Debug|Any CPU
		{BABC3AD0-0404-47FE-8F7C-4ACE7272B8AD}.Debug|Any CPU.Build.0 = Debug|Any CPU
		{BABC3AD0-0404-47FE-8F7C-4ACE7272B8AD}.Debug|ARM.ActiveCfg = Debug|Any CPU
		{BABC3AD0-0404-47FE-8F7C-4ACE7272B8AD}.Debug|ARM.Build.0 = Debug|Any CPU
		{BABC3AD0-0404-47FE-8F7C-4ACE7272B8AD}.Debug|iPhone.ActiveCfg = Debug|Any CPU
		{BABC3AD0-0404-47FE-8F7C-4ACE7272B8AD}.Debug|iPhone.Build.0 = Debug|Any CPU
		{BABC3AD0-0404-47FE-8F7C-4ACE7272B8AD}.Debug|iPhoneSimulator.ActiveCfg = Debug|Any CPU
		{BABC3AD0-0404-47FE-8F7C-4ACE7272B8AD}.Debug|iPhoneSimulator.Build.0 = Debug|Any CPU
		{BABC3AD0-0404-47FE-8F7C-4ACE7272B8AD}.Debug|x64.ActiveCfg = Debug|Any CPU
		{BABC3AD0-0404-47FE-8F7C-4ACE7272B8AD}.Debug|x64.Build.0 = Debug|Any CPU
		{BABC3AD0-0404-47FE-8F7C-4ACE7272B8AD}.Debug|x86.ActiveCfg = Debug|Any CPU
		{BABC3AD0-0404-47FE-8F7C-4ACE7272B8AD}.Debug|x86.Build.0 = Debug|Any CPU
		{BABC3AD0-0404-47FE-8F7C-4ACE7272B8AD}.Release|Any CPU.ActiveCfg = Release|Any CPU
		{BABC3AD0-0404-47FE-8F7C-4ACE7272B8AD}.Release|Any CPU.Build.0 = Release|Any CPU
		{BABC3AD0-0404-47FE-8F7C-4ACE7272B8AD}.Release|ARM.ActiveCfg = Release|Any CPU
		{BABC3AD0-0404-47FE-8F7C-4ACE7272B8AD}.Release|ARM.Build.0 = Release|Any CPU
		{BABC3AD0-0404-47FE-8F7C-4ACE7272B8AD}.Release|iPhone.ActiveCfg = Release|Any CPU
		{BABC3AD0-0404-47FE-8F7C-4ACE7272B8AD}.Release|iPhone.Build.0 = Release|Any CPU
		{BABC3AD0-0404-47FE-8F7C-4ACE7272B8AD}.Release|iPhoneSimulator.ActiveCfg = Release|Any CPU
		{BABC3AD0-0404-47FE-8F7C-4ACE7272B8AD}.Release|iPhoneSimulator.Build.0 = Release|Any CPU
		{BABC3AD0-0404-47FE-8F7C-4ACE7272B8AD}.Release|x64.ActiveCfg = Release|Any CPU
		{BABC3AD0-0404-47FE-8F7C-4ACE7272B8AD}.Release|x64.Build.0 = Release|Any CPU
		{BABC3AD0-0404-47FE-8F7C-4ACE7272B8AD}.Release|x86.ActiveCfg = Release|Any CPU
		{BABC3AD0-0404-47FE-8F7C-4ACE7272B8AD}.Release|x86.Build.0 = Release|Any CPU
		{15297ADB-484A-42A5-B537-B220F9CFB6E0}.Ad-Hoc|Any CPU.ActiveCfg = Debug|Any CPU
		{15297ADB-484A-42A5-B537-B220F9CFB6E0}.Ad-Hoc|Any CPU.Build.0 = Debug|Any CPU
		{15297ADB-484A-42A5-B537-B220F9CFB6E0}.Ad-Hoc|ARM.ActiveCfg = Debug|ARM
		{15297ADB-484A-42A5-B537-B220F9CFB6E0}.Ad-Hoc|ARM.Build.0 = Debug|ARM
		{15297ADB-484A-42A5-B537-B220F9CFB6E0}.Ad-Hoc|iPhone.ActiveCfg = Debug|Any CPU
		{15297ADB-484A-42A5-B537-B220F9CFB6E0}.Ad-Hoc|iPhone.Build.0 = Debug|Any CPU
		{15297ADB-484A-42A5-B537-B220F9CFB6E0}.Ad-Hoc|iPhoneSimulator.ActiveCfg = Debug|Any CPU
		{15297ADB-484A-42A5-B537-B220F9CFB6E0}.Ad-Hoc|iPhoneSimulator.Build.0 = Debug|Any CPU
		{15297ADB-484A-42A5-B537-B220F9CFB6E0}.Ad-Hoc|x64.ActiveCfg = Debug|x64
		{15297ADB-484A-42A5-B537-B220F9CFB6E0}.Ad-Hoc|x64.Build.0 = Debug|x64
		{15297ADB-484A-42A5-B537-B220F9CFB6E0}.Ad-Hoc|x86.ActiveCfg = Debug|x86
		{15297ADB-484A-42A5-B537-B220F9CFB6E0}.Ad-Hoc|x86.Build.0 = Debug|x86
		{15297ADB-484A-42A5-B537-B220F9CFB6E0}.AppStore|Any CPU.ActiveCfg = Debug|Any CPU
		{15297ADB-484A-42A5-B537-B220F9CFB6E0}.AppStore|Any CPU.Build.0 = Debug|Any CPU
		{15297ADB-484A-42A5-B537-B220F9CFB6E0}.AppStore|ARM.ActiveCfg = Debug|ARM
		{15297ADB-484A-42A5-B537-B220F9CFB6E0}.AppStore|ARM.Build.0 = Debug|ARM
		{15297ADB-484A-42A5-B537-B220F9CFB6E0}.AppStore|iPhone.ActiveCfg = Debug|Any CPU
		{15297ADB-484A-42A5-B537-B220F9CFB6E0}.AppStore|iPhone.Build.0 = Debug|Any CPU
		{15297ADB-484A-42A5-B537-B220F9CFB6E0}.AppStore|iPhoneSimulator.ActiveCfg = Debug|Any CPU
		{15297ADB-484A-42A5-B537-B220F9CFB6E0}.AppStore|iPhoneSimulator.Build.0 = Debug|Any CPU
		{15297ADB-484A-42A5-B537-B220F9CFB6E0}.AppStore|x64.ActiveCfg = Debug|x64
		{15297ADB-484A-42A5-B537-B220F9CFB6E0}.AppStore|x64.Build.0 = Debug|x64
		{15297ADB-484A-42A5-B537-B220F9CFB6E0}.AppStore|x86.ActiveCfg = Debug|x86
		{15297ADB-484A-42A5-B537-B220F9CFB6E0}.AppStore|x86.Build.0 = Debug|x86
		{15297ADB-484A-42A5-B537-B220F9CFB6E0}.Debug|Any CPU.ActiveCfg = Debug|Any CPU
		{15297ADB-484A-42A5-B537-B220F9CFB6E0}.Debug|Any CPU.Build.0 = Debug|Any CPU
		{15297ADB-484A-42A5-B537-B220F9CFB6E0}.Debug|ARM.ActiveCfg = Debug|ARM
		{15297ADB-484A-42A5-B537-B220F9CFB6E0}.Debug|ARM.Build.0 = Debug|ARM
		{15297ADB-484A-42A5-B537-B220F9CFB6E0}.Debug|iPhone.ActiveCfg = Debug|Any CPU
		{15297ADB-484A-42A5-B537-B220F9CFB6E0}.Debug|iPhone.Build.0 = Debug|Any CPU
		{15297ADB-484A-42A5-B537-B220F9CFB6E0}.Debug|iPhoneSimulator.ActiveCfg = Debug|Any CPU
		{15297ADB-484A-42A5-B537-B220F9CFB6E0}.Debug|iPhoneSimulator.Build.0 = Debug|Any CPU
		{15297ADB-484A-42A5-B537-B220F9CFB6E0}.Debug|x64.ActiveCfg = Debug|x64
		{15297ADB-484A-42A5-B537-B220F9CFB6E0}.Debug|x64.Build.0 = Debug|x64
		{15297ADB-484A-42A5-B537-B220F9CFB6E0}.Debug|x86.ActiveCfg = Debug|x86
		{15297ADB-484A-42A5-B537-B220F9CFB6E0}.Debug|x86.Build.0 = Debug|x86
		{15297ADB-484A-42A5-B537-B220F9CFB6E0}.Release|Any CPU.ActiveCfg = Release|Any CPU
		{15297ADB-484A-42A5-B537-B220F9CFB6E0}.Release|Any CPU.Build.0 = Release|Any CPU
		{15297ADB-484A-42A5-B537-B220F9CFB6E0}.Release|ARM.ActiveCfg = Release|ARM
		{15297ADB-484A-42A5-B537-B220F9CFB6E0}.Release|ARM.Build.0 = Release|ARM
		{15297ADB-484A-42A5-B537-B220F9CFB6E0}.Release|iPhone.ActiveCfg = Release|Any CPU
		{15297ADB-484A-42A5-B537-B220F9CFB6E0}.Release|iPhone.Build.0 = Release|Any CPU
		{15297ADB-484A-42A5-B537-B220F9CFB6E0}.Release|iPhoneSimulator.ActiveCfg = Release|Any CPU
		{15297ADB-484A-42A5-B537-B220F9CFB6E0}.Release|iPhoneSimulator.Build.0 = Release|Any CPU
		{15297ADB-484A-42A5-B537-B220F9CFB6E0}.Release|x64.ActiveCfg = Release|x64
		{15297ADB-484A-42A5-B537-B220F9CFB6E0}.Release|x64.Build.0 = Release|x64
		{15297ADB-484A-42A5-B537-B220F9CFB6E0}.Release|x86.ActiveCfg = Release|x86
		{15297ADB-484A-42A5-B537-B220F9CFB6E0}.Release|x86.Build.0 = Release|x86
		{D4785F25-1C67-4914-B049-6AA70D447212}.Ad-Hoc|Any CPU.ActiveCfg = Debug|Any CPU
		{D4785F25-1C67-4914-B049-6AA70D447212}.Ad-Hoc|Any CPU.Build.0 = Debug|Any CPU
		{D4785F25-1C67-4914-B049-6AA70D447212}.Ad-Hoc|ARM.ActiveCfg = Debug|ARM
		{D4785F25-1C67-4914-B049-6AA70D447212}.Ad-Hoc|ARM.Build.0 = Debug|ARM
		{D4785F25-1C67-4914-B049-6AA70D447212}.Ad-Hoc|iPhone.ActiveCfg = Debug|Any CPU
		{D4785F25-1C67-4914-B049-6AA70D447212}.Ad-Hoc|iPhone.Build.0 = Debug|Any CPU
		{D4785F25-1C67-4914-B049-6AA70D447212}.Ad-Hoc|iPhoneSimulator.ActiveCfg = Debug|Any CPU
		{D4785F25-1C67-4914-B049-6AA70D447212}.Ad-Hoc|iPhoneSimulator.Build.0 = Debug|Any CPU
		{D4785F25-1C67-4914-B049-6AA70D447212}.Ad-Hoc|x64.ActiveCfg = Debug|x64
		{D4785F25-1C67-4914-B049-6AA70D447212}.Ad-Hoc|x64.Build.0 = Debug|x64
		{D4785F25-1C67-4914-B049-6AA70D447212}.Ad-Hoc|x86.ActiveCfg = Debug|x86
		{D4785F25-1C67-4914-B049-6AA70D447212}.Ad-Hoc|x86.Build.0 = Debug|x86
		{D4785F25-1C67-4914-B049-6AA70D447212}.AppStore|Any CPU.ActiveCfg = Debug|Any CPU
		{D4785F25-1C67-4914-B049-6AA70D447212}.AppStore|Any CPU.Build.0 = Debug|Any CPU
		{D4785F25-1C67-4914-B049-6AA70D447212}.AppStore|ARM.ActiveCfg = Debug|ARM
		{D4785F25-1C67-4914-B049-6AA70D447212}.AppStore|ARM.Build.0 = Debug|ARM
		{D4785F25-1C67-4914-B049-6AA70D447212}.AppStore|iPhone.ActiveCfg = Debug|Any CPU
		{D4785F25-1C67-4914-B049-6AA70D447212}.AppStore|iPhone.Build.0 = Debug|Any CPU
		{D4785F25-1C67-4914-B049-6AA70D447212}.AppStore|iPhoneSimulator.ActiveCfg = Debug|Any CPU
		{D4785F25-1C67-4914-B049-6AA70D447212}.AppStore|iPhoneSimulator.Build.0 = Debug|Any CPU
		{D4785F25-1C67-4914-B049-6AA70D447212}.AppStore|x64.ActiveCfg = Debug|x64
		{D4785F25-1C67-4914-B049-6AA70D447212}.AppStore|x64.Build.0 = Debug|x64
		{D4785F25-1C67-4914-B049-6AA70D447212}.AppStore|x86.ActiveCfg = Debug|x86
		{D4785F25-1C67-4914-B049-6AA70D447212}.AppStore|x86.Build.0 = Debug|x86
		{D4785F25-1C67-4914-B049-6AA70D447212}.Debug|Any CPU.ActiveCfg = Debug|Any CPU
		{D4785F25-1C67-4914-B049-6AA70D447212}.Debug|Any CPU.Build.0 = Debug|Any CPU
		{D4785F25-1C67-4914-B049-6AA70D447212}.Debug|ARM.ActiveCfg = Debug|ARM
		{D4785F25-1C67-4914-B049-6AA70D447212}.Debug|ARM.Build.0 = Debug|ARM
		{D4785F25-1C67-4914-B049-6AA70D447212}.Debug|iPhone.ActiveCfg = Debug|Any CPU
		{D4785F25-1C67-4914-B049-6AA70D447212}.Debug|iPhone.Build.0 = Debug|Any CPU
		{D4785F25-1C67-4914-B049-6AA70D447212}.Debug|iPhoneSimulator.ActiveCfg = Debug|Any CPU
		{D4785F25-1C67-4914-B049-6AA70D447212}.Debug|iPhoneSimulator.Build.0 = Debug|Any CPU
		{D4785F25-1C67-4914-B049-6AA70D447212}.Debug|x64.ActiveCfg = Debug|x64
		{D4785F25-1C67-4914-B049-6AA70D447212}.Debug|x64.Build.0 = Debug|x64
		{D4785F25-1C67-4914-B049-6AA70D447212}.Debug|x86.ActiveCfg = Debug|x86
		{D4785F25-1C67-4914-B049-6AA70D447212}.Debug|x86.Build.0 = Debug|x86
		{D4785F25-1C67-4914-B049-6AA70D447212}.Release|Any CPU.ActiveCfg = Release|Any CPU
		{D4785F25-1C67-4914-B049-6AA70D447212}.Release|Any CPU.Build.0 = Release|Any CPU
		{D4785F25-1C67-4914-B049-6AA70D447212}.Release|ARM.ActiveCfg = Release|ARM
		{D4785F25-1C67-4914-B049-6AA70D447212}.Release|ARM.Build.0 = Release|ARM
		{D4785F25-1C67-4914-B049-6AA70D447212}.Release|iPhone.ActiveCfg = Release|Any CPU
		{D4785F25-1C67-4914-B049-6AA70D447212}.Release|iPhone.Build.0 = Release|Any CPU
		{D4785F25-1C67-4914-B049-6AA70D447212}.Release|iPhoneSimulator.ActiveCfg = Release|Any CPU
		{D4785F25-1C67-4914-B049-6AA70D447212}.Release|iPhoneSimulator.Build.0 = Release|Any CPU
		{D4785F25-1C67-4914-B049-6AA70D447212}.Release|x64.ActiveCfg = Release|x64
		{D4785F25-1C67-4914-B049-6AA70D447212}.Release|x64.Build.0 = Release|x64
		{D4785F25-1C67-4914-B049-6AA70D447212}.Release|x86.ActiveCfg = Release|x86
		{D4785F25-1C67-4914-B049-6AA70D447212}.Release|x86.Build.0 = Release|x86
		{545A7CD0-EBF7-4829-BBAA-5318A6B381AF}.Ad-Hoc|Any CPU.ActiveCfg = Debug|x86
		{545A7CD0-EBF7-4829-BBAA-5318A6B381AF}.Ad-Hoc|Any CPU.Build.0 = Debug|x86
		{545A7CD0-EBF7-4829-BBAA-5318A6B381AF}.Ad-Hoc|Any CPU.Deploy.0 = Debug|x86
		{545A7CD0-EBF7-4829-BBAA-5318A6B381AF}.Ad-Hoc|ARM.ActiveCfg = Debug|ARM
		{545A7CD0-EBF7-4829-BBAA-5318A6B381AF}.Ad-Hoc|ARM.Build.0 = Debug|ARM
		{545A7CD0-EBF7-4829-BBAA-5318A6B381AF}.Ad-Hoc|ARM.Deploy.0 = Debug|ARM
		{545A7CD0-EBF7-4829-BBAA-5318A6B381AF}.Ad-Hoc|iPhone.ActiveCfg = Debug|x86
		{545A7CD0-EBF7-4829-BBAA-5318A6B381AF}.Ad-Hoc|iPhone.Build.0 = Debug|x86
		{545A7CD0-EBF7-4829-BBAA-5318A6B381AF}.Ad-Hoc|iPhone.Deploy.0 = Debug|x86
		{545A7CD0-EBF7-4829-BBAA-5318A6B381AF}.Ad-Hoc|iPhoneSimulator.ActiveCfg = Debug|x86
		{545A7CD0-EBF7-4829-BBAA-5318A6B381AF}.Ad-Hoc|iPhoneSimulator.Build.0 = Debug|x86
		{545A7CD0-EBF7-4829-BBAA-5318A6B381AF}.Ad-Hoc|iPhoneSimulator.Deploy.0 = Debug|x86
		{545A7CD0-EBF7-4829-BBAA-5318A6B381AF}.Ad-Hoc|x64.ActiveCfg = Debug|x64
		{545A7CD0-EBF7-4829-BBAA-5318A6B381AF}.Ad-Hoc|x64.Build.0 = Debug|x64
		{545A7CD0-EBF7-4829-BBAA-5318A6B381AF}.Ad-Hoc|x64.Deploy.0 = Debug|x64
		{545A7CD0-EBF7-4829-BBAA-5318A6B381AF}.Ad-Hoc|x86.ActiveCfg = Debug|x86
		{545A7CD0-EBF7-4829-BBAA-5318A6B381AF}.Ad-Hoc|x86.Build.0 = Debug|x86
		{545A7CD0-EBF7-4829-BBAA-5318A6B381AF}.Ad-Hoc|x86.Deploy.0 = Debug|x86
		{545A7CD0-EBF7-4829-BBAA-5318A6B381AF}.AppStore|Any CPU.ActiveCfg = Debug|x86
		{545A7CD0-EBF7-4829-BBAA-5318A6B381AF}.AppStore|Any CPU.Build.0 = Debug|x86
		{545A7CD0-EBF7-4829-BBAA-5318A6B381AF}.AppStore|Any CPU.Deploy.0 = Debug|x86
		{545A7CD0-EBF7-4829-BBAA-5318A6B381AF}.AppStore|ARM.ActiveCfg = Debug|ARM
		{545A7CD0-EBF7-4829-BBAA-5318A6B381AF}.AppStore|ARM.Build.0 = Debug|ARM
		{545A7CD0-EBF7-4829-BBAA-5318A6B381AF}.AppStore|ARM.Deploy.0 = Debug|ARM
		{545A7CD0-EBF7-4829-BBAA-5318A6B381AF}.AppStore|iPhone.ActiveCfg = Debug|x86
		{545A7CD0-EBF7-4829-BBAA-5318A6B381AF}.AppStore|iPhone.Build.0 = Debug|x86
		{545A7CD0-EBF7-4829-BBAA-5318A6B381AF}.AppStore|iPhone.Deploy.0 = Debug|x86
		{545A7CD0-EBF7-4829-BBAA-5318A6B381AF}.AppStore|iPhoneSimulator.ActiveCfg = Debug|x86
		{545A7CD0-EBF7-4829-BBAA-5318A6B381AF}.AppStore|iPhoneSimulator.Build.0 = Debug|x86
		{545A7CD0-EBF7-4829-BBAA-5318A6B381AF}.AppStore|iPhoneSimulator.Deploy.0 = Debug|x86
		{545A7CD0-EBF7-4829-BBAA-5318A6B381AF}.AppStore|x64.ActiveCfg = Debug|x64
		{545A7CD0-EBF7-4829-BBAA-5318A6B381AF}.AppStore|x64.Build.0 = Debug|x64
		{545A7CD0-EBF7-4829-BBAA-5318A6B381AF}.AppStore|x64.Deploy.0 = Debug|x64
		{545A7CD0-EBF7-4829-BBAA-5318A6B381AF}.AppStore|x86.ActiveCfg = Debug|x86
		{545A7CD0-EBF7-4829-BBAA-5318A6B381AF}.AppStore|x86.Build.0 = Debug|x86
		{545A7CD0-EBF7-4829-BBAA-5318A6B381AF}.AppStore|x86.Deploy.0 = Debug|x86
		{545A7CD0-EBF7-4829-BBAA-5318A6B381AF}.Debug|Any CPU.ActiveCfg = Debug|x86
		{545A7CD0-EBF7-4829-BBAA-5318A6B381AF}.Debug|ARM.ActiveCfg = Debug|ARM
		{545A7CD0-EBF7-4829-BBAA-5318A6B381AF}.Debug|ARM.Build.0 = Debug|ARM
		{545A7CD0-EBF7-4829-BBAA-5318A6B381AF}.Debug|ARM.Deploy.0 = Debug|ARM
		{545A7CD0-EBF7-4829-BBAA-5318A6B381AF}.Debug|iPhone.ActiveCfg = Debug|x86
		{545A7CD0-EBF7-4829-BBAA-5318A6B381AF}.Debug|iPhoneSimulator.ActiveCfg = Debug|x86
		{545A7CD0-EBF7-4829-BBAA-5318A6B381AF}.Debug|x64.ActiveCfg = Debug|x64
		{545A7CD0-EBF7-4829-BBAA-5318A6B381AF}.Debug|x64.Build.0 = Debug|x64
		{545A7CD0-EBF7-4829-BBAA-5318A6B381AF}.Debug|x64.Deploy.0 = Debug|x64
		{545A7CD0-EBF7-4829-BBAA-5318A6B381AF}.Debug|x86.ActiveCfg = Debug|x86
		{545A7CD0-EBF7-4829-BBAA-5318A6B381AF}.Debug|x86.Build.0 = Debug|x86
		{545A7CD0-EBF7-4829-BBAA-5318A6B381AF}.Debug|x86.Deploy.0 = Debug|x86
		{545A7CD0-EBF7-4829-BBAA-5318A6B381AF}.Release|Any CPU.ActiveCfg = Release|x86
		{545A7CD0-EBF7-4829-BBAA-5318A6B381AF}.Release|ARM.ActiveCfg = Release|ARM
		{545A7CD0-EBF7-4829-BBAA-5318A6B381AF}.Release|ARM.Build.0 = Release|ARM
		{545A7CD0-EBF7-4829-BBAA-5318A6B381AF}.Release|ARM.Deploy.0 = Release|ARM
		{545A7CD0-EBF7-4829-BBAA-5318A6B381AF}.Release|iPhone.ActiveCfg = Release|x86
		{545A7CD0-EBF7-4829-BBAA-5318A6B381AF}.Release|iPhoneSimulator.ActiveCfg = Release|x86
		{545A7CD0-EBF7-4829-BBAA-5318A6B381AF}.Release|x64.ActiveCfg = Release|x64
		{545A7CD0-EBF7-4829-BBAA-5318A6B381AF}.Release|x64.Build.0 = Release|x64
		{545A7CD0-EBF7-4829-BBAA-5318A6B381AF}.Release|x64.Deploy.0 = Release|x64
		{545A7CD0-EBF7-4829-BBAA-5318A6B381AF}.Release|x86.ActiveCfg = Release|x86
		{545A7CD0-EBF7-4829-BBAA-5318A6B381AF}.Release|x86.Build.0 = Release|x86
		{545A7CD0-EBF7-4829-BBAA-5318A6B381AF}.Release|x86.Deploy.0 = Release|x86
	EndGlobalSection
	GlobalSection(SolutionProperties) = preSolution
		HideSolutionNode = FALSE
	EndGlobalSection
	GlobalSection(NestedProjects) = preSolution
		{A48D194A-6B9B-4D7A-85D0-4F56A1D7B175} = {CB5D60BA-865B-480F-A205-7410FF7925D9}
		{65F2272C-D17A-45BE-982A-C6637407657A} = {CB5D60BA-865B-480F-A205-7410FF7925D9}
		{BABC3AD0-0404-47FE-8F7C-4ACE7272B8AD} = {CB5D60BA-865B-480F-A205-7410FF7925D9}
		{15297ADB-484A-42A5-B537-B220F9CFB6E0} = {C2D44F46-E1B9-44B9-9E4D-0DE50822E934}
		{D4785F25-1C67-4914-B049-6AA70D447212} = {C2D44F46-E1B9-44B9-9E4D-0DE50822E934}
		{545A7CD0-EBF7-4829-BBAA-5318A6B381AF} = {C2D44F46-E1B9-44B9-9E4D-0DE50822E934}
	EndGlobalSection
	GlobalSection(ExtensibilityGlobals) = postSolution
		SolutionGuid = {63D89760-7C06-4CF6-8D29-5B6EE54125FA}
	EndGlobalSection
EndGlobal
