
Microsoft Visual Studio Solution File, Format Version 12.00
# Visual Studio 15
VisualStudioVersion = 15.0.26430.13
MinimumVisualStudioVersion = 10.0.40219.1
Project("{2150E333-8FDC-42A3-9474-1A3956D46DE8}") = "AppFramework", "AppFramework", "{CB5D60BA-865B-480F-A205-7410FF7925D9}"
	ProjectSection(SolutionItems) = preProject
		Build\VERSION.txt = Build\VERSION.txt
	EndProjectSection
EndProject
Project("{2150E333-8FDC-42A3-9474-1A3956D46DE8}") = "NuGetReferenced", "NuGetReferenced", "{05D999C1-BCBF-4CE3-B327-A9B9502180B9}"
EndProject
Project("{2150E333-8FDC-42A3-9474-1A3956D46DE8}") = "DirectReferenced", "DirectReferenced", "{777AA50C-1715-4F19-98EA-7F3594D58B48}"
EndProject
Project("{FAE04EC0-301F-11D3-BF4B-00C04F79EFBC}") = "Contoso.Core", "..\AppTemplate\Source\DirectReferenced\UWP\Contoso.Core\Contoso.Core.csproj", "{9A7EBE07-4655-4EEC-B627-F8ADE0EE9953}"
EndProject
Project("{FAE04EC0-301F-11D3-BF4B-00C04F79EFBC}") = "Contoso.BackgroundTasks", "..\AppTemplate\Source\DirectReferenced\UWP\Contoso.BackgroundTasks\Contoso.BackgroundTasks.csproj", "{CB283AE3-3653-41EC-8E20-69722D2D33FA}"
EndProject
Project("{FAE04EC0-301F-11D3-BF4B-00C04F79EFBC}") = "Contoso.UI", "..\AppTemplate\Source\DirectReferenced\UWP\Contoso.UI\Contoso.UI.csproj", "{7A916870-D10A-42EB-B8B8-BD3B1E53E0C5}"
EndProject
Project("{FAE04EC0-301F-11D3-BF4B-00C04F79EFBC}") = "Contoso.Core.Uwp", "..\AppTemplate\Source\NuGetReferened\UWP\Contoso.Core\Contoso.Core.Uwp.csproj", "{15297ADB-484A-42A5-B537-B220F9CFB6E0}"
EndProject
Project("{FAE04EC0-301F-11D3-BF4B-00C04F79EFBC}") = "Contoso.BackgroundTasks.Uwp", "..\AppTemplate\Source\NuGetReferened\UWP\Contoso.BackgroundTasks\Contoso.BackgroundTasks.Uwp.csproj", "{D4785F25-1C67-4914-B049-6AA70D447212}"
EndProject
Project("{FAE04EC0-301F-11D3-BF4B-00C04F79EFBC}") = "Contoso.UI.Uwp", "..\AppTemplate\Source\NuGetReferened\UWP\Contoso.UI\Contoso.UI.Uwp.csproj", "{545A7CD0-EBF7-4829-BBAA-5318A6B381AF}"
EndProject
Project("{2150E333-8FDC-42A3-9474-1A3956D46DE8}") = "UWP", "UWP", "{4A9CB446-D8E5-4099-A7AC-A361CEEAE4C0}"
EndProject
Project("{2150E333-8FDC-42A3-9474-1A3956D46DE8}") = "UWP", "UWP", "{B404748F-75A0-42B2-AF09-7A8D197BC529}"
EndProject
Project("{2150E333-8FDC-42A3-9474-1A3956D46DE8}") = "XamarinForms", "XamarinForms", "{908AB07B-0C27-4CE7-807F-FC9963BCE2F7}"
EndProject
Project("{2150E333-8FDC-42A3-9474-1A3956D46DE8}") = "XamarinForms", "XamarinForms", "{7F5D0293-2C4B-45A5-89FD-1A119BCF83CF}"
EndProject
Project("{9A19103F-16F7-4668-BE54-9A1E7A4F7556}") = "Contoso.UI", "..\AppTemplate\Source\NuGetReferened\XamarinForms\Contoso.UI\Contoso.UI.csproj", "{1FB50364-50DB-4358-AA88-5515C9724FF6}"
EndProject
Project("{FAE04EC0-301F-11D3-BF4B-00C04F79EFBC}") = "Contoso.UI.Android", "..\AppTemplate\Source\NuGetReferened\XamarinForms\Contoso.UI.Android\Contoso.UI.Android.csproj", "{36FFDCD3-7D3B-4CF7-A4EC-8C6C92D48782}"
EndProject
Project("{FAE04EC0-301F-11D3-BF4B-00C04F79EFBC}") = "Contoso.UI.iOS", "..\AppTemplate\Source\NuGetReferened\XamarinForms\Contoso.UI.iOS\Contoso.UI.iOS.csproj", "{0BB6E05A-7FA0-4387-8D8D-DAD0C16A2C86}"
EndProject
Project("{FAE04EC0-301F-11D3-BF4B-00C04F79EFBC}") = "Contoso.UI.UWP", "..\AppTemplate\Source\NuGetReferened\XamarinForms\Contoso.UI.UWP\Contoso.UI.UWP.csproj", "{CEF4BE82-4C28-41BE-9F08-1ADE6ED2374C}"
EndProject
Project("{9A19103F-16F7-4668-BE54-9A1E7A4F7556}") = "Contoso.UI", "..\AppTemplate\Source\DirectReferenced\XamarinForms\Contoso.UI\Contoso.UI.csproj", "{45F27EC2-BBC7-4121-A1AE-0E0A4410FAEF}"
EndProject
Project("{FAE04EC0-301F-11D3-BF4B-00C04F79EFBC}") = "Contoso.UI.Android", "..\AppTemplate\Source\DirectReferenced\XamarinForms\Contoso.UI.Android\Contoso.UI.Android.csproj", "{EAA55E8C-5344-419D-8EFD-AC780C3C0278}"
EndProject
Project("{FAE04EC0-301F-11D3-BF4B-00C04F79EFBC}") = "Contoso.UI.iOS", "..\AppTemplate\Source\DirectReferenced\XamarinForms\Contoso.UI.iOS\Contoso.UI.iOS.csproj", "{09DCED04-3B11-4801-BEB8-6F461C58DE03}"
EndProject
Project("{FAE04EC0-301F-11D3-BF4B-00C04F79EFBC}") = "Contoso.UI.UWP", "..\AppTemplate\Source\DirectReferenced\XamarinForms\Contoso.UI.UWP\Contoso.UI.UWP.csproj", "{6F0C826B-A53B-4F3F-B2AF-12125A2A8C81}"
EndProject
Project("{9A19103F-16F7-4668-BE54-9A1E7A4F7556}") = "AppFramework.Core.Data", "AppFramework.Core.Data\AppFramework.Core.Data.csproj", "{71747EED-1A8C-497A-BB4E-55AC0292122D}"
EndProject
Project("{9A19103F-16F7-4668-BE54-9A1E7A4F7556}") = "AppFramework.Core", "AppFramework.Core\AppFramework.Core.csproj", "{37C110AA-28EB-4C89-9A3B-12A0EFFDFF7C}"
EndProject
Project("{9A19103F-16F7-4668-BE54-9A1E7A4F7556}") = "AppFramework.UI.Core", "AppFramework.UI.Core\AppFramework.UI.Core.csproj", "{A3813AFB-A8D6-4798-AB93-1EF890A23A83}"
EndProject
Project("{FAE04EC0-301F-11D3-BF4B-00C04F79EFBC}") = "AppFramework.Uwp", "AppFramework.Core.Uwp\AppFramework.Uwp.csproj", "{65F2272C-D17A-45BE-982A-C6637407657A}"
EndProject
Global
	GlobalSection(SolutionConfigurationPlatforms) = preSolution
		Ad-Hoc|Any CPU = Ad-Hoc|Any CPU
		Ad-Hoc|ARM = Ad-Hoc|ARM
		Ad-Hoc|iPhone = Ad-Hoc|iPhone
		Ad-Hoc|iPhoneSimulator = Ad-Hoc|iPhoneSimulator
		Ad-Hoc|x64 = Ad-Hoc|x64
		Ad-Hoc|x86 = Ad-Hoc|x86
		AppStore|Any CPU = AppStore|Any CPU
		AppStore|ARM = AppStore|ARM
		AppStore|iPhone = AppStore|iPhone
		AppStore|iPhoneSimulator = AppStore|iPhoneSimulator
		AppStore|x64 = AppStore|x64
		AppStore|x86 = AppStore|x86
		Debug|Any CPU = Debug|Any CPU
		Debug|ARM = Debug|ARM
		Debug|iPhone = Debug|iPhone
		Debug|iPhoneSimulator = Debug|iPhoneSimulator
		Debug|x64 = Debug|x64
		Debug|x86 = Debug|x86
		Release|Any CPU = Release|Any CPU
		Release|ARM = Release|ARM
		Release|iPhone = Release|iPhone
		Release|iPhoneSimulator = Release|iPhoneSimulator
		Release|x64 = Release|x64
		Release|x86 = Release|x86
	EndGlobalSection
	GlobalSection(ProjectConfigurationPlatforms) = postSolution
		{9A7EBE07-4655-4EEC-B627-F8ADE0EE9953}.Ad-Hoc|Any CPU.ActiveCfg = Release|Any CPU
		{9A7EBE07-4655-4EEC-B627-F8ADE0EE9953}.Ad-Hoc|Any CPU.Build.0 = Release|Any CPU
		{9A7EBE07-4655-4EEC-B627-F8ADE0EE9953}.Ad-Hoc|ARM.ActiveCfg = Release|ARM
		{9A7EBE07-4655-4EEC-B627-F8ADE0EE9953}.Ad-Hoc|ARM.Build.0 = Release|ARM
		{9A7EBE07-4655-4EEC-B627-F8ADE0EE9953}.Ad-Hoc|iPhone.ActiveCfg = Release|Any CPU
		{9A7EBE07-4655-4EEC-B627-F8ADE0EE9953}.Ad-Hoc|iPhone.Build.0 = Release|Any CPU
		{9A7EBE07-4655-4EEC-B627-F8ADE0EE9953}.Ad-Hoc|iPhoneSimulator.ActiveCfg = Release|Any CPU
		{9A7EBE07-4655-4EEC-B627-F8ADE0EE9953}.Ad-Hoc|iPhoneSimulator.Build.0 = Release|Any CPU
		{9A7EBE07-4655-4EEC-B627-F8ADE0EE9953}.Ad-Hoc|x64.ActiveCfg = Release|x64
		{9A7EBE07-4655-4EEC-B627-F8ADE0EE9953}.Ad-Hoc|x64.Build.0 = Release|x64
		{9A7EBE07-4655-4EEC-B627-F8ADE0EE9953}.Ad-Hoc|x86.ActiveCfg = Release|x86
		{9A7EBE07-4655-4EEC-B627-F8ADE0EE9953}.Ad-Hoc|x86.Build.0 = Release|x86
		{9A7EBE07-4655-4EEC-B627-F8ADE0EE9953}.AppStore|Any CPU.ActiveCfg = Release|Any CPU
		{9A7EBE07-4655-4EEC-B627-F8ADE0EE9953}.AppStore|Any CPU.Build.0 = Release|Any CPU
		{9A7EBE07-4655-4EEC-B627-F8ADE0EE9953}.AppStore|ARM.ActiveCfg = Release|ARM
		{9A7EBE07-4655-4EEC-B627-F8ADE0EE9953}.AppStore|ARM.Build.0 = Release|ARM
		{9A7EBE07-4655-4EEC-B627-F8ADE0EE9953}.AppStore|iPhone.ActiveCfg = Release|Any CPU
		{9A7EBE07-4655-4EEC-B627-F8ADE0EE9953}.AppStore|iPhone.Build.0 = Release|Any CPU
		{9A7EBE07-4655-4EEC-B627-F8ADE0EE9953}.AppStore|iPhoneSimulator.ActiveCfg = Release|Any CPU
		{9A7EBE07-4655-4EEC-B627-F8ADE0EE9953}.AppStore|iPhoneSimulator.Build.0 = Release|Any CPU
		{9A7EBE07-4655-4EEC-B627-F8ADE0EE9953}.AppStore|x64.ActiveCfg = Release|x64
		{9A7EBE07-4655-4EEC-B627-F8ADE0EE9953}.AppStore|x64.Build.0 = Release|x64
		{9A7EBE07-4655-4EEC-B627-F8ADE0EE9953}.AppStore|x86.ActiveCfg = Release|x86
		{9A7EBE07-4655-4EEC-B627-F8ADE0EE9953}.AppStore|x86.Build.0 = Release|x86
		{9A7EBE07-4655-4EEC-B627-F8ADE0EE9953}.Debug|Any CPU.ActiveCfg = Debug|Any CPU
		{9A7EBE07-4655-4EEC-B627-F8ADE0EE9953}.Debug|Any CPU.Build.0 = Debug|Any CPU
		{9A7EBE07-4655-4EEC-B627-F8ADE0EE9953}.Debug|ARM.ActiveCfg = Debug|ARM
		{9A7EBE07-4655-4EEC-B627-F8ADE0EE9953}.Debug|ARM.Build.0 = Debug|ARM
		{9A7EBE07-4655-4EEC-B627-F8ADE0EE9953}.Debug|iPhone.ActiveCfg = Debug|Any CPU
		{9A7EBE07-4655-4EEC-B627-F8ADE0EE9953}.Debug|iPhone.Build.0 = Debug|Any CPU
		{9A7EBE07-4655-4EEC-B627-F8ADE0EE9953}.Debug|iPhoneSimulator.ActiveCfg = Debug|Any CPU
		{9A7EBE07-4655-4EEC-B627-F8ADE0EE9953}.Debug|iPhoneSimulator.Build.0 = Debug|Any CPU
		{9A7EBE07-4655-4EEC-B627-F8ADE0EE9953}.Debug|x64.ActiveCfg = Debug|x64
		{9A7EBE07-4655-4EEC-B627-F8ADE0EE9953}.Debug|x64.Build.0 = Debug|x64
		{9A7EBE07-4655-4EEC-B627-F8ADE0EE9953}.Debug|x86.ActiveCfg = Debug|x86
		{9A7EBE07-4655-4EEC-B627-F8ADE0EE9953}.Debug|x86.Build.0 = Debug|x86
		{9A7EBE07-4655-4EEC-B627-F8ADE0EE9953}.Release|Any CPU.ActiveCfg = Release|Any CPU
		{9A7EBE07-4655-4EEC-B627-F8ADE0EE9953}.Release|Any CPU.Build.0 = Release|Any CPU
		{9A7EBE07-4655-4EEC-B627-F8ADE0EE9953}.Release|ARM.ActiveCfg = Release|ARM
		{9A7EBE07-4655-4EEC-B627-F8ADE0EE9953}.Release|ARM.Build.0 = Release|ARM
		{9A7EBE07-4655-4EEC-B627-F8ADE0EE9953}.Release|iPhone.ActiveCfg = Release|Any CPU
		{9A7EBE07-4655-4EEC-B627-F8ADE0EE9953}.Release|iPhone.Build.0 = Release|Any CPU
		{9A7EBE07-4655-4EEC-B627-F8ADE0EE9953}.Release|iPhoneSimulator.ActiveCfg = Release|Any CPU
		{9A7EBE07-4655-4EEC-B627-F8ADE0EE9953}.Release|iPhoneSimulator.Build.0 = Release|Any CPU
		{9A7EBE07-4655-4EEC-B627-F8ADE0EE9953}.Release|x64.ActiveCfg = Release|x64
		{9A7EBE07-4655-4EEC-B627-F8ADE0EE9953}.Release|x64.Build.0 = Release|x64
		{9A7EBE07-4655-4EEC-B627-F8ADE0EE9953}.Release|x86.ActiveCfg = Release|x86
		{9A7EBE07-4655-4EEC-B627-F8ADE0EE9953}.Release|x86.Build.0 = Release|x86
		{CB283AE3-3653-41EC-8E20-69722D2D33FA}.Ad-Hoc|Any CPU.ActiveCfg = Release|Any CPU
		{CB283AE3-3653-41EC-8E20-69722D2D33FA}.Ad-Hoc|Any CPU.Build.0 = Release|Any CPU
		{CB283AE3-3653-41EC-8E20-69722D2D33FA}.Ad-Hoc|ARM.ActiveCfg = Release|ARM
		{CB283AE3-3653-41EC-8E20-69722D2D33FA}.Ad-Hoc|ARM.Build.0 = Release|ARM
		{CB283AE3-3653-41EC-8E20-69722D2D33FA}.Ad-Hoc|iPhone.ActiveCfg = Release|Any CPU
		{CB283AE3-3653-41EC-8E20-69722D2D33FA}.Ad-Hoc|iPhone.Build.0 = Release|Any CPU
		{CB283AE3-3653-41EC-8E20-69722D2D33FA}.Ad-Hoc|iPhoneSimulator.ActiveCfg = Release|Any CPU
		{CB283AE3-3653-41EC-8E20-69722D2D33FA}.Ad-Hoc|iPhoneSimulator.Build.0 = Release|Any CPU
		{CB283AE3-3653-41EC-8E20-69722D2D33FA}.Ad-Hoc|x64.ActiveCfg = Release|x64
		{CB283AE3-3653-41EC-8E20-69722D2D33FA}.Ad-Hoc|x64.Build.0 = Release|x64
		{CB283AE3-3653-41EC-8E20-69722D2D33FA}.Ad-Hoc|x86.ActiveCfg = Release|x86
		{CB283AE3-3653-41EC-8E20-69722D2D33FA}.Ad-Hoc|x86.Build.0 = Release|x86
		{CB283AE3-3653-41EC-8E20-69722D2D33FA}.AppStore|Any CPU.ActiveCfg = Release|Any CPU
		{CB283AE3-3653-41EC-8E20-69722D2D33FA}.AppStore|Any CPU.Build.0 = Release|Any CPU
		{CB283AE3-3653-41EC-8E20-69722D2D33FA}.AppStore|ARM.ActiveCfg = Release|ARM
		{CB283AE3-3653-41EC-8E20-69722D2D33FA}.AppStore|ARM.Build.0 = Release|ARM
		{CB283AE3-3653-41EC-8E20-69722D2D33FA}.AppStore|iPhone.ActiveCfg = Release|Any CPU
		{CB283AE3-3653-41EC-8E20-69722D2D33FA}.AppStore|iPhone.Build.0 = Release|Any CPU
		{CB283AE3-3653-41EC-8E20-69722D2D33FA}.AppStore|iPhoneSimulator.ActiveCfg = Release|Any CPU
		{CB283AE3-3653-41EC-8E20-69722D2D33FA}.AppStore|iPhoneSimulator.Build.0 = Release|Any CPU
		{CB283AE3-3653-41EC-8E20-69722D2D33FA}.AppStore|x64.ActiveCfg = Release|x64
		{CB283AE3-3653-41EC-8E20-69722D2D33FA}.AppStore|x64.Build.0 = Release|x64
		{CB283AE3-3653-41EC-8E20-69722D2D33FA}.AppStore|x86.ActiveCfg = Release|x86
		{CB283AE3-3653-41EC-8E20-69722D2D33FA}.AppStore|x86.Build.0 = Release|x86
		{CB283AE3-3653-41EC-8E20-69722D2D33FA}.Debug|Any CPU.ActiveCfg = Debug|Any CPU
		{CB283AE3-3653-41EC-8E20-69722D2D33FA}.Debug|Any CPU.Build.0 = Debug|Any CPU
		{CB283AE3-3653-41EC-8E20-69722D2D33FA}.Debug|ARM.ActiveCfg = Debug|ARM
		{CB283AE3-3653-41EC-8E20-69722D2D33FA}.Debug|ARM.Build.0 = Debug|ARM
		{CB283AE3-3653-41EC-8E20-69722D2D33FA}.Debug|iPhone.ActiveCfg = Debug|Any CPU
		{CB283AE3-3653-41EC-8E20-69722D2D33FA}.Debug|iPhone.Build.0 = Debug|Any CPU
		{CB283AE3-3653-41EC-8E20-69722D2D33FA}.Debug|iPhoneSimulator.ActiveCfg = Debug|Any CPU
		{CB283AE3-3653-41EC-8E20-69722D2D33FA}.Debug|iPhoneSimulator.Build.0 = Debug|Any CPU
		{CB283AE3-3653-41EC-8E20-69722D2D33FA}.Debug|x64.ActiveCfg = Debug|x64
		{CB283AE3-3653-41EC-8E20-69722D2D33FA}.Debug|x64.Build.0 = Debug|x64
		{CB283AE3-3653-41EC-8E20-69722D2D33FA}.Debug|x86.ActiveCfg = Debug|x86
		{CB283AE3-3653-41EC-8E20-69722D2D33FA}.Debug|x86.Build.0 = Debug|x86
		{CB283AE3-3653-41EC-8E20-69722D2D33FA}.Release|Any CPU.ActiveCfg = Release|Any CPU
		{CB283AE3-3653-41EC-8E20-69722D2D33FA}.Release|Any CPU.Build.0 = Release|Any CPU
		{CB283AE3-3653-41EC-8E20-69722D2D33FA}.Release|ARM.ActiveCfg = Release|ARM
		{CB283AE3-3653-41EC-8E20-69722D2D33FA}.Release|ARM.Build.0 = Release|ARM
		{CB283AE3-3653-41EC-8E20-69722D2D33FA}.Release|iPhone.ActiveCfg = Release|Any CPU
		{CB283AE3-3653-41EC-8E20-69722D2D33FA}.Release|iPhone.Build.0 = Release|Any CPU
		{CB283AE3-3653-41EC-8E20-69722D2D33FA}.Release|iPhoneSimulator.ActiveCfg = Release|Any CPU
		{CB283AE3-3653-41EC-8E20-69722D2D33FA}.Release|iPhoneSimulator.Build.0 = Release|Any CPU
		{CB283AE3-3653-41EC-8E20-69722D2D33FA}.Release|x64.ActiveCfg = Release|x64
		{CB283AE3-3653-41EC-8E20-69722D2D33FA}.Release|x64.Build.0 = Release|x64
		{CB283AE3-3653-41EC-8E20-69722D2D33FA}.Release|x86.ActiveCfg = Release|x86
		{CB283AE3-3653-41EC-8E20-69722D2D33FA}.Release|x86.Build.0 = Release|x86
		{7A916870-D10A-42EB-B8B8-BD3B1E53E0C5}.Ad-Hoc|Any CPU.ActiveCfg = Release|x64
		{7A916870-D10A-42EB-B8B8-BD3B1E53E0C5}.Ad-Hoc|Any CPU.Build.0 = Release|x64
		{7A916870-D10A-42EB-B8B8-BD3B1E53E0C5}.Ad-Hoc|Any CPU.Deploy.0 = Release|x64
		{7A916870-D10A-42EB-B8B8-BD3B1E53E0C5}.Ad-Hoc|ARM.ActiveCfg = Release|ARM
		{7A916870-D10A-42EB-B8B8-BD3B1E53E0C5}.Ad-Hoc|ARM.Build.0 = Release|ARM
		{7A916870-D10A-42EB-B8B8-BD3B1E53E0C5}.Ad-Hoc|ARM.Deploy.0 = Release|ARM
		{7A916870-D10A-42EB-B8B8-BD3B1E53E0C5}.Ad-Hoc|iPhone.ActiveCfg = Release|x64
		{7A916870-D10A-42EB-B8B8-BD3B1E53E0C5}.Ad-Hoc|iPhone.Build.0 = Release|x64
		{7A916870-D10A-42EB-B8B8-BD3B1E53E0C5}.Ad-Hoc|iPhone.Deploy.0 = Release|x64
		{7A916870-D10A-42EB-B8B8-BD3B1E53E0C5}.Ad-Hoc|iPhoneSimulator.ActiveCfg = Release|x64
		{7A916870-D10A-42EB-B8B8-BD3B1E53E0C5}.Ad-Hoc|iPhoneSimulator.Build.0 = Release|x64
		{7A916870-D10A-42EB-B8B8-BD3B1E53E0C5}.Ad-Hoc|iPhoneSimulator.Deploy.0 = Release|x64
		{7A916870-D10A-42EB-B8B8-BD3B1E53E0C5}.Ad-Hoc|x64.ActiveCfg = Release|x64
		{7A916870-D10A-42EB-B8B8-BD3B1E53E0C5}.Ad-Hoc|x64.Build.0 = Release|x64
		{7A916870-D10A-42EB-B8B8-BD3B1E53E0C5}.Ad-Hoc|x64.Deploy.0 = Release|x64
		{7A916870-D10A-42EB-B8B8-BD3B1E53E0C5}.Ad-Hoc|x86.ActiveCfg = Release|x86
		{7A916870-D10A-42EB-B8B8-BD3B1E53E0C5}.Ad-Hoc|x86.Build.0 = Release|x86
		{7A916870-D10A-42EB-B8B8-BD3B1E53E0C5}.Ad-Hoc|x86.Deploy.0 = Release|x86
		{7A916870-D10A-42EB-B8B8-BD3B1E53E0C5}.AppStore|Any CPU.ActiveCfg = Release|x64
		{7A916870-D10A-42EB-B8B8-BD3B1E53E0C5}.AppStore|Any CPU.Build.0 = Release|x64
		{7A916870-D10A-42EB-B8B8-BD3B1E53E0C5}.AppStore|Any CPU.Deploy.0 = Release|x64
		{7A916870-D10A-42EB-B8B8-BD3B1E53E0C5}.AppStore|ARM.ActiveCfg = Release|ARM
		{7A916870-D10A-42EB-B8B8-BD3B1E53E0C5}.AppStore|ARM.Build.0 = Release|ARM
		{7A916870-D10A-42EB-B8B8-BD3B1E53E0C5}.AppStore|ARM.Deploy.0 = Release|ARM
		{7A916870-D10A-42EB-B8B8-BD3B1E53E0C5}.AppStore|iPhone.ActiveCfg = Release|x64
		{7A916870-D10A-42EB-B8B8-BD3B1E53E0C5}.AppStore|iPhone.Build.0 = Release|x64
		{7A916870-D10A-42EB-B8B8-BD3B1E53E0C5}.AppStore|iPhone.Deploy.0 = Release|x64
		{7A916870-D10A-42EB-B8B8-BD3B1E53E0C5}.AppStore|iPhoneSimulator.ActiveCfg = Release|x64
		{7A916870-D10A-42EB-B8B8-BD3B1E53E0C5}.AppStore|iPhoneSimulator.Build.0 = Release|x64
		{7A916870-D10A-42EB-B8B8-BD3B1E53E0C5}.AppStore|iPhoneSimulator.Deploy.0 = Release|x64
		{7A916870-D10A-42EB-B8B8-BD3B1E53E0C5}.AppStore|x64.ActiveCfg = Release|x64
		{7A916870-D10A-42EB-B8B8-BD3B1E53E0C5}.AppStore|x64.Build.0 = Release|x64
		{7A916870-D10A-42EB-B8B8-BD3B1E53E0C5}.AppStore|x64.Deploy.0 = Release|x64
		{7A916870-D10A-42EB-B8B8-BD3B1E53E0C5}.AppStore|x86.ActiveCfg = Release|x86
		{7A916870-D10A-42EB-B8B8-BD3B1E53E0C5}.AppStore|x86.Build.0 = Release|x86
		{7A916870-D10A-42EB-B8B8-BD3B1E53E0C5}.AppStore|x86.Deploy.0 = Release|x86
		{7A916870-D10A-42EB-B8B8-BD3B1E53E0C5}.Debug|Any CPU.ActiveCfg = Debug|x86
		{7A916870-D10A-42EB-B8B8-BD3B1E53E0C5}.Debug|ARM.ActiveCfg = Debug|ARM
		{7A916870-D10A-42EB-B8B8-BD3B1E53E0C5}.Debug|ARM.Build.0 = Debug|ARM
		{7A916870-D10A-42EB-B8B8-BD3B1E53E0C5}.Debug|ARM.Deploy.0 = Debug|ARM
		{7A916870-D10A-42EB-B8B8-BD3B1E53E0C5}.Debug|iPhone.ActiveCfg = Debug|x86
		{7A916870-D10A-42EB-B8B8-BD3B1E53E0C5}.Debug|iPhoneSimulator.ActiveCfg = Debug|x86
		{7A916870-D10A-42EB-B8B8-BD3B1E53E0C5}.Debug|x64.ActiveCfg = Debug|x64
		{7A916870-D10A-42EB-B8B8-BD3B1E53E0C5}.Debug|x64.Build.0 = Debug|x64
		{7A916870-D10A-42EB-B8B8-BD3B1E53E0C5}.Debug|x64.Deploy.0 = Debug|x64
		{7A916870-D10A-42EB-B8B8-BD3B1E53E0C5}.Debug|x86.ActiveCfg = Debug|x86
		{7A916870-D10A-42EB-B8B8-BD3B1E53E0C5}.Debug|x86.Build.0 = Debug|x86
		{7A916870-D10A-42EB-B8B8-BD3B1E53E0C5}.Debug|x86.Deploy.0 = Debug|x86
		{7A916870-D10A-42EB-B8B8-BD3B1E53E0C5}.Release|Any CPU.ActiveCfg = Release|x86
		{7A916870-D10A-42EB-B8B8-BD3B1E53E0C5}.Release|ARM.ActiveCfg = Release|ARM
		{7A916870-D10A-42EB-B8B8-BD3B1E53E0C5}.Release|ARM.Build.0 = Release|ARM
		{7A916870-D10A-42EB-B8B8-BD3B1E53E0C5}.Release|ARM.Deploy.0 = Release|ARM
		{7A916870-D10A-42EB-B8B8-BD3B1E53E0C5}.Release|iPhone.ActiveCfg = Release|x86
		{7A916870-D10A-42EB-B8B8-BD3B1E53E0C5}.Release|iPhoneSimulator.ActiveCfg = Release|x86
		{7A916870-D10A-42EB-B8B8-BD3B1E53E0C5}.Release|x64.ActiveCfg = Release|x64
		{7A916870-D10A-42EB-B8B8-BD3B1E53E0C5}.Release|x64.Build.0 = Release|x64
		{7A916870-D10A-42EB-B8B8-BD3B1E53E0C5}.Release|x64.Deploy.0 = Release|x64
		{7A916870-D10A-42EB-B8B8-BD3B1E53E0C5}.Release|x86.ActiveCfg = Release|x86
		{7A916870-D10A-42EB-B8B8-BD3B1E53E0C5}.Release|x86.Build.0 = Release|x86
		{7A916870-D10A-42EB-B8B8-BD3B1E53E0C5}.Release|x86.Deploy.0 = Release|x86
		{15297ADB-484A-42A5-B537-B220F9CFB6E0}.Ad-Hoc|Any CPU.ActiveCfg = Release|Any CPU
		{15297ADB-484A-42A5-B537-B220F9CFB6E0}.Ad-Hoc|Any CPU.Build.0 = Release|Any CPU
		{15297ADB-484A-42A5-B537-B220F9CFB6E0}.Ad-Hoc|ARM.ActiveCfg = Release|ARM
		{15297ADB-484A-42A5-B537-B220F9CFB6E0}.Ad-Hoc|ARM.Build.0 = Release|ARM
		{15297ADB-484A-42A5-B537-B220F9CFB6E0}.Ad-Hoc|iPhone.ActiveCfg = Release|Any CPU
		{15297ADB-484A-42A5-B537-B220F9CFB6E0}.Ad-Hoc|iPhone.Build.0 = Release|Any CPU
		{15297ADB-484A-42A5-B537-B220F9CFB6E0}.Ad-Hoc|iPhoneSimulator.ActiveCfg = Release|Any CPU
		{15297ADB-484A-42A5-B537-B220F9CFB6E0}.Ad-Hoc|iPhoneSimulator.Build.0 = Release|Any CPU
		{15297ADB-484A-42A5-B537-B220F9CFB6E0}.Ad-Hoc|x64.ActiveCfg = Release|x64
		{15297ADB-484A-42A5-B537-B220F9CFB6E0}.Ad-Hoc|x64.Build.0 = Release|x64
		{15297ADB-484A-42A5-B537-B220F9CFB6E0}.Ad-Hoc|x86.ActiveCfg = Release|x86
		{15297ADB-484A-42A5-B537-B220F9CFB6E0}.Ad-Hoc|x86.Build.0 = Release|x86
		{15297ADB-484A-42A5-B537-B220F9CFB6E0}.AppStore|Any CPU.ActiveCfg = Release|Any CPU
		{15297ADB-484A-42A5-B537-B220F9CFB6E0}.AppStore|Any CPU.Build.0 = Release|Any CPU
		{15297ADB-484A-42A5-B537-B220F9CFB6E0}.AppStore|ARM.ActiveCfg = Release|ARM
		{15297ADB-484A-42A5-B537-B220F9CFB6E0}.AppStore|ARM.Build.0 = Release|ARM
		{15297ADB-484A-42A5-B537-B220F9CFB6E0}.AppStore|iPhone.ActiveCfg = Release|Any CPU
		{15297ADB-484A-42A5-B537-B220F9CFB6E0}.AppStore|iPhone.Build.0 = Release|Any CPU
		{15297ADB-484A-42A5-B537-B220F9CFB6E0}.AppStore|iPhoneSimulator.ActiveCfg = Release|Any CPU
		{15297ADB-484A-42A5-B537-B220F9CFB6E0}.AppStore|iPhoneSimulator.Build.0 = Release|Any CPU
		{15297ADB-484A-42A5-B537-B220F9CFB6E0}.AppStore|x64.ActiveCfg = Release|x64
		{15297ADB-484A-42A5-B537-B220F9CFB6E0}.AppStore|x64.Build.0 = Release|x64
		{15297ADB-484A-42A5-B537-B220F9CFB6E0}.AppStore|x86.ActiveCfg = Release|x86
		{15297ADB-484A-42A5-B537-B220F9CFB6E0}.AppStore|x86.Build.0 = Release|x86
		{15297ADB-484A-42A5-B537-B220F9CFB6E0}.Debug|Any CPU.ActiveCfg = Debug|Any CPU
		{15297ADB-484A-42A5-B537-B220F9CFB6E0}.Debug|Any CPU.Build.0 = Debug|Any CPU
		{15297ADB-484A-42A5-B537-B220F9CFB6E0}.Debug|ARM.ActiveCfg = Debug|ARM
		{15297ADB-484A-42A5-B537-B220F9CFB6E0}.Debug|ARM.Build.0 = Debug|ARM
		{15297ADB-484A-42A5-B537-B220F9CFB6E0}.Debug|iPhone.ActiveCfg = Debug|Any CPU
		{15297ADB-484A-42A5-B537-B220F9CFB6E0}.Debug|iPhone.Build.0 = Debug|Any CPU
		{15297ADB-484A-42A5-B537-B220F9CFB6E0}.Debug|iPhoneSimulator.ActiveCfg = Debug|Any CPU
		{15297ADB-484A-42A5-B537-B220F9CFB6E0}.Debug|iPhoneSimulator.Build.0 = Debug|Any CPU
		{15297ADB-484A-42A5-B537-B220F9CFB6E0}.Debug|x64.ActiveCfg = Debug|x64
		{15297ADB-484A-42A5-B537-B220F9CFB6E0}.Debug|x64.Build.0 = Debug|x64
		{15297ADB-484A-42A5-B537-B220F9CFB6E0}.Debug|x86.ActiveCfg = Debug|x86
		{15297ADB-484A-42A5-B537-B220F9CFB6E0}.Debug|x86.Build.0 = Debug|x86
		{15297ADB-484A-42A5-B537-B220F9CFB6E0}.Release|Any CPU.ActiveCfg = Release|Any CPU
		{15297ADB-484A-42A5-B537-B220F9CFB6E0}.Release|Any CPU.Build.0 = Release|Any CPU
		{15297ADB-484A-42A5-B537-B220F9CFB6E0}.Release|ARM.ActiveCfg = Release|ARM
		{15297ADB-484A-42A5-B537-B220F9CFB6E0}.Release|ARM.Build.0 = Release|ARM
		{15297ADB-484A-42A5-B537-B220F9CFB6E0}.Release|iPhone.ActiveCfg = Release|Any CPU
		{15297ADB-484A-42A5-B537-B220F9CFB6E0}.Release|iPhone.Build.0 = Release|Any CPU
		{15297ADB-484A-42A5-B537-B220F9CFB6E0}.Release|iPhoneSimulator.ActiveCfg = Release|Any CPU
		{15297ADB-484A-42A5-B537-B220F9CFB6E0}.Release|iPhoneSimulator.Build.0 = Release|Any CPU
		{15297ADB-484A-42A5-B537-B220F9CFB6E0}.Release|x64.ActiveCfg = Release|x64
		{15297ADB-484A-42A5-B537-B220F9CFB6E0}.Release|x64.Build.0 = Release|x64
		{15297ADB-484A-42A5-B537-B220F9CFB6E0}.Release|x86.ActiveCfg = Release|x86
		{15297ADB-484A-42A5-B537-B220F9CFB6E0}.Release|x86.Build.0 = Release|x86
		{D4785F25-1C67-4914-B049-6AA70D447212}.Ad-Hoc|Any CPU.ActiveCfg = Release|Any CPU
		{D4785F25-1C67-4914-B049-6AA70D447212}.Ad-Hoc|Any CPU.Build.0 = Release|Any CPU
		{D4785F25-1C67-4914-B049-6AA70D447212}.Ad-Hoc|ARM.ActiveCfg = Release|ARM
		{D4785F25-1C67-4914-B049-6AA70D447212}.Ad-Hoc|ARM.Build.0 = Release|ARM
		{D4785F25-1C67-4914-B049-6AA70D447212}.Ad-Hoc|iPhone.ActiveCfg = Release|Any CPU
		{D4785F25-1C67-4914-B049-6AA70D447212}.Ad-Hoc|iPhone.Build.0 = Release|Any CPU
		{D4785F25-1C67-4914-B049-6AA70D447212}.Ad-Hoc|iPhoneSimulator.ActiveCfg = Release|Any CPU
		{D4785F25-1C67-4914-B049-6AA70D447212}.Ad-Hoc|iPhoneSimulator.Build.0 = Release|Any CPU
		{D4785F25-1C67-4914-B049-6AA70D447212}.Ad-Hoc|x64.ActiveCfg = Release|x64
		{D4785F25-1C67-4914-B049-6AA70D447212}.Ad-Hoc|x64.Build.0 = Release|x64
		{D4785F25-1C67-4914-B049-6AA70D447212}.Ad-Hoc|x86.ActiveCfg = Release|x86
		{D4785F25-1C67-4914-B049-6AA70D447212}.Ad-Hoc|x86.Build.0 = Release|x86
		{D4785F25-1C67-4914-B049-6AA70D447212}.AppStore|Any CPU.ActiveCfg = Release|Any CPU
		{D4785F25-1C67-4914-B049-6AA70D447212}.AppStore|Any CPU.Build.0 = Release|Any CPU
		{D4785F25-1C67-4914-B049-6AA70D447212}.AppStore|ARM.ActiveCfg = Release|ARM
		{D4785F25-1C67-4914-B049-6AA70D447212}.AppStore|ARM.Build.0 = Release|ARM
		{D4785F25-1C67-4914-B049-6AA70D447212}.AppStore|iPhone.ActiveCfg = Release|Any CPU
		{D4785F25-1C67-4914-B049-6AA70D447212}.AppStore|iPhone.Build.0 = Release|Any CPU
		{D4785F25-1C67-4914-B049-6AA70D447212}.AppStore|iPhoneSimulator.ActiveCfg = Release|Any CPU
		{D4785F25-1C67-4914-B049-6AA70D447212}.AppStore|iPhoneSimulator.Build.0 = Release|Any CPU
		{D4785F25-1C67-4914-B049-6AA70D447212}.AppStore|x64.ActiveCfg = Release|x64
		{D4785F25-1C67-4914-B049-6AA70D447212}.AppStore|x64.Build.0 = Release|x64
		{D4785F25-1C67-4914-B049-6AA70D447212}.AppStore|x86.ActiveCfg = Release|x86
		{D4785F25-1C67-4914-B049-6AA70D447212}.AppStore|x86.Build.0 = Release|x86
		{D4785F25-1C67-4914-B049-6AA70D447212}.Debug|Any CPU.ActiveCfg = Debug|Any CPU
		{D4785F25-1C67-4914-B049-6AA70D447212}.Debug|Any CPU.Build.0 = Debug|Any CPU
		{D4785F25-1C67-4914-B049-6AA70D447212}.Debug|ARM.ActiveCfg = Debug|ARM
		{D4785F25-1C67-4914-B049-6AA70D447212}.Debug|ARM.Build.0 = Debug|ARM
		{D4785F25-1C67-4914-B049-6AA70D447212}.Debug|iPhone.ActiveCfg = Debug|Any CPU
		{D4785F25-1C67-4914-B049-6AA70D447212}.Debug|iPhone.Build.0 = Debug|Any CPU
		{D4785F25-1C67-4914-B049-6AA70D447212}.Debug|iPhoneSimulator.ActiveCfg = Debug|Any CPU
		{D4785F25-1C67-4914-B049-6AA70D447212}.Debug|iPhoneSimulator.Build.0 = Debug|Any CPU
		{D4785F25-1C67-4914-B049-6AA70D447212}.Debug|x64.ActiveCfg = Debug|x64
		{D4785F25-1C67-4914-B049-6AA70D447212}.Debug|x64.Build.0 = Debug|x64
		{D4785F25-1C67-4914-B049-6AA70D447212}.Debug|x86.ActiveCfg = Debug|x86
		{D4785F25-1C67-4914-B049-6AA70D447212}.Debug|x86.Build.0 = Debug|x86
		{D4785F25-1C67-4914-B049-6AA70D447212}.Release|Any CPU.ActiveCfg = Release|Any CPU
		{D4785F25-1C67-4914-B049-6AA70D447212}.Release|Any CPU.Build.0 = Release|Any CPU
		{D4785F25-1C67-4914-B049-6AA70D447212}.Release|ARM.ActiveCfg = Release|ARM
		{D4785F25-1C67-4914-B049-6AA70D447212}.Release|ARM.Build.0 = Release|ARM
		{D4785F25-1C67-4914-B049-6AA70D447212}.Release|iPhone.ActiveCfg = Release|Any CPU
		{D4785F25-1C67-4914-B049-6AA70D447212}.Release|iPhone.Build.0 = Release|Any CPU
		{D4785F25-1C67-4914-B049-6AA70D447212}.Release|iPhoneSimulator.ActiveCfg = Release|Any CPU
		{D4785F25-1C67-4914-B049-6AA70D447212}.Release|iPhoneSimulator.Build.0 = Release|Any CPU
		{D4785F25-1C67-4914-B049-6AA70D447212}.Release|x64.ActiveCfg = Release|x64
		{D4785F25-1C67-4914-B049-6AA70D447212}.Release|x64.Build.0 = Release|x64
		{D4785F25-1C67-4914-B049-6AA70D447212}.Release|x86.ActiveCfg = Release|x86
		{D4785F25-1C67-4914-B049-6AA70D447212}.Release|x86.Build.0 = Release|x86
		{545A7CD0-EBF7-4829-BBAA-5318A6B381AF}.Ad-Hoc|Any CPU.ActiveCfg = Release|x64
		{545A7CD0-EBF7-4829-BBAA-5318A6B381AF}.Ad-Hoc|Any CPU.Build.0 = Release|x64
		{545A7CD0-EBF7-4829-BBAA-5318A6B381AF}.Ad-Hoc|Any CPU.Deploy.0 = Release|x64
		{545A7CD0-EBF7-4829-BBAA-5318A6B381AF}.Ad-Hoc|ARM.ActiveCfg = Release|ARM
		{545A7CD0-EBF7-4829-BBAA-5318A6B381AF}.Ad-Hoc|ARM.Build.0 = Release|ARM
		{545A7CD0-EBF7-4829-BBAA-5318A6B381AF}.Ad-Hoc|ARM.Deploy.0 = Release|ARM
		{545A7CD0-EBF7-4829-BBAA-5318A6B381AF}.Ad-Hoc|iPhone.ActiveCfg = Release|x64
		{545A7CD0-EBF7-4829-BBAA-5318A6B381AF}.Ad-Hoc|iPhone.Build.0 = Release|x64
		{545A7CD0-EBF7-4829-BBAA-5318A6B381AF}.Ad-Hoc|iPhone.Deploy.0 = Release|x64
		{545A7CD0-EBF7-4829-BBAA-5318A6B381AF}.Ad-Hoc|iPhoneSimulator.ActiveCfg = Release|x64
		{545A7CD0-EBF7-4829-BBAA-5318A6B381AF}.Ad-Hoc|iPhoneSimulator.Build.0 = Release|x64
		{545A7CD0-EBF7-4829-BBAA-5318A6B381AF}.Ad-Hoc|iPhoneSimulator.Deploy.0 = Release|x64
		{545A7CD0-EBF7-4829-BBAA-5318A6B381AF}.Ad-Hoc|x64.ActiveCfg = Release|x64
		{545A7CD0-EBF7-4829-BBAA-5318A6B381AF}.Ad-Hoc|x64.Build.0 = Release|x64
		{545A7CD0-EBF7-4829-BBAA-5318A6B381AF}.Ad-Hoc|x64.Deploy.0 = Release|x64
		{545A7CD0-EBF7-4829-BBAA-5318A6B381AF}.Ad-Hoc|x86.ActiveCfg = Release|x86
		{545A7CD0-EBF7-4829-BBAA-5318A6B381AF}.Ad-Hoc|x86.Build.0 = Release|x86
		{545A7CD0-EBF7-4829-BBAA-5318A6B381AF}.Ad-Hoc|x86.Deploy.0 = Release|x86
		{545A7CD0-EBF7-4829-BBAA-5318A6B381AF}.AppStore|Any CPU.ActiveCfg = Release|x64
		{545A7CD0-EBF7-4829-BBAA-5318A6B381AF}.AppStore|Any CPU.Build.0 = Release|x64
		{545A7CD0-EBF7-4829-BBAA-5318A6B381AF}.AppStore|Any CPU.Deploy.0 = Release|x64
		{545A7CD0-EBF7-4829-BBAA-5318A6B381AF}.AppStore|ARM.ActiveCfg = Release|ARM
		{545A7CD0-EBF7-4829-BBAA-5318A6B381AF}.AppStore|ARM.Build.0 = Release|ARM
		{545A7CD0-EBF7-4829-BBAA-5318A6B381AF}.AppStore|ARM.Deploy.0 = Release|ARM
		{545A7CD0-EBF7-4829-BBAA-5318A6B381AF}.AppStore|iPhone.ActiveCfg = Release|x64
		{545A7CD0-EBF7-4829-BBAA-5318A6B381AF}.AppStore|iPhone.Build.0 = Release|x64
		{545A7CD0-EBF7-4829-BBAA-5318A6B381AF}.AppStore|iPhone.Deploy.0 = Release|x64
		{545A7CD0-EBF7-4829-BBAA-5318A6B381AF}.AppStore|iPhoneSimulator.ActiveCfg = Release|x64
		{545A7CD0-EBF7-4829-BBAA-5318A6B381AF}.AppStore|iPhoneSimulator.Build.0 = Release|x64
		{545A7CD0-EBF7-4829-BBAA-5318A6B381AF}.AppStore|iPhoneSimulator.Deploy.0 = Release|x64
		{545A7CD0-EBF7-4829-BBAA-5318A6B381AF}.AppStore|x64.ActiveCfg = Release|x64
		{545A7CD0-EBF7-4829-BBAA-5318A6B381AF}.AppStore|x64.Build.0 = Release|x64
		{545A7CD0-EBF7-4829-BBAA-5318A6B381AF}.AppStore|x64.Deploy.0 = Release|x64
		{545A7CD0-EBF7-4829-BBAA-5318A6B381AF}.AppStore|x86.ActiveCfg = Release|x86
		{545A7CD0-EBF7-4829-BBAA-5318A6B381AF}.AppStore|x86.Build.0 = Release|x86
		{545A7CD0-EBF7-4829-BBAA-5318A6B381AF}.AppStore|x86.Deploy.0 = Release|x86
		{545A7CD0-EBF7-4829-BBAA-5318A6B381AF}.Debug|Any CPU.ActiveCfg = Debug|x86
		{545A7CD0-EBF7-4829-BBAA-5318A6B381AF}.Debug|ARM.ActiveCfg = Debug|ARM
		{545A7CD0-EBF7-4829-BBAA-5318A6B381AF}.Debug|ARM.Build.0 = Debug|ARM
		{545A7CD0-EBF7-4829-BBAA-5318A6B381AF}.Debug|ARM.Deploy.0 = Debug|ARM
		{545A7CD0-EBF7-4829-BBAA-5318A6B381AF}.Debug|iPhone.ActiveCfg = Debug|x86
		{545A7CD0-EBF7-4829-BBAA-5318A6B381AF}.Debug|iPhoneSimulator.ActiveCfg = Debug|x86
		{545A7CD0-EBF7-4829-BBAA-5318A6B381AF}.Debug|x64.ActiveCfg = Debug|x64
		{545A7CD0-EBF7-4829-BBAA-5318A6B381AF}.Debug|x64.Build.0 = Debug|x64
		{545A7CD0-EBF7-4829-BBAA-5318A6B381AF}.Debug|x64.Deploy.0 = Debug|x64
		{545A7CD0-EBF7-4829-BBAA-5318A6B381AF}.Debug|x86.ActiveCfg = Debug|x86
		{545A7CD0-EBF7-4829-BBAA-5318A6B381AF}.Debug|x86.Build.0 = Debug|x86
		{545A7CD0-EBF7-4829-BBAA-5318A6B381AF}.Debug|x86.Deploy.0 = Debug|x86
		{545A7CD0-EBF7-4829-BBAA-5318A6B381AF}.Release|Any CPU.ActiveCfg = Release|x86
		{545A7CD0-EBF7-4829-BBAA-5318A6B381AF}.Release|ARM.ActiveCfg = Release|ARM
		{545A7CD0-EBF7-4829-BBAA-5318A6B381AF}.Release|ARM.Build.0 = Release|ARM
		{545A7CD0-EBF7-4829-BBAA-5318A6B381AF}.Release|ARM.Deploy.0 = Release|ARM
		{545A7CD0-EBF7-4829-BBAA-5318A6B381AF}.Release|iPhone.ActiveCfg = Release|x86
		{545A7CD0-EBF7-4829-BBAA-5318A6B381AF}.Release|iPhoneSimulator.ActiveCfg = Release|x86
		{545A7CD0-EBF7-4829-BBAA-5318A6B381AF}.Release|x64.ActiveCfg = Release|x64
		{545A7CD0-EBF7-4829-BBAA-5318A6B381AF}.Release|x64.Build.0 = Release|x64
		{545A7CD0-EBF7-4829-BBAA-5318A6B381AF}.Release|x64.Deploy.0 = Release|x64
		{545A7CD0-EBF7-4829-BBAA-5318A6B381AF}.Release|x86.ActiveCfg = Release|x86
		{545A7CD0-EBF7-4829-BBAA-5318A6B381AF}.Release|x86.Build.0 = Release|x86
		{545A7CD0-EBF7-4829-BBAA-5318A6B381AF}.Release|x86.Deploy.0 = Release|x86
		{1FB50364-50DB-4358-AA88-5515C9724FF6}.Ad-Hoc|Any CPU.ActiveCfg = Debug|Any CPU
		{1FB50364-50DB-4358-AA88-5515C9724FF6}.Ad-Hoc|Any CPU.Build.0 = Debug|Any CPU
		{1FB50364-50DB-4358-AA88-5515C9724FF6}.Ad-Hoc|ARM.ActiveCfg = Debug|Any CPU
		{1FB50364-50DB-4358-AA88-5515C9724FF6}.Ad-Hoc|ARM.Build.0 = Debug|Any CPU
		{1FB50364-50DB-4358-AA88-5515C9724FF6}.Ad-Hoc|iPhone.ActiveCfg = Debug|Any CPU
		{1FB50364-50DB-4358-AA88-5515C9724FF6}.Ad-Hoc|iPhone.Build.0 = Debug|Any CPU
		{1FB50364-50DB-4358-AA88-5515C9724FF6}.Ad-Hoc|iPhoneSimulator.ActiveCfg = Debug|Any CPU
		{1FB50364-50DB-4358-AA88-5515C9724FF6}.Ad-Hoc|iPhoneSimulator.Build.0 = Debug|Any CPU
		{1FB50364-50DB-4358-AA88-5515C9724FF6}.Ad-Hoc|x64.ActiveCfg = Debug|Any CPU
		{1FB50364-50DB-4358-AA88-5515C9724FF6}.Ad-Hoc|x64.Build.0 = Debug|Any CPU
		{1FB50364-50DB-4358-AA88-5515C9724FF6}.Ad-Hoc|x86.ActiveCfg = Debug|Any CPU
		{1FB50364-50DB-4358-AA88-5515C9724FF6}.Ad-Hoc|x86.Build.0 = Debug|Any CPU
		{1FB50364-50DB-4358-AA88-5515C9724FF6}.AppStore|Any CPU.ActiveCfg = Debug|Any CPU
		{1FB50364-50DB-4358-AA88-5515C9724FF6}.AppStore|Any CPU.Build.0 = Debug|Any CPU
		{1FB50364-50DB-4358-AA88-5515C9724FF6}.AppStore|ARM.ActiveCfg = Debug|Any CPU
		{1FB50364-50DB-4358-AA88-5515C9724FF6}.AppStore|ARM.Build.0 = Debug|Any CPU
		{1FB50364-50DB-4358-AA88-5515C9724FF6}.AppStore|iPhone.ActiveCfg = Debug|Any CPU
		{1FB50364-50DB-4358-AA88-5515C9724FF6}.AppStore|iPhone.Build.0 = Debug|Any CPU
		{1FB50364-50DB-4358-AA88-5515C9724FF6}.AppStore|iPhoneSimulator.ActiveCfg = Debug|Any CPU
		{1FB50364-50DB-4358-AA88-5515C9724FF6}.AppStore|iPhoneSimulator.Build.0 = Debug|Any CPU
		{1FB50364-50DB-4358-AA88-5515C9724FF6}.AppStore|x64.ActiveCfg = Debug|Any CPU
		{1FB50364-50DB-4358-AA88-5515C9724FF6}.AppStore|x64.Build.0 = Debug|Any CPU
		{1FB50364-50DB-4358-AA88-5515C9724FF6}.AppStore|x86.ActiveCfg = Debug|Any CPU
		{1FB50364-50DB-4358-AA88-5515C9724FF6}.AppStore|x86.Build.0 = Debug|Any CPU
		{1FB50364-50DB-4358-AA88-5515C9724FF6}.Debug|Any CPU.ActiveCfg = Debug|Any CPU
		{1FB50364-50DB-4358-AA88-5515C9724FF6}.Debug|Any CPU.Build.0 = Debug|Any CPU
		{1FB50364-50DB-4358-AA88-5515C9724FF6}.Debug|ARM.ActiveCfg = Debug|Any CPU
		{1FB50364-50DB-4358-AA88-5515C9724FF6}.Debug|ARM.Build.0 = Debug|Any CPU
		{1FB50364-50DB-4358-AA88-5515C9724FF6}.Debug|iPhone.ActiveCfg = Debug|Any CPU
		{1FB50364-50DB-4358-AA88-5515C9724FF6}.Debug|iPhone.Build.0 = Debug|Any CPU
		{1FB50364-50DB-4358-AA88-5515C9724FF6}.Debug|iPhoneSimulator.ActiveCfg = Debug|Any CPU
		{1FB50364-50DB-4358-AA88-5515C9724FF6}.Debug|iPhoneSimulator.Build.0 = Debug|Any CPU
		{1FB50364-50DB-4358-AA88-5515C9724FF6}.Debug|x64.ActiveCfg = Debug|Any CPU
		{1FB50364-50DB-4358-AA88-5515C9724FF6}.Debug|x64.Build.0 = Debug|Any CPU
		{1FB50364-50DB-4358-AA88-5515C9724FF6}.Debug|x86.ActiveCfg = Debug|Any CPU
		{1FB50364-50DB-4358-AA88-5515C9724FF6}.Debug|x86.Build.0 = Debug|Any CPU
		{1FB50364-50DB-4358-AA88-5515C9724FF6}.Release|Any CPU.ActiveCfg = Release|Any CPU
		{1FB50364-50DB-4358-AA88-5515C9724FF6}.Release|Any CPU.Build.0 = Release|Any CPU
		{1FB50364-50DB-4358-AA88-5515C9724FF6}.Release|ARM.ActiveCfg = Release|Any CPU
		{1FB50364-50DB-4358-AA88-5515C9724FF6}.Release|ARM.Build.0 = Release|Any CPU
		{1FB50364-50DB-4358-AA88-5515C9724FF6}.Release|iPhone.ActiveCfg = Release|Any CPU
		{1FB50364-50DB-4358-AA88-5515C9724FF6}.Release|iPhone.Build.0 = Release|Any CPU
		{1FB50364-50DB-4358-AA88-5515C9724FF6}.Release|iPhoneSimulator.ActiveCfg = Release|Any CPU
		{1FB50364-50DB-4358-AA88-5515C9724FF6}.Release|iPhoneSimulator.Build.0 = Release|Any CPU
		{1FB50364-50DB-4358-AA88-5515C9724FF6}.Release|x64.ActiveCfg = Release|Any CPU
		{1FB50364-50DB-4358-AA88-5515C9724FF6}.Release|x64.Build.0 = Release|Any CPU
		{1FB50364-50DB-4358-AA88-5515C9724FF6}.Release|x86.ActiveCfg = Release|Any CPU
		{1FB50364-50DB-4358-AA88-5515C9724FF6}.Release|x86.Build.0 = Release|Any CPU
		{36FFDCD3-7D3B-4CF7-A4EC-8C6C92D48782}.Ad-Hoc|Any CPU.ActiveCfg = Release|Any CPU
		{36FFDCD3-7D3B-4CF7-A4EC-8C6C92D48782}.Ad-Hoc|Any CPU.Build.0 = Release|Any CPU
		{36FFDCD3-7D3B-4CF7-A4EC-8C6C92D48782}.Ad-Hoc|Any CPU.Deploy.0 = Release|Any CPU
		{36FFDCD3-7D3B-4CF7-A4EC-8C6C92D48782}.Ad-Hoc|ARM.ActiveCfg = Release|Any CPU
		{36FFDCD3-7D3B-4CF7-A4EC-8C6C92D48782}.Ad-Hoc|ARM.Build.0 = Release|Any CPU
		{36FFDCD3-7D3B-4CF7-A4EC-8C6C92D48782}.Ad-Hoc|ARM.Deploy.0 = Release|Any CPU
		{36FFDCD3-7D3B-4CF7-A4EC-8C6C92D48782}.Ad-Hoc|iPhone.ActiveCfg = Release|Any CPU
		{36FFDCD3-7D3B-4CF7-A4EC-8C6C92D48782}.Ad-Hoc|iPhone.Build.0 = Release|Any CPU
		{36FFDCD3-7D3B-4CF7-A4EC-8C6C92D48782}.Ad-Hoc|iPhone.Deploy.0 = Release|Any CPU
		{36FFDCD3-7D3B-4CF7-A4EC-8C6C92D48782}.Ad-Hoc|iPhoneSimulator.ActiveCfg = Release|Any CPU
		{36FFDCD3-7D3B-4CF7-A4EC-8C6C92D48782}.Ad-Hoc|iPhoneSimulator.Build.0 = Release|Any CPU
		{36FFDCD3-7D3B-4CF7-A4EC-8C6C92D48782}.Ad-Hoc|iPhoneSimulator.Deploy.0 = Release|Any CPU
		{36FFDCD3-7D3B-4CF7-A4EC-8C6C92D48782}.Ad-Hoc|x64.ActiveCfg = Release|Any CPU
		{36FFDCD3-7D3B-4CF7-A4EC-8C6C92D48782}.Ad-Hoc|x64.Build.0 = Release|Any CPU
		{36FFDCD3-7D3B-4CF7-A4EC-8C6C92D48782}.Ad-Hoc|x64.Deploy.0 = Release|Any CPU
		{36FFDCD3-7D3B-4CF7-A4EC-8C6C92D48782}.Ad-Hoc|x86.ActiveCfg = Release|Any CPU
		{36FFDCD3-7D3B-4CF7-A4EC-8C6C92D48782}.Ad-Hoc|x86.Build.0 = Release|Any CPU
		{36FFDCD3-7D3B-4CF7-A4EC-8C6C92D48782}.Ad-Hoc|x86.Deploy.0 = Release|Any CPU
		{36FFDCD3-7D3B-4CF7-A4EC-8C6C92D48782}.AppStore|Any CPU.ActiveCfg = Release|Any CPU
		{36FFDCD3-7D3B-4CF7-A4EC-8C6C92D48782}.AppStore|Any CPU.Build.0 = Release|Any CPU
		{36FFDCD3-7D3B-4CF7-A4EC-8C6C92D48782}.AppStore|Any CPU.Deploy.0 = Release|Any CPU
		{36FFDCD3-7D3B-4CF7-A4EC-8C6C92D48782}.AppStore|ARM.ActiveCfg = Release|Any CPU
		{36FFDCD3-7D3B-4CF7-A4EC-8C6C92D48782}.AppStore|ARM.Build.0 = Release|Any CPU
		{36FFDCD3-7D3B-4CF7-A4EC-8C6C92D48782}.AppStore|ARM.Deploy.0 = Release|Any CPU
		{36FFDCD3-7D3B-4CF7-A4EC-8C6C92D48782}.AppStore|iPhone.ActiveCfg = Release|Any CPU
		{36FFDCD3-7D3B-4CF7-A4EC-8C6C92D48782}.AppStore|iPhone.Build.0 = Release|Any CPU
		{36FFDCD3-7D3B-4CF7-A4EC-8C6C92D48782}.AppStore|iPhone.Deploy.0 = Release|Any CPU
		{36FFDCD3-7D3B-4CF7-A4EC-8C6C92D48782}.AppStore|iPhoneSimulator.ActiveCfg = Release|Any CPU
		{36FFDCD3-7D3B-4CF7-A4EC-8C6C92D48782}.AppStore|iPhoneSimulator.Build.0 = Release|Any CPU
		{36FFDCD3-7D3B-4CF7-A4EC-8C6C92D48782}.AppStore|iPhoneSimulator.Deploy.0 = Release|Any CPU
		{36FFDCD3-7D3B-4CF7-A4EC-8C6C92D48782}.AppStore|x64.ActiveCfg = Release|Any CPU
		{36FFDCD3-7D3B-4CF7-A4EC-8C6C92D48782}.AppStore|x64.Build.0 = Release|Any CPU
		{36FFDCD3-7D3B-4CF7-A4EC-8C6C92D48782}.AppStore|x64.Deploy.0 = Release|Any CPU
		{36FFDCD3-7D3B-4CF7-A4EC-8C6C92D48782}.AppStore|x86.ActiveCfg = Release|Any CPU
		{36FFDCD3-7D3B-4CF7-A4EC-8C6C92D48782}.AppStore|x86.Build.0 = Release|Any CPU
		{36FFDCD3-7D3B-4CF7-A4EC-8C6C92D48782}.AppStore|x86.Deploy.0 = Release|Any CPU
		{36FFDCD3-7D3B-4CF7-A4EC-8C6C92D48782}.Debug|Any CPU.ActiveCfg = Debug|Any CPU
		{36FFDCD3-7D3B-4CF7-A4EC-8C6C92D48782}.Debug|Any CPU.Build.0 = Debug|Any CPU
		{36FFDCD3-7D3B-4CF7-A4EC-8C6C92D48782}.Debug|Any CPU.Deploy.0 = Debug|Any CPU
		{36FFDCD3-7D3B-4CF7-A4EC-8C6C92D48782}.Debug|ARM.ActiveCfg = Debug|Any CPU
		{36FFDCD3-7D3B-4CF7-A4EC-8C6C92D48782}.Debug|ARM.Build.0 = Debug|Any CPU
		{36FFDCD3-7D3B-4CF7-A4EC-8C6C92D48782}.Debug|ARM.Deploy.0 = Debug|Any CPU
		{36FFDCD3-7D3B-4CF7-A4EC-8C6C92D48782}.Debug|iPhone.ActiveCfg = Debug|Any CPU
		{36FFDCD3-7D3B-4CF7-A4EC-8C6C92D48782}.Debug|iPhone.Build.0 = Debug|Any CPU
		{36FFDCD3-7D3B-4CF7-A4EC-8C6C92D48782}.Debug|iPhone.Deploy.0 = Debug|Any CPU
		{36FFDCD3-7D3B-4CF7-A4EC-8C6C92D48782}.Debug|iPhoneSimulator.ActiveCfg = Debug|Any CPU
		{36FFDCD3-7D3B-4CF7-A4EC-8C6C92D48782}.Debug|iPhoneSimulator.Build.0 = Debug|Any CPU
		{36FFDCD3-7D3B-4CF7-A4EC-8C6C92D48782}.Debug|iPhoneSimulator.Deploy.0 = Debug|Any CPU
		{36FFDCD3-7D3B-4CF7-A4EC-8C6C92D48782}.Debug|x64.ActiveCfg = Debug|Any CPU
		{36FFDCD3-7D3B-4CF7-A4EC-8C6C92D48782}.Debug|x64.Build.0 = Debug|Any CPU
		{36FFDCD3-7D3B-4CF7-A4EC-8C6C92D48782}.Debug|x64.Deploy.0 = Debug|Any CPU
		{36FFDCD3-7D3B-4CF7-A4EC-8C6C92D48782}.Debug|x86.ActiveCfg = Debug|Any CPU
		{36FFDCD3-7D3B-4CF7-A4EC-8C6C92D48782}.Debug|x86.Build.0 = Debug|Any CPU
		{36FFDCD3-7D3B-4CF7-A4EC-8C6C92D48782}.Debug|x86.Deploy.0 = Debug|Any CPU
		{36FFDCD3-7D3B-4CF7-A4EC-8C6C92D48782}.Release|Any CPU.ActiveCfg = Release|Any CPU
		{36FFDCD3-7D3B-4CF7-A4EC-8C6C92D48782}.Release|Any CPU.Build.0 = Release|Any CPU
		{36FFDCD3-7D3B-4CF7-A4EC-8C6C92D48782}.Release|Any CPU.Deploy.0 = Release|Any CPU
		{36FFDCD3-7D3B-4CF7-A4EC-8C6C92D48782}.Release|ARM.ActiveCfg = Release|Any CPU
		{36FFDCD3-7D3B-4CF7-A4EC-8C6C92D48782}.Release|ARM.Build.0 = Release|Any CPU
		{36FFDCD3-7D3B-4CF7-A4EC-8C6C92D48782}.Release|ARM.Deploy.0 = Release|Any CPU
		{36FFDCD3-7D3B-4CF7-A4EC-8C6C92D48782}.Release|iPhone.ActiveCfg = Release|Any CPU
		{36FFDCD3-7D3B-4CF7-A4EC-8C6C92D48782}.Release|iPhone.Build.0 = Release|Any CPU
		{36FFDCD3-7D3B-4CF7-A4EC-8C6C92D48782}.Release|iPhone.Deploy.0 = Release|Any CPU
		{36FFDCD3-7D3B-4CF7-A4EC-8C6C92D48782}.Release|iPhoneSimulator.ActiveCfg = Release|Any CPU
		{36FFDCD3-7D3B-4CF7-A4EC-8C6C92D48782}.Release|iPhoneSimulator.Build.0 = Release|Any CPU
		{36FFDCD3-7D3B-4CF7-A4EC-8C6C92D48782}.Release|iPhoneSimulator.Deploy.0 = Release|Any CPU
		{36FFDCD3-7D3B-4CF7-A4EC-8C6C92D48782}.Release|x64.ActiveCfg = Release|Any CPU
		{36FFDCD3-7D3B-4CF7-A4EC-8C6C92D48782}.Release|x64.Build.0 = Release|Any CPU
		{36FFDCD3-7D3B-4CF7-A4EC-8C6C92D48782}.Release|x64.Deploy.0 = Release|Any CPU
		{36FFDCD3-7D3B-4CF7-A4EC-8C6C92D48782}.Release|x86.ActiveCfg = Release|Any CPU
		{36FFDCD3-7D3B-4CF7-A4EC-8C6C92D48782}.Release|x86.Build.0 = Release|Any CPU
		{36FFDCD3-7D3B-4CF7-A4EC-8C6C92D48782}.Release|x86.Deploy.0 = Release|Any CPU
		{0BB6E05A-7FA0-4387-8D8D-DAD0C16A2C86}.Ad-Hoc|Any CPU.ActiveCfg = Ad-Hoc|iPhone
		{0BB6E05A-7FA0-4387-8D8D-DAD0C16A2C86}.Ad-Hoc|ARM.ActiveCfg = Ad-Hoc|iPhone
		{0BB6E05A-7FA0-4387-8D8D-DAD0C16A2C86}.Ad-Hoc|iPhone.ActiveCfg = Ad-Hoc|iPhone
		{0BB6E05A-7FA0-4387-8D8D-DAD0C16A2C86}.Ad-Hoc|iPhone.Build.0 = Ad-Hoc|iPhone
		{0BB6E05A-7FA0-4387-8D8D-DAD0C16A2C86}.Ad-Hoc|iPhoneSimulator.ActiveCfg = Ad-Hoc|iPhoneSimulator
		{0BB6E05A-7FA0-4387-8D8D-DAD0C16A2C86}.Ad-Hoc|iPhoneSimulator.Build.0 = Ad-Hoc|iPhoneSimulator
		{0BB6E05A-7FA0-4387-8D8D-DAD0C16A2C86}.Ad-Hoc|x64.ActiveCfg = Ad-Hoc|iPhone
		{0BB6E05A-7FA0-4387-8D8D-DAD0C16A2C86}.Ad-Hoc|x86.ActiveCfg = Ad-Hoc|iPhone
		{0BB6E05A-7FA0-4387-8D8D-DAD0C16A2C86}.AppStore|Any CPU.ActiveCfg = AppStore|iPhone
		{0BB6E05A-7FA0-4387-8D8D-DAD0C16A2C86}.AppStore|ARM.ActiveCfg = AppStore|iPhone
		{0BB6E05A-7FA0-4387-8D8D-DAD0C16A2C86}.AppStore|iPhone.ActiveCfg = AppStore|iPhone
		{0BB6E05A-7FA0-4387-8D8D-DAD0C16A2C86}.AppStore|iPhone.Build.0 = AppStore|iPhone
		{0BB6E05A-7FA0-4387-8D8D-DAD0C16A2C86}.AppStore|iPhoneSimulator.ActiveCfg = AppStore|iPhoneSimulator
		{0BB6E05A-7FA0-4387-8D8D-DAD0C16A2C86}.AppStore|iPhoneSimulator.Build.0 = AppStore|iPhoneSimulator
		{0BB6E05A-7FA0-4387-8D8D-DAD0C16A2C86}.AppStore|x64.ActiveCfg = AppStore|iPhone
		{0BB6E05A-7FA0-4387-8D8D-DAD0C16A2C86}.AppStore|x86.ActiveCfg = AppStore|iPhone
		{0BB6E05A-7FA0-4387-8D8D-DAD0C16A2C86}.Debug|Any CPU.ActiveCfg = Debug|iPhone
		{0BB6E05A-7FA0-4387-8D8D-DAD0C16A2C86}.Debug|ARM.ActiveCfg = Debug|iPhone
		{0BB6E05A-7FA0-4387-8D8D-DAD0C16A2C86}.Debug|iPhone.ActiveCfg = Debug|iPhone
		{0BB6E05A-7FA0-4387-8D8D-DAD0C16A2C86}.Debug|iPhone.Build.0 = Debug|iPhone
		{0BB6E05A-7FA0-4387-8D8D-DAD0C16A2C86}.Debug|iPhoneSimulator.ActiveCfg = Debug|iPhoneSimulator
		{0BB6E05A-7FA0-4387-8D8D-DAD0C16A2C86}.Debug|iPhoneSimulator.Build.0 = Debug|iPhoneSimulator
		{0BB6E05A-7FA0-4387-8D8D-DAD0C16A2C86}.Debug|x64.ActiveCfg = Debug|iPhone
		{0BB6E05A-7FA0-4387-8D8D-DAD0C16A2C86}.Debug|x86.ActiveCfg = Debug|iPhone
		{0BB6E05A-7FA0-4387-8D8D-DAD0C16A2C86}.Release|Any CPU.ActiveCfg = Release|iPhone
		{0BB6E05A-7FA0-4387-8D8D-DAD0C16A2C86}.Release|ARM.ActiveCfg = Release|iPhone
		{0BB6E05A-7FA0-4387-8D8D-DAD0C16A2C86}.Release|iPhone.ActiveCfg = Release|iPhone
		{0BB6E05A-7FA0-4387-8D8D-DAD0C16A2C86}.Release|iPhone.Build.0 = Release|iPhone
		{0BB6E05A-7FA0-4387-8D8D-DAD0C16A2C86}.Release|iPhoneSimulator.ActiveCfg = Release|iPhoneSimulator
		{0BB6E05A-7FA0-4387-8D8D-DAD0C16A2C86}.Release|iPhoneSimulator.Build.0 = Release|iPhoneSimulator
		{0BB6E05A-7FA0-4387-8D8D-DAD0C16A2C86}.Release|x64.ActiveCfg = Release|iPhone
		{0BB6E05A-7FA0-4387-8D8D-DAD0C16A2C86}.Release|x86.ActiveCfg = Release|iPhone
		{CEF4BE82-4C28-41BE-9F08-1ADE6ED2374C}.Ad-Hoc|Any CPU.ActiveCfg = Release|x86
		{CEF4BE82-4C28-41BE-9F08-1ADE6ED2374C}.Ad-Hoc|Any CPU.Build.0 = Release|x86
		{CEF4BE82-4C28-41BE-9F08-1ADE6ED2374C}.Ad-Hoc|Any CPU.Deploy.0 = Release|x86
		{CEF4BE82-4C28-41BE-9F08-1ADE6ED2374C}.Ad-Hoc|ARM.ActiveCfg = Release|ARM
		{CEF4BE82-4C28-41BE-9F08-1ADE6ED2374C}.Ad-Hoc|ARM.Build.0 = Release|ARM
		{CEF4BE82-4C28-41BE-9F08-1ADE6ED2374C}.Ad-Hoc|ARM.Deploy.0 = Release|ARM
		{CEF4BE82-4C28-41BE-9F08-1ADE6ED2374C}.Ad-Hoc|iPhone.ActiveCfg = Release|x86
		{CEF4BE82-4C28-41BE-9F08-1ADE6ED2374C}.Ad-Hoc|iPhone.Build.0 = Release|x86
		{CEF4BE82-4C28-41BE-9F08-1ADE6ED2374C}.Ad-Hoc|iPhone.Deploy.0 = Release|x86
		{CEF4BE82-4C28-41BE-9F08-1ADE6ED2374C}.Ad-Hoc|iPhoneSimulator.ActiveCfg = Release|x86
		{CEF4BE82-4C28-41BE-9F08-1ADE6ED2374C}.Ad-Hoc|iPhoneSimulator.Build.0 = Release|x86
		{CEF4BE82-4C28-41BE-9F08-1ADE6ED2374C}.Ad-Hoc|iPhoneSimulator.Deploy.0 = Release|x86
		{CEF4BE82-4C28-41BE-9F08-1ADE6ED2374C}.Ad-Hoc|x64.ActiveCfg = Release|x64
		{CEF4BE82-4C28-41BE-9F08-1ADE6ED2374C}.Ad-Hoc|x64.Build.0 = Release|x64
		{CEF4BE82-4C28-41BE-9F08-1ADE6ED2374C}.Ad-Hoc|x64.Deploy.0 = Release|x64
		{CEF4BE82-4C28-41BE-9F08-1ADE6ED2374C}.Ad-Hoc|x86.ActiveCfg = Release|x86
		{CEF4BE82-4C28-41BE-9F08-1ADE6ED2374C}.Ad-Hoc|x86.Build.0 = Release|x86
		{CEF4BE82-4C28-41BE-9F08-1ADE6ED2374C}.Ad-Hoc|x86.Deploy.0 = Release|x86
		{CEF4BE82-4C28-41BE-9F08-1ADE6ED2374C}.AppStore|Any CPU.ActiveCfg = Release|x86
		{CEF4BE82-4C28-41BE-9F08-1ADE6ED2374C}.AppStore|Any CPU.Build.0 = Release|x86
		{CEF4BE82-4C28-41BE-9F08-1ADE6ED2374C}.AppStore|Any CPU.Deploy.0 = Release|x86
		{CEF4BE82-4C28-41BE-9F08-1ADE6ED2374C}.AppStore|ARM.ActiveCfg = Release|ARM
		{CEF4BE82-4C28-41BE-9F08-1ADE6ED2374C}.AppStore|ARM.Build.0 = Release|ARM
		{CEF4BE82-4C28-41BE-9F08-1ADE6ED2374C}.AppStore|ARM.Deploy.0 = Release|ARM
		{CEF4BE82-4C28-41BE-9F08-1ADE6ED2374C}.AppStore|iPhone.ActiveCfg = Release|x86
		{CEF4BE82-4C28-41BE-9F08-1ADE6ED2374C}.AppStore|iPhone.Build.0 = Release|x86
		{CEF4BE82-4C28-41BE-9F08-1ADE6ED2374C}.AppStore|iPhone.Deploy.0 = Release|x86
		{CEF4BE82-4C28-41BE-9F08-1ADE6ED2374C}.AppStore|iPhoneSimulator.ActiveCfg = Release|x86
		{CEF4BE82-4C28-41BE-9F08-1ADE6ED2374C}.AppStore|iPhoneSimulator.Build.0 = Release|x86
		{CEF4BE82-4C28-41BE-9F08-1ADE6ED2374C}.AppStore|iPhoneSimulator.Deploy.0 = Release|x86
		{CEF4BE82-4C28-41BE-9F08-1ADE6ED2374C}.AppStore|x64.ActiveCfg = Release|x64
		{CEF4BE82-4C28-41BE-9F08-1ADE6ED2374C}.AppStore|x64.Build.0 = Release|x64
		{CEF4BE82-4C28-41BE-9F08-1ADE6ED2374C}.AppStore|x64.Deploy.0 = Release|x64
		{CEF4BE82-4C28-41BE-9F08-1ADE6ED2374C}.AppStore|x86.ActiveCfg = Release|x86
		{CEF4BE82-4C28-41BE-9F08-1ADE6ED2374C}.AppStore|x86.Build.0 = Release|x86
		{CEF4BE82-4C28-41BE-9F08-1ADE6ED2374C}.AppStore|x86.Deploy.0 = Release|x86
		{CEF4BE82-4C28-41BE-9F08-1ADE6ED2374C}.Debug|Any CPU.ActiveCfg = Debug|x86
		{CEF4BE82-4C28-41BE-9F08-1ADE6ED2374C}.Debug|ARM.ActiveCfg = Debug|ARM
		{CEF4BE82-4C28-41BE-9F08-1ADE6ED2374C}.Debug|ARM.Build.0 = Debug|ARM
		{CEF4BE82-4C28-41BE-9F08-1ADE6ED2374C}.Debug|ARM.Deploy.0 = Debug|ARM
		{CEF4BE82-4C28-41BE-9F08-1ADE6ED2374C}.Debug|iPhone.ActiveCfg = Debug|x86
		{CEF4BE82-4C28-41BE-9F08-1ADE6ED2374C}.Debug|iPhoneSimulator.ActiveCfg = Debug|x86
		{CEF4BE82-4C28-41BE-9F08-1ADE6ED2374C}.Debug|x64.ActiveCfg = Debug|x64
		{CEF4BE82-4C28-41BE-9F08-1ADE6ED2374C}.Debug|x64.Build.0 = Debug|x64
		{CEF4BE82-4C28-41BE-9F08-1ADE6ED2374C}.Debug|x64.Deploy.0 = Debug|x64
		{CEF4BE82-4C28-41BE-9F08-1ADE6ED2374C}.Debug|x86.ActiveCfg = Debug|x86
		{CEF4BE82-4C28-41BE-9F08-1ADE6ED2374C}.Debug|x86.Build.0 = Debug|x86
		{CEF4BE82-4C28-41BE-9F08-1ADE6ED2374C}.Debug|x86.Deploy.0 = Debug|x86
		{CEF4BE82-4C28-41BE-9F08-1ADE6ED2374C}.Release|Any CPU.ActiveCfg = Release|x86
		{CEF4BE82-4C28-41BE-9F08-1ADE6ED2374C}.Release|ARM.ActiveCfg = Release|ARM
		{CEF4BE82-4C28-41BE-9F08-1ADE6ED2374C}.Release|ARM.Build.0 = Release|ARM
		{CEF4BE82-4C28-41BE-9F08-1ADE6ED2374C}.Release|ARM.Deploy.0 = Release|ARM
		{CEF4BE82-4C28-41BE-9F08-1ADE6ED2374C}.Release|iPhone.ActiveCfg = Release|x86
		{CEF4BE82-4C28-41BE-9F08-1ADE6ED2374C}.Release|iPhoneSimulator.ActiveCfg = Release|x86
		{CEF4BE82-4C28-41BE-9F08-1ADE6ED2374C}.Release|x64.ActiveCfg = Release|x64
		{CEF4BE82-4C28-41BE-9F08-1ADE6ED2374C}.Release|x64.Build.0 = Release|x64
		{CEF4BE82-4C28-41BE-9F08-1ADE6ED2374C}.Release|x64.Deploy.0 = Release|x64
		{CEF4BE82-4C28-41BE-9F08-1ADE6ED2374C}.Release|x86.ActiveCfg = Release|x86
		{CEF4BE82-4C28-41BE-9F08-1ADE6ED2374C}.Release|x86.Build.0 = Release|x86
		{CEF4BE82-4C28-41BE-9F08-1ADE6ED2374C}.Release|x86.Deploy.0 = Release|x86
		{45F27EC2-BBC7-4121-A1AE-0E0A4410FAEF}.Ad-Hoc|Any CPU.ActiveCfg = Debug|Any CPU
		{45F27EC2-BBC7-4121-A1AE-0E0A4410FAEF}.Ad-Hoc|Any CPU.Build.0 = Debug|Any CPU
		{45F27EC2-BBC7-4121-A1AE-0E0A4410FAEF}.Ad-Hoc|ARM.ActiveCfg = Debug|Any CPU
		{45F27EC2-BBC7-4121-A1AE-0E0A4410FAEF}.Ad-Hoc|ARM.Build.0 = Debug|Any CPU
		{45F27EC2-BBC7-4121-A1AE-0E0A4410FAEF}.Ad-Hoc|iPhone.ActiveCfg = Debug|Any CPU
		{45F27EC2-BBC7-4121-A1AE-0E0A4410FAEF}.Ad-Hoc|iPhone.Build.0 = Debug|Any CPU
		{45F27EC2-BBC7-4121-A1AE-0E0A4410FAEF}.Ad-Hoc|iPhoneSimulator.ActiveCfg = Debug|Any CPU
		{45F27EC2-BBC7-4121-A1AE-0E0A4410FAEF}.Ad-Hoc|iPhoneSimulator.Build.0 = Debug|Any CPU
		{45F27EC2-BBC7-4121-A1AE-0E0A4410FAEF}.Ad-Hoc|x64.ActiveCfg = Debug|Any CPU
		{45F27EC2-BBC7-4121-A1AE-0E0A4410FAEF}.Ad-Hoc|x64.Build.0 = Debug|Any CPU
		{45F27EC2-BBC7-4121-A1AE-0E0A4410FAEF}.Ad-Hoc|x86.ActiveCfg = Debug|Any CPU
		{45F27EC2-BBC7-4121-A1AE-0E0A4410FAEF}.Ad-Hoc|x86.Build.0 = Debug|Any CPU
		{45F27EC2-BBC7-4121-A1AE-0E0A4410FAEF}.AppStore|Any CPU.ActiveCfg = Debug|Any CPU
		{45F27EC2-BBC7-4121-A1AE-0E0A4410FAEF}.AppStore|Any CPU.Build.0 = Debug|Any CPU
		{45F27EC2-BBC7-4121-A1AE-0E0A4410FAEF}.AppStore|ARM.ActiveCfg = Debug|Any CPU
		{45F27EC2-BBC7-4121-A1AE-0E0A4410FAEF}.AppStore|ARM.Build.0 = Debug|Any CPU
		{45F27EC2-BBC7-4121-A1AE-0E0A4410FAEF}.AppStore|iPhone.ActiveCfg = Debug|Any CPU
		{45F27EC2-BBC7-4121-A1AE-0E0A4410FAEF}.AppStore|iPhone.Build.0 = Debug|Any CPU
		{45F27EC2-BBC7-4121-A1AE-0E0A4410FAEF}.AppStore|iPhoneSimulator.ActiveCfg = Debug|Any CPU
		{45F27EC2-BBC7-4121-A1AE-0E0A4410FAEF}.AppStore|iPhoneSimulator.Build.0 = Debug|Any CPU
		{45F27EC2-BBC7-4121-A1AE-0E0A4410FAEF}.AppStore|x64.ActiveCfg = Debug|Any CPU
		{45F27EC2-BBC7-4121-A1AE-0E0A4410FAEF}.AppStore|x64.Build.0 = Debug|Any CPU
		{45F27EC2-BBC7-4121-A1AE-0E0A4410FAEF}.AppStore|x86.ActiveCfg = Debug|Any CPU
		{45F27EC2-BBC7-4121-A1AE-0E0A4410FAEF}.AppStore|x86.Build.0 = Debug|Any CPU
		{45F27EC2-BBC7-4121-A1AE-0E0A4410FAEF}.Debug|Any CPU.ActiveCfg = Debug|Any CPU
		{45F27EC2-BBC7-4121-A1AE-0E0A4410FAEF}.Debug|Any CPU.Build.0 = Debug|Any CPU
		{45F27EC2-BBC7-4121-A1AE-0E0A4410FAEF}.Debug|ARM.ActiveCfg = Debug|Any CPU
		{45F27EC2-BBC7-4121-A1AE-0E0A4410FAEF}.Debug|ARM.Build.0 = Debug|Any CPU
		{45F27EC2-BBC7-4121-A1AE-0E0A4410FAEF}.Debug|iPhone.ActiveCfg = Debug|Any CPU
		{45F27EC2-BBC7-4121-A1AE-0E0A4410FAEF}.Debug|iPhone.Build.0 = Debug|Any CPU
		{45F27EC2-BBC7-4121-A1AE-0E0A4410FAEF}.Debug|iPhoneSimulator.ActiveCfg = Debug|Any CPU
		{45F27EC2-BBC7-4121-A1AE-0E0A4410FAEF}.Debug|iPhoneSimulator.Build.0 = Debug|Any CPU
		{45F27EC2-BBC7-4121-A1AE-0E0A4410FAEF}.Debug|x64.ActiveCfg = Debug|Any CPU
		{45F27EC2-BBC7-4121-A1AE-0E0A4410FAEF}.Debug|x64.Build.0 = Debug|Any CPU
		{45F27EC2-BBC7-4121-A1AE-0E0A4410FAEF}.Debug|x86.ActiveCfg = Debug|Any CPU
		{45F27EC2-BBC7-4121-A1AE-0E0A4410FAEF}.Debug|x86.Build.0 = Debug|Any CPU
		{45F27EC2-BBC7-4121-A1AE-0E0A4410FAEF}.Release|Any CPU.ActiveCfg = Release|Any CPU
		{45F27EC2-BBC7-4121-A1AE-0E0A4410FAEF}.Release|Any CPU.Build.0 = Release|Any CPU
		{45F27EC2-BBC7-4121-A1AE-0E0A4410FAEF}.Release|ARM.ActiveCfg = Release|Any CPU
		{45F27EC2-BBC7-4121-A1AE-0E0A4410FAEF}.Release|ARM.Build.0 = Release|Any CPU
		{45F27EC2-BBC7-4121-A1AE-0E0A4410FAEF}.Release|iPhone.ActiveCfg = Release|Any CPU
		{45F27EC2-BBC7-4121-A1AE-0E0A4410FAEF}.Release|iPhone.Build.0 = Release|Any CPU
		{45F27EC2-BBC7-4121-A1AE-0E0A4410FAEF}.Release|iPhoneSimulator.ActiveCfg = Release|Any CPU
		{45F27EC2-BBC7-4121-A1AE-0E0A4410FAEF}.Release|iPhoneSimulator.Build.0 = Release|Any CPU
		{45F27EC2-BBC7-4121-A1AE-0E0A4410FAEF}.Release|x64.ActiveCfg = Release|Any CPU
		{45F27EC2-BBC7-4121-A1AE-0E0A4410FAEF}.Release|x64.Build.0 = Release|Any CPU
		{45F27EC2-BBC7-4121-A1AE-0E0A4410FAEF}.Release|x86.ActiveCfg = Release|Any CPU
		{45F27EC2-BBC7-4121-A1AE-0E0A4410FAEF}.Release|x86.Build.0 = Release|Any CPU
		{EAA55E8C-5344-419D-8EFD-AC780C3C0278}.Ad-Hoc|Any CPU.ActiveCfg = Release|Any CPU
		{EAA55E8C-5344-419D-8EFD-AC780C3C0278}.Ad-Hoc|Any CPU.Build.0 = Release|Any CPU
		{EAA55E8C-5344-419D-8EFD-AC780C3C0278}.Ad-Hoc|Any CPU.Deploy.0 = Release|Any CPU
		{EAA55E8C-5344-419D-8EFD-AC780C3C0278}.Ad-Hoc|ARM.ActiveCfg = Release|Any CPU
		{EAA55E8C-5344-419D-8EFD-AC780C3C0278}.Ad-Hoc|ARM.Build.0 = Release|Any CPU
		{EAA55E8C-5344-419D-8EFD-AC780C3C0278}.Ad-Hoc|ARM.Deploy.0 = Release|Any CPU
		{EAA55E8C-5344-419D-8EFD-AC780C3C0278}.Ad-Hoc|iPhone.ActiveCfg = Release|Any CPU
		{EAA55E8C-5344-419D-8EFD-AC780C3C0278}.Ad-Hoc|iPhone.Build.0 = Release|Any CPU
		{EAA55E8C-5344-419D-8EFD-AC780C3C0278}.Ad-Hoc|iPhone.Deploy.0 = Release|Any CPU
		{EAA55E8C-5344-419D-8EFD-AC780C3C0278}.Ad-Hoc|iPhoneSimulator.ActiveCfg = Release|Any CPU
		{EAA55E8C-5344-419D-8EFD-AC780C3C0278}.Ad-Hoc|iPhoneSimulator.Build.0 = Release|Any CPU
		{EAA55E8C-5344-419D-8EFD-AC780C3C0278}.Ad-Hoc|iPhoneSimulator.Deploy.0 = Release|Any CPU
		{EAA55E8C-5344-419D-8EFD-AC780C3C0278}.Ad-Hoc|x64.ActiveCfg = Release|Any CPU
		{EAA55E8C-5344-419D-8EFD-AC780C3C0278}.Ad-Hoc|x64.Build.0 = Release|Any CPU
		{EAA55E8C-5344-419D-8EFD-AC780C3C0278}.Ad-Hoc|x64.Deploy.0 = Release|Any CPU
		{EAA55E8C-5344-419D-8EFD-AC780C3C0278}.Ad-Hoc|x86.ActiveCfg = Release|Any CPU
		{EAA55E8C-5344-419D-8EFD-AC780C3C0278}.Ad-Hoc|x86.Build.0 = Release|Any CPU
		{EAA55E8C-5344-419D-8EFD-AC780C3C0278}.Ad-Hoc|x86.Deploy.0 = Release|Any CPU
		{EAA55E8C-5344-419D-8EFD-AC780C3C0278}.AppStore|Any CPU.ActiveCfg = Release|Any CPU
		{EAA55E8C-5344-419D-8EFD-AC780C3C0278}.AppStore|Any CPU.Build.0 = Release|Any CPU
		{EAA55E8C-5344-419D-8EFD-AC780C3C0278}.AppStore|Any CPU.Deploy.0 = Release|Any CPU
		{EAA55E8C-5344-419D-8EFD-AC780C3C0278}.AppStore|ARM.ActiveCfg = Release|Any CPU
		{EAA55E8C-5344-419D-8EFD-AC780C3C0278}.AppStore|ARM.Build.0 = Release|Any CPU
		{EAA55E8C-5344-419D-8EFD-AC780C3C0278}.AppStore|ARM.Deploy.0 = Release|Any CPU
		{EAA55E8C-5344-419D-8EFD-AC780C3C0278}.AppStore|iPhone.ActiveCfg = Release|Any CPU
		{EAA55E8C-5344-419D-8EFD-AC780C3C0278}.AppStore|iPhone.Build.0 = Release|Any CPU
		{EAA55E8C-5344-419D-8EFD-AC780C3C0278}.AppStore|iPhone.Deploy.0 = Release|Any CPU
		{EAA55E8C-5344-419D-8EFD-AC780C3C0278}.AppStore|iPhoneSimulator.ActiveCfg = Release|Any CPU
		{EAA55E8C-5344-419D-8EFD-AC780C3C0278}.AppStore|iPhoneSimulator.Build.0 = Release|Any CPU
		{EAA55E8C-5344-419D-8EFD-AC780C3C0278}.AppStore|iPhoneSimulator.Deploy.0 = Release|Any CPU
		{EAA55E8C-5344-419D-8EFD-AC780C3C0278}.AppStore|x64.ActiveCfg = Release|Any CPU
		{EAA55E8C-5344-419D-8EFD-AC780C3C0278}.AppStore|x64.Build.0 = Release|Any CPU
		{EAA55E8C-5344-419D-8EFD-AC780C3C0278}.AppStore|x64.Deploy.0 = Release|Any CPU
		{EAA55E8C-5344-419D-8EFD-AC780C3C0278}.AppStore|x86.ActiveCfg = Release|Any CPU
		{EAA55E8C-5344-419D-8EFD-AC780C3C0278}.AppStore|x86.Build.0 = Release|Any CPU
		{EAA55E8C-5344-419D-8EFD-AC780C3C0278}.AppStore|x86.Deploy.0 = Release|Any CPU
		{EAA55E8C-5344-419D-8EFD-AC780C3C0278}.Debug|Any CPU.ActiveCfg = Debug|Any CPU
		{EAA55E8C-5344-419D-8EFD-AC780C3C0278}.Debug|Any CPU.Build.0 = Debug|Any CPU
		{EAA55E8C-5344-419D-8EFD-AC780C3C0278}.Debug|Any CPU.Deploy.0 = Debug|Any CPU
		{EAA55E8C-5344-419D-8EFD-AC780C3C0278}.Debug|ARM.ActiveCfg = Debug|Any CPU
		{EAA55E8C-5344-419D-8EFD-AC780C3C0278}.Debug|ARM.Build.0 = Debug|Any CPU
		{EAA55E8C-5344-419D-8EFD-AC780C3C0278}.Debug|ARM.Deploy.0 = Debug|Any CPU
		{EAA55E8C-5344-419D-8EFD-AC780C3C0278}.Debug|iPhone.ActiveCfg = Debug|Any CPU
		{EAA55E8C-5344-419D-8EFD-AC780C3C0278}.Debug|iPhone.Build.0 = Debug|Any CPU
		{EAA55E8C-5344-419D-8EFD-AC780C3C0278}.Debug|iPhone.Deploy.0 = Debug|Any CPU
		{EAA55E8C-5344-419D-8EFD-AC780C3C0278}.Debug|iPhoneSimulator.ActiveCfg = Debug|Any CPU
		{EAA55E8C-5344-419D-8EFD-AC780C3C0278}.Debug|iPhoneSimulator.Build.0 = Debug|Any CPU
		{EAA55E8C-5344-419D-8EFD-AC780C3C0278}.Debug|iPhoneSimulator.Deploy.0 = Debug|Any CPU
		{EAA55E8C-5344-419D-8EFD-AC780C3C0278}.Debug|x64.ActiveCfg = Debug|Any CPU
		{EAA55E8C-5344-419D-8EFD-AC780C3C0278}.Debug|x64.Build.0 = Debug|Any CPU
		{EAA55E8C-5344-419D-8EFD-AC780C3C0278}.Debug|x64.Deploy.0 = Debug|Any CPU
		{EAA55E8C-5344-419D-8EFD-AC780C3C0278}.Debug|x86.ActiveCfg = Debug|Any CPU
		{EAA55E8C-5344-419D-8EFD-AC780C3C0278}.Debug|x86.Build.0 = Debug|Any CPU
		{EAA55E8C-5344-419D-8EFD-AC780C3C0278}.Debug|x86.Deploy.0 = Debug|Any CPU
		{EAA55E8C-5344-419D-8EFD-AC780C3C0278}.Release|Any CPU.ActiveCfg = Release|Any CPU
		{EAA55E8C-5344-419D-8EFD-AC780C3C0278}.Release|Any CPU.Build.0 = Release|Any CPU
		{EAA55E8C-5344-419D-8EFD-AC780C3C0278}.Release|Any CPU.Deploy.0 = Release|Any CPU
		{EAA55E8C-5344-419D-8EFD-AC780C3C0278}.Release|ARM.ActiveCfg = Release|Any CPU
		{EAA55E8C-5344-419D-8EFD-AC780C3C0278}.Release|ARM.Build.0 = Release|Any CPU
		{EAA55E8C-5344-419D-8EFD-AC780C3C0278}.Release|ARM.Deploy.0 = Release|Any CPU
		{EAA55E8C-5344-419D-8EFD-AC780C3C0278}.Release|iPhone.ActiveCfg = Release|Any CPU
		{EAA55E8C-5344-419D-8EFD-AC780C3C0278}.Release|iPhone.Build.0 = Release|Any CPU
		{EAA55E8C-5344-419D-8EFD-AC780C3C0278}.Release|iPhone.Deploy.0 = Release|Any CPU
		{EAA55E8C-5344-419D-8EFD-AC780C3C0278}.Release|iPhoneSimulator.ActiveCfg = Release|Any CPU
		{EAA55E8C-5344-419D-8EFD-AC780C3C0278}.Release|iPhoneSimulator.Build.0 = Release|Any CPU
		{EAA55E8C-5344-419D-8EFD-AC780C3C0278}.Release|iPhoneSimulator.Deploy.0 = Release|Any CPU
		{EAA55E8C-5344-419D-8EFD-AC780C3C0278}.Release|x64.ActiveCfg = Release|Any CPU
		{EAA55E8C-5344-419D-8EFD-AC780C3C0278}.Release|x64.Build.0 = Release|Any CPU
		{EAA55E8C-5344-419D-8EFD-AC780C3C0278}.Release|x64.Deploy.0 = Release|Any CPU
		{EAA55E8C-5344-419D-8EFD-AC780C3C0278}.Release|x86.ActiveCfg = Release|Any CPU
		{EAA55E8C-5344-419D-8EFD-AC780C3C0278}.Release|x86.Build.0 = Release|Any CPU
		{EAA55E8C-5344-419D-8EFD-AC780C3C0278}.Release|x86.Deploy.0 = Release|Any CPU
		{09DCED04-3B11-4801-BEB8-6F461C58DE03}.Ad-Hoc|Any CPU.ActiveCfg = Ad-Hoc|iPhone
		{09DCED04-3B11-4801-BEB8-6F461C58DE03}.Ad-Hoc|ARM.ActiveCfg = Ad-Hoc|iPhone
		{09DCED04-3B11-4801-BEB8-6F461C58DE03}.Ad-Hoc|iPhone.ActiveCfg = Ad-Hoc|iPhone
		{09DCED04-3B11-4801-BEB8-6F461C58DE03}.Ad-Hoc|iPhone.Build.0 = Ad-Hoc|iPhone
		{09DCED04-3B11-4801-BEB8-6F461C58DE03}.Ad-Hoc|iPhoneSimulator.ActiveCfg = Ad-Hoc|iPhoneSimulator
		{09DCED04-3B11-4801-BEB8-6F461C58DE03}.Ad-Hoc|iPhoneSimulator.Build.0 = Ad-Hoc|iPhoneSimulator
		{09DCED04-3B11-4801-BEB8-6F461C58DE03}.Ad-Hoc|x64.ActiveCfg = Ad-Hoc|iPhone
		{09DCED04-3B11-4801-BEB8-6F461C58DE03}.Ad-Hoc|x86.ActiveCfg = Ad-Hoc|iPhone
		{09DCED04-3B11-4801-BEB8-6F461C58DE03}.AppStore|Any CPU.ActiveCfg = AppStore|iPhone
		{09DCED04-3B11-4801-BEB8-6F461C58DE03}.AppStore|ARM.ActiveCfg = AppStore|iPhone
		{09DCED04-3B11-4801-BEB8-6F461C58DE03}.AppStore|iPhone.ActiveCfg = AppStore|iPhone
		{09DCED04-3B11-4801-BEB8-6F461C58DE03}.AppStore|iPhone.Build.0 = AppStore|iPhone
		{09DCED04-3B11-4801-BEB8-6F461C58DE03}.AppStore|iPhoneSimulator.ActiveCfg = AppStore|iPhoneSimulator
		{09DCED04-3B11-4801-BEB8-6F461C58DE03}.AppStore|iPhoneSimulator.Build.0 = AppStore|iPhoneSimulator
		{09DCED04-3B11-4801-BEB8-6F461C58DE03}.AppStore|x64.ActiveCfg = AppStore|iPhone
		{09DCED04-3B11-4801-BEB8-6F461C58DE03}.AppStore|x86.ActiveCfg = AppStore|iPhone
		{09DCED04-3B11-4801-BEB8-6F461C58DE03}.Debug|Any CPU.ActiveCfg = Debug|iPhone
		{09DCED04-3B11-4801-BEB8-6F461C58DE03}.Debug|ARM.ActiveCfg = Debug|iPhone
		{09DCED04-3B11-4801-BEB8-6F461C58DE03}.Debug|iPhone.ActiveCfg = Debug|iPhone
		{09DCED04-3B11-4801-BEB8-6F461C58DE03}.Debug|iPhone.Build.0 = Debug|iPhone
		{09DCED04-3B11-4801-BEB8-6F461C58DE03}.Debug|iPhoneSimulator.ActiveCfg = Debug|iPhoneSimulator
		{09DCED04-3B11-4801-BEB8-6F461C58DE03}.Debug|iPhoneSimulator.Build.0 = Debug|iPhoneSimulator
		{09DCED04-3B11-4801-BEB8-6F461C58DE03}.Debug|x64.ActiveCfg = Debug|iPhone
		{09DCED04-3B11-4801-BEB8-6F461C58DE03}.Debug|x86.ActiveCfg = Debug|iPhone
		{09DCED04-3B11-4801-BEB8-6F461C58DE03}.Release|Any CPU.ActiveCfg = Release|iPhone
		{09DCED04-3B11-4801-BEB8-6F461C58DE03}.Release|ARM.ActiveCfg = Release|iPhone
		{09DCED04-3B11-4801-BEB8-6F461C58DE03}.Release|iPhone.ActiveCfg = Release|iPhone
		{09DCED04-3B11-4801-BEB8-6F461C58DE03}.Release|iPhone.Build.0 = Release|iPhone
		{09DCED04-3B11-4801-BEB8-6F461C58DE03}.Release|iPhoneSimulator.ActiveCfg = Release|iPhoneSimulator
		{09DCED04-3B11-4801-BEB8-6F461C58DE03}.Release|iPhoneSimulator.Build.0 = Release|iPhoneSimulator
		{09DCED04-3B11-4801-BEB8-6F461C58DE03}.Release|x64.ActiveCfg = Release|iPhone
		{09DCED04-3B11-4801-BEB8-6F461C58DE03}.Release|x86.ActiveCfg = Release|iPhone
		{6F0C826B-A53B-4F3F-B2AF-12125A2A8C81}.Ad-Hoc|Any CPU.ActiveCfg = Release|x86
		{6F0C826B-A53B-4F3F-B2AF-12125A2A8C81}.Ad-Hoc|Any CPU.Build.0 = Release|x86
		{6F0C826B-A53B-4F3F-B2AF-12125A2A8C81}.Ad-Hoc|Any CPU.Deploy.0 = Release|x86
		{6F0C826B-A53B-4F3F-B2AF-12125A2A8C81}.Ad-Hoc|ARM.ActiveCfg = Release|ARM
		{6F0C826B-A53B-4F3F-B2AF-12125A2A8C81}.Ad-Hoc|ARM.Build.0 = Release|ARM
		{6F0C826B-A53B-4F3F-B2AF-12125A2A8C81}.Ad-Hoc|ARM.Deploy.0 = Release|ARM
		{6F0C826B-A53B-4F3F-B2AF-12125A2A8C81}.Ad-Hoc|iPhone.ActiveCfg = Release|x86
		{6F0C826B-A53B-4F3F-B2AF-12125A2A8C81}.Ad-Hoc|iPhone.Build.0 = Release|x86
		{6F0C826B-A53B-4F3F-B2AF-12125A2A8C81}.Ad-Hoc|iPhone.Deploy.0 = Release|x86
		{6F0C826B-A53B-4F3F-B2AF-12125A2A8C81}.Ad-Hoc|iPhoneSimulator.ActiveCfg = Release|x86
		{6F0C826B-A53B-4F3F-B2AF-12125A2A8C81}.Ad-Hoc|iPhoneSimulator.Build.0 = Release|x86
		{6F0C826B-A53B-4F3F-B2AF-12125A2A8C81}.Ad-Hoc|iPhoneSimulator.Deploy.0 = Release|x86
		{6F0C826B-A53B-4F3F-B2AF-12125A2A8C81}.Ad-Hoc|x64.ActiveCfg = Release|x64
		{6F0C826B-A53B-4F3F-B2AF-12125A2A8C81}.Ad-Hoc|x64.Build.0 = Release|x64
		{6F0C826B-A53B-4F3F-B2AF-12125A2A8C81}.Ad-Hoc|x64.Deploy.0 = Release|x64
		{6F0C826B-A53B-4F3F-B2AF-12125A2A8C81}.Ad-Hoc|x86.ActiveCfg = Release|x86
		{6F0C826B-A53B-4F3F-B2AF-12125A2A8C81}.Ad-Hoc|x86.Build.0 = Release|x86
		{6F0C826B-A53B-4F3F-B2AF-12125A2A8C81}.Ad-Hoc|x86.Deploy.0 = Release|x86
		{6F0C826B-A53B-4F3F-B2AF-12125A2A8C81}.AppStore|Any CPU.ActiveCfg = Release|x86
		{6F0C826B-A53B-4F3F-B2AF-12125A2A8C81}.AppStore|Any CPU.Build.0 = Release|x86
		{6F0C826B-A53B-4F3F-B2AF-12125A2A8C81}.AppStore|Any CPU.Deploy.0 = Release|x86
		{6F0C826B-A53B-4F3F-B2AF-12125A2A8C81}.AppStore|ARM.ActiveCfg = Release|ARM
		{6F0C826B-A53B-4F3F-B2AF-12125A2A8C81}.AppStore|ARM.Build.0 = Release|ARM
		{6F0C826B-A53B-4F3F-B2AF-12125A2A8C81}.AppStore|ARM.Deploy.0 = Release|ARM
		{6F0C826B-A53B-4F3F-B2AF-12125A2A8C81}.AppStore|iPhone.ActiveCfg = Release|x86
		{6F0C826B-A53B-4F3F-B2AF-12125A2A8C81}.AppStore|iPhone.Build.0 = Release|x86
		{6F0C826B-A53B-4F3F-B2AF-12125A2A8C81}.AppStore|iPhone.Deploy.0 = Release|x86
		{6F0C826B-A53B-4F3F-B2AF-12125A2A8C81}.AppStore|iPhoneSimulator.ActiveCfg = Release|x86
		{6F0C826B-A53B-4F3F-B2AF-12125A2A8C81}.AppStore|iPhoneSimulator.Build.0 = Release|x86
		{6F0C826B-A53B-4F3F-B2AF-12125A2A8C81}.AppStore|iPhoneSimulator.Deploy.0 = Release|x86
		{6F0C826B-A53B-4F3F-B2AF-12125A2A8C81}.AppStore|x64.ActiveCfg = Release|x64
		{6F0C826B-A53B-4F3F-B2AF-12125A2A8C81}.AppStore|x64.Build.0 = Release|x64
		{6F0C826B-A53B-4F3F-B2AF-12125A2A8C81}.AppStore|x64.Deploy.0 = Release|x64
		{6F0C826B-A53B-4F3F-B2AF-12125A2A8C81}.AppStore|x86.ActiveCfg = Release|x86
		{6F0C826B-A53B-4F3F-B2AF-12125A2A8C81}.AppStore|x86.Build.0 = Release|x86
		{6F0C826B-A53B-4F3F-B2AF-12125A2A8C81}.AppStore|x86.Deploy.0 = Release|x86
		{6F0C826B-A53B-4F3F-B2AF-12125A2A8C81}.Debug|Any CPU.ActiveCfg = Debug|x86
		{6F0C826B-A53B-4F3F-B2AF-12125A2A8C81}.Debug|ARM.ActiveCfg = Debug|ARM
		{6F0C826B-A53B-4F3F-B2AF-12125A2A8C81}.Debug|ARM.Build.0 = Debug|ARM
		{6F0C826B-A53B-4F3F-B2AF-12125A2A8C81}.Debug|ARM.Deploy.0 = Debug|ARM
		{6F0C826B-A53B-4F3F-B2AF-12125A2A8C81}.Debug|iPhone.ActiveCfg = Debug|x86
		{6F0C826B-A53B-4F3F-B2AF-12125A2A8C81}.Debug|iPhoneSimulator.ActiveCfg = Debug|x86
		{6F0C826B-A53B-4F3F-B2AF-12125A2A8C81}.Debug|x64.ActiveCfg = Debug|x64
		{6F0C826B-A53B-4F3F-B2AF-12125A2A8C81}.Debug|x64.Build.0 = Debug|x64
		{6F0C826B-A53B-4F3F-B2AF-12125A2A8C81}.Debug|x64.Deploy.0 = Debug|x64
		{6F0C826B-A53B-4F3F-B2AF-12125A2A8C81}.Debug|x86.ActiveCfg = Debug|x86
		{6F0C826B-A53B-4F3F-B2AF-12125A2A8C81}.Debug|x86.Build.0 = Debug|x86
		{6F0C826B-A53B-4F3F-B2AF-12125A2A8C81}.Debug|x86.Deploy.0 = Debug|x86
		{6F0C826B-A53B-4F3F-B2AF-12125A2A8C81}.Release|Any CPU.ActiveCfg = Release|x86
		{6F0C826B-A53B-4F3F-B2AF-12125A2A8C81}.Release|ARM.ActiveCfg = Release|ARM
		{6F0C826B-A53B-4F3F-B2AF-12125A2A8C81}.Release|ARM.Build.0 = Release|ARM
		{6F0C826B-A53B-4F3F-B2AF-12125A2A8C81}.Release|ARM.Deploy.0 = Release|ARM
		{6F0C826B-A53B-4F3F-B2AF-12125A2A8C81}.Release|iPhone.ActiveCfg = Release|x86
		{6F0C826B-A53B-4F3F-B2AF-12125A2A8C81}.Release|iPhoneSimulator.ActiveCfg = Release|x86
		{6F0C826B-A53B-4F3F-B2AF-12125A2A8C81}.Release|x64.ActiveCfg = Release|x64
		{6F0C826B-A53B-4F3F-B2AF-12125A2A8C81}.Release|x64.Build.0 = Release|x64
		{6F0C826B-A53B-4F3F-B2AF-12125A2A8C81}.Release|x64.Deploy.0 = Release|x64
		{6F0C826B-A53B-4F3F-B2AF-12125A2A8C81}.Release|x86.ActiveCfg = Release|x86
		{6F0C826B-A53B-4F3F-B2AF-12125A2A8C81}.Release|x86.Build.0 = Release|x86
		{6F0C826B-A53B-4F3F-B2AF-12125A2A8C81}.Release|x86.Deploy.0 = Release|x86
		{71747EED-1A8C-497A-BB4E-55AC0292122D}.Ad-Hoc|Any CPU.ActiveCfg = Debug|Any CPU
		{71747EED-1A8C-497A-BB4E-55AC0292122D}.Ad-Hoc|Any CPU.Build.0 = Debug|Any CPU
		{71747EED-1A8C-497A-BB4E-55AC0292122D}.Ad-Hoc|ARM.ActiveCfg = Debug|Any CPU
		{71747EED-1A8C-497A-BB4E-55AC0292122D}.Ad-Hoc|ARM.Build.0 = Debug|Any CPU
		{71747EED-1A8C-497A-BB4E-55AC0292122D}.Ad-Hoc|iPhone.ActiveCfg = Debug|Any CPU
		{71747EED-1A8C-497A-BB4E-55AC0292122D}.Ad-Hoc|iPhone.Build.0 = Debug|Any CPU
		{71747EED-1A8C-497A-BB4E-55AC0292122D}.Ad-Hoc|iPhoneSimulator.ActiveCfg = Debug|Any CPU
		{71747EED-1A8C-497A-BB4E-55AC0292122D}.Ad-Hoc|iPhoneSimulator.Build.0 = Debug|Any CPU
		{71747EED-1A8C-497A-BB4E-55AC0292122D}.Ad-Hoc|x64.ActiveCfg = Debug|Any CPU
		{71747EED-1A8C-497A-BB4E-55AC0292122D}.Ad-Hoc|x64.Build.0 = Debug|Any CPU
		{71747EED-1A8C-497A-BB4E-55AC0292122D}.Ad-Hoc|x86.ActiveCfg = Debug|Any CPU
		{71747EED-1A8C-497A-BB4E-55AC0292122D}.Ad-Hoc|x86.Build.0 = Debug|Any CPU
		{71747EED-1A8C-497A-BB4E-55AC0292122D}.AppStore|Any CPU.ActiveCfg = Debug|Any CPU
		{71747EED-1A8C-497A-BB4E-55AC0292122D}.AppStore|Any CPU.Build.0 = Debug|Any CPU
		{71747EED-1A8C-497A-BB4E-55AC0292122D}.AppStore|ARM.ActiveCfg = Debug|Any CPU
		{71747EED-1A8C-497A-BB4E-55AC0292122D}.AppStore|ARM.Build.0 = Debug|Any CPU
		{71747EED-1A8C-497A-BB4E-55AC0292122D}.AppStore|iPhone.ActiveCfg = Debug|Any CPU
		{71747EED-1A8C-497A-BB4E-55AC0292122D}.AppStore|iPhone.Build.0 = Debug|Any CPU
		{71747EED-1A8C-497A-BB4E-55AC0292122D}.AppStore|iPhoneSimulator.ActiveCfg = Debug|Any CPU
		{71747EED-1A8C-497A-BB4E-55AC0292122D}.AppStore|iPhoneSimulator.Build.0 = Debug|Any CPU
		{71747EED-1A8C-497A-BB4E-55AC0292122D}.AppStore|x64.ActiveCfg = Debug|Any CPU
		{71747EED-1A8C-497A-BB4E-55AC0292122D}.AppStore|x64.Build.0 = Debug|Any CPU
		{71747EED-1A8C-497A-BB4E-55AC0292122D}.AppStore|x86.ActiveCfg = Debug|Any CPU
		{71747EED-1A8C-497A-BB4E-55AC0292122D}.AppStore|x86.Build.0 = Debug|Any CPU
		{71747EED-1A8C-497A-BB4E-55AC0292122D}.Debug|Any CPU.ActiveCfg = Debug|Any CPU
		{71747EED-1A8C-497A-BB4E-55AC0292122D}.Debug|Any CPU.Build.0 = Debug|Any CPU
		{71747EED-1A8C-497A-BB4E-55AC0292122D}.Debug|ARM.ActiveCfg = Debug|Any CPU
		{71747EED-1A8C-497A-BB4E-55AC0292122D}.Debug|ARM.Build.0 = Debug|Any CPU
		{71747EED-1A8C-497A-BB4E-55AC0292122D}.Debug|iPhone.ActiveCfg = Debug|Any CPU
		{71747EED-1A8C-497A-BB4E-55AC0292122D}.Debug|iPhone.Build.0 = Debug|Any CPU
		{71747EED-1A8C-497A-BB4E-55AC0292122D}.Debug|iPhoneSimulator.ActiveCfg = Debug|Any CPU
		{71747EED-1A8C-497A-BB4E-55AC0292122D}.Debug|iPhoneSimulator.Build.0 = Debug|Any CPU
		{71747EED-1A8C-497A-BB4E-55AC0292122D}.Debug|x64.ActiveCfg = Debug|Any CPU
		{71747EED-1A8C-497A-BB4E-55AC0292122D}.Debug|x64.Build.0 = Debug|Any CPU
		{71747EED-1A8C-497A-BB4E-55AC0292122D}.Debug|x86.ActiveCfg = Debug|Any CPU
		{71747EED-1A8C-497A-BB4E-55AC0292122D}.Debug|x86.Build.0 = Debug|Any CPU
		{71747EED-1A8C-497A-BB4E-55AC0292122D}.Release|Any CPU.ActiveCfg = Release|Any CPU
		{71747EED-1A8C-497A-BB4E-55AC0292122D}.Release|Any CPU.Build.0 = Release|Any CPU
		{71747EED-1A8C-497A-BB4E-55AC0292122D}.Release|ARM.ActiveCfg = Release|Any CPU
		{71747EED-1A8C-497A-BB4E-55AC0292122D}.Release|ARM.Build.0 = Release|Any CPU
		{71747EED-1A8C-497A-BB4E-55AC0292122D}.Release|iPhone.ActiveCfg = Release|Any CPU
		{71747EED-1A8C-497A-BB4E-55AC0292122D}.Release|iPhone.Build.0 = Release|Any CPU
		{71747EED-1A8C-497A-BB4E-55AC0292122D}.Release|iPhoneSimulator.ActiveCfg = Release|Any CPU
		{71747EED-1A8C-497A-BB4E-55AC0292122D}.Release|iPhoneSimulator.Build.0 = Release|Any CPU
		{71747EED-1A8C-497A-BB4E-55AC0292122D}.Release|x64.ActiveCfg = Release|Any CPU
		{71747EED-1A8C-497A-BB4E-55AC0292122D}.Release|x64.Build.0 = Release|Any CPU
		{71747EED-1A8C-497A-BB4E-55AC0292122D}.Release|x86.ActiveCfg = Release|Any CPU
		{71747EED-1A8C-497A-BB4E-55AC0292122D}.Release|x86.Build.0 = Release|Any CPU
		{37C110AA-28EB-4C89-9A3B-12A0EFFDFF7C}.Ad-Hoc|Any CPU.ActiveCfg = Debug|Any CPU
		{37C110AA-28EB-4C89-9A3B-12A0EFFDFF7C}.Ad-Hoc|Any CPU.Build.0 = Debug|Any CPU
		{37C110AA-28EB-4C89-9A3B-12A0EFFDFF7C}.Ad-Hoc|ARM.ActiveCfg = Debug|Any CPU
		{37C110AA-28EB-4C89-9A3B-12A0EFFDFF7C}.Ad-Hoc|ARM.Build.0 = Debug|Any CPU
		{37C110AA-28EB-4C89-9A3B-12A0EFFDFF7C}.Ad-Hoc|iPhone.ActiveCfg = Debug|Any CPU
		{37C110AA-28EB-4C89-9A3B-12A0EFFDFF7C}.Ad-Hoc|iPhone.Build.0 = Debug|Any CPU
		{37C110AA-28EB-4C89-9A3B-12A0EFFDFF7C}.Ad-Hoc|iPhoneSimulator.ActiveCfg = Debug|Any CPU
		{37C110AA-28EB-4C89-9A3B-12A0EFFDFF7C}.Ad-Hoc|iPhoneSimulator.Build.0 = Debug|Any CPU
		{37C110AA-28EB-4C89-9A3B-12A0EFFDFF7C}.Ad-Hoc|x64.ActiveCfg = Debug|Any CPU
		{37C110AA-28EB-4C89-9A3B-12A0EFFDFF7C}.Ad-Hoc|x64.Build.0 = Debug|Any CPU
		{37C110AA-28EB-4C89-9A3B-12A0EFFDFF7C}.Ad-Hoc|x86.ActiveCfg = Debug|Any CPU
		{37C110AA-28EB-4C89-9A3B-12A0EFFDFF7C}.Ad-Hoc|x86.Build.0 = Debug|Any CPU
		{37C110AA-28EB-4C89-9A3B-12A0EFFDFF7C}.AppStore|Any CPU.ActiveCfg = Debug|Any CPU
		{37C110AA-28EB-4C89-9A3B-12A0EFFDFF7C}.AppStore|Any CPU.Build.0 = Debug|Any CPU
		{37C110AA-28EB-4C89-9A3B-12A0EFFDFF7C}.AppStore|ARM.ActiveCfg = Debug|Any CPU
		{37C110AA-28EB-4C89-9A3B-12A0EFFDFF7C}.AppStore|ARM.Build.0 = Debug|Any CPU
		{37C110AA-28EB-4C89-9A3B-12A0EFFDFF7C}.AppStore|iPhone.ActiveCfg = Debug|Any CPU
		{37C110AA-28EB-4C89-9A3B-12A0EFFDFF7C}.AppStore|iPhone.Build.0 = Debug|Any CPU
		{37C110AA-28EB-4C89-9A3B-12A0EFFDFF7C}.AppStore|iPhoneSimulator.ActiveCfg = Debug|Any CPU
		{37C110AA-28EB-4C89-9A3B-12A0EFFDFF7C}.AppStore|iPhoneSimulator.Build.0 = Debug|Any CPU
		{37C110AA-28EB-4C89-9A3B-12A0EFFDFF7C}.AppStore|x64.ActiveCfg = Debug|Any CPU
		{37C110AA-28EB-4C89-9A3B-12A0EFFDFF7C}.AppStore|x64.Build.0 = Debug|Any CPU
		{37C110AA-28EB-4C89-9A3B-12A0EFFDFF7C}.AppStore|x86.ActiveCfg = Debug|Any CPU
		{37C110AA-28EB-4C89-9A3B-12A0EFFDFF7C}.AppStore|x86.Build.0 = Debug|Any CPU
		{37C110AA-28EB-4C89-9A3B-12A0EFFDFF7C}.Debug|Any CPU.ActiveCfg = Debug|Any CPU
		{37C110AA-28EB-4C89-9A3B-12A0EFFDFF7C}.Debug|Any CPU.Build.0 = Debug|Any CPU
		{37C110AA-28EB-4C89-9A3B-12A0EFFDFF7C}.Debug|ARM.ActiveCfg = Debug|Any CPU
		{37C110AA-28EB-4C89-9A3B-12A0EFFDFF7C}.Debug|ARM.Build.0 = Debug|Any CPU
		{37C110AA-28EB-4C89-9A3B-12A0EFFDFF7C}.Debug|iPhone.ActiveCfg = Debug|Any CPU
		{37C110AA-28EB-4C89-9A3B-12A0EFFDFF7C}.Debug|iPhone.Build.0 = Debug|Any CPU
		{37C110AA-28EB-4C89-9A3B-12A0EFFDFF7C}.Debug|iPhoneSimulator.ActiveCfg = Debug|Any CPU
		{37C110AA-28EB-4C89-9A3B-12A0EFFDFF7C}.Debug|iPhoneSimulator.Build.0 = Debug|Any CPU
		{37C110AA-28EB-4C89-9A3B-12A0EFFDFF7C}.Debug|x64.ActiveCfg = Debug|Any CPU
		{37C110AA-28EB-4C89-9A3B-12A0EFFDFF7C}.Debug|x64.Build.0 = Debug|Any CPU
		{37C110AA-28EB-4C89-9A3B-12A0EFFDFF7C}.Debug|x86.ActiveCfg = Debug|Any CPU
		{37C110AA-28EB-4C89-9A3B-12A0EFFDFF7C}.Debug|x86.Build.0 = Debug|Any CPU
		{37C110AA-28EB-4C89-9A3B-12A0EFFDFF7C}.Release|Any CPU.ActiveCfg = Release|Any CPU
		{37C110AA-28EB-4C89-9A3B-12A0EFFDFF7C}.Release|Any CPU.Build.0 = Release|Any CPU
		{37C110AA-28EB-4C89-9A3B-12A0EFFDFF7C}.Release|ARM.ActiveCfg = Release|Any CPU
		{37C110AA-28EB-4C89-9A3B-12A0EFFDFF7C}.Release|ARM.Build.0 = Release|Any CPU
		{37C110AA-28EB-4C89-9A3B-12A0EFFDFF7C}.Release|iPhone.ActiveCfg = Release|Any CPU
		{37C110AA-28EB-4C89-9A3B-12A0EFFDFF7C}.Release|iPhone.Build.0 = Release|Any CPU
		{37C110AA-28EB-4C89-9A3B-12A0EFFDFF7C}.Release|iPhoneSimulator.ActiveCfg = Release|Any CPU
		{37C110AA-28EB-4C89-9A3B-12A0EFFDFF7C}.Release|iPhoneSimulator.Build.0 = Release|Any CPU
		{37C110AA-28EB-4C89-9A3B-12A0EFFDFF7C}.Release|x64.ActiveCfg = Release|Any CPU
		{37C110AA-28EB-4C89-9A3B-12A0EFFDFF7C}.Release|x64.Build.0 = Release|Any CPU
		{37C110AA-28EB-4C89-9A3B-12A0EFFDFF7C}.Release|x86.ActiveCfg = Release|Any CPU
		{37C110AA-28EB-4C89-9A3B-12A0EFFDFF7C}.Release|x86.Build.0 = Release|Any CPU
		{A3813AFB-A8D6-4798-AB93-1EF890A23A83}.Ad-Hoc|Any CPU.ActiveCfg = Debug|Any CPU
		{A3813AFB-A8D6-4798-AB93-1EF890A23A83}.Ad-Hoc|Any CPU.Build.0 = Debug|Any CPU
		{A3813AFB-A8D6-4798-AB93-1EF890A23A83}.Ad-Hoc|ARM.ActiveCfg = Debug|Any CPU
		{A3813AFB-A8D6-4798-AB93-1EF890A23A83}.Ad-Hoc|ARM.Build.0 = Debug|Any CPU
		{A3813AFB-A8D6-4798-AB93-1EF890A23A83}.Ad-Hoc|iPhone.ActiveCfg = Debug|Any CPU
		{A3813AFB-A8D6-4798-AB93-1EF890A23A83}.Ad-Hoc|iPhone.Build.0 = Debug|Any CPU
		{A3813AFB-A8D6-4798-AB93-1EF890A23A83}.Ad-Hoc|iPhoneSimulator.ActiveCfg = Debug|Any CPU
		{A3813AFB-A8D6-4798-AB93-1EF890A23A83}.Ad-Hoc|iPhoneSimulator.Build.0 = Debug|Any CPU
		{A3813AFB-A8D6-4798-AB93-1EF890A23A83}.Ad-Hoc|x64.ActiveCfg = Debug|Any CPU
		{A3813AFB-A8D6-4798-AB93-1EF890A23A83}.Ad-Hoc|x64.Build.0 = Debug|Any CPU
		{A3813AFB-A8D6-4798-AB93-1EF890A23A83}.Ad-Hoc|x86.ActiveCfg = Debug|Any CPU
		{A3813AFB-A8D6-4798-AB93-1EF890A23A83}.Ad-Hoc|x86.Build.0 = Debug|Any CPU
		{A3813AFB-A8D6-4798-AB93-1EF890A23A83}.AppStore|Any CPU.ActiveCfg = Debug|Any CPU
		{A3813AFB-A8D6-4798-AB93-1EF890A23A83}.AppStore|Any CPU.Build.0 = Debug|Any CPU
		{A3813AFB-A8D6-4798-AB93-1EF890A23A83}.AppStore|ARM.ActiveCfg = Debug|Any CPU
		{A3813AFB-A8D6-4798-AB93-1EF890A23A83}.AppStore|ARM.Build.0 = Debug|Any CPU
		{A3813AFB-A8D6-4798-AB93-1EF890A23A83}.AppStore|iPhone.ActiveCfg = Debug|Any CPU
		{A3813AFB-A8D6-4798-AB93-1EF890A23A83}.AppStore|iPhone.Build.0 = Debug|Any CPU
		{A3813AFB-A8D6-4798-AB93-1EF890A23A83}.AppStore|iPhoneSimulator.ActiveCfg = Debug|Any CPU
		{A3813AFB-A8D6-4798-AB93-1EF890A23A83}.AppStore|iPhoneSimulator.Build.0 = Debug|Any CPU
		{A3813AFB-A8D6-4798-AB93-1EF890A23A83}.AppStore|x64.ActiveCfg = Debug|Any CPU
		{A3813AFB-A8D6-4798-AB93-1EF890A23A83}.AppStore|x64.Build.0 = Debug|Any CPU
		{A3813AFB-A8D6-4798-AB93-1EF890A23A83}.AppStore|x86.ActiveCfg = Debug|Any CPU
		{A3813AFB-A8D6-4798-AB93-1EF890A23A83}.AppStore|x86.Build.0 = Debug|Any CPU
		{A3813AFB-A8D6-4798-AB93-1EF890A23A83}.Debug|Any CPU.ActiveCfg = Debug|Any CPU
		{A3813AFB-A8D6-4798-AB93-1EF890A23A83}.Debug|Any CPU.Build.0 = Debug|Any CPU
		{A3813AFB-A8D6-4798-AB93-1EF890A23A83}.Debug|ARM.ActiveCfg = Debug|Any CPU
		{A3813AFB-A8D6-4798-AB93-1EF890A23A83}.Debug|ARM.Build.0 = Debug|Any CPU
		{A3813AFB-A8D6-4798-AB93-1EF890A23A83}.Debug|iPhone.ActiveCfg = Debug|Any CPU
		{A3813AFB-A8D6-4798-AB93-1EF890A23A83}.Debug|iPhone.Build.0 = Debug|Any CPU
		{A3813AFB-A8D6-4798-AB93-1EF890A23A83}.Debug|iPhoneSimulator.ActiveCfg = Debug|Any CPU
		{A3813AFB-A8D6-4798-AB93-1EF890A23A83}.Debug|iPhoneSimulator.Build.0 = Debug|Any CPU
		{A3813AFB-A8D6-4798-AB93-1EF890A23A83}.Debug|x64.ActiveCfg = Debug|Any CPU
		{A3813AFB-A8D6-4798-AB93-1EF890A23A83}.Debug|x64.Build.0 = Debug|Any CPU
		{A3813AFB-A8D6-4798-AB93-1EF890A23A83}.Debug|x86.ActiveCfg = Debug|Any CPU
		{A3813AFB-A8D6-4798-AB93-1EF890A23A83}.Debug|x86.Build.0 = Debug|Any CPU
		{A3813AFB-A8D6-4798-AB93-1EF890A23A83}.Release|Any CPU.ActiveCfg = Release|Any CPU
		{A3813AFB-A8D6-4798-AB93-1EF890A23A83}.Release|Any CPU.Build.0 = Release|Any CPU
		{A3813AFB-A8D6-4798-AB93-1EF890A23A83}.Release|ARM.ActiveCfg = Release|Any CPU
		{A3813AFB-A8D6-4798-AB93-1EF890A23A83}.Release|ARM.Build.0 = Release|Any CPU
		{A3813AFB-A8D6-4798-AB93-1EF890A23A83}.Release|iPhone.ActiveCfg = Release|Any CPU
		{A3813AFB-A8D6-4798-AB93-1EF890A23A83}.Release|iPhone.Build.0 = Release|Any CPU
		{A3813AFB-A8D6-4798-AB93-1EF890A23A83}.Release|iPhoneSimulator.ActiveCfg = Release|Any CPU
		{A3813AFB-A8D6-4798-AB93-1EF890A23A83}.Release|iPhoneSimulator.Build.0 = Release|Any CPU
		{A3813AFB-A8D6-4798-AB93-1EF890A23A83}.Release|x64.ActiveCfg = Release|Any CPU
		{A3813AFB-A8D6-4798-AB93-1EF890A23A83}.Release|x64.Build.0 = Release|Any CPU
		{A3813AFB-A8D6-4798-AB93-1EF890A23A83}.Release|x86.ActiveCfg = Release|Any CPU
		{A3813AFB-A8D6-4798-AB93-1EF890A23A83}.Release|x86.Build.0 = Release|Any CPU
		{65F2272C-D17A-45BE-982A-C6637407657A}.Ad-Hoc|Any CPU.ActiveCfg = Release|Any CPU
		{65F2272C-D17A-45BE-982A-C6637407657A}.Ad-Hoc|Any CPU.Build.0 = Release|Any CPU
		{65F2272C-D17A-45BE-982A-C6637407657A}.Ad-Hoc|ARM.ActiveCfg = Release|ARM
		{65F2272C-D17A-45BE-982A-C6637407657A}.Ad-Hoc|ARM.Build.0 = Release|ARM
		{65F2272C-D17A-45BE-982A-C6637407657A}.Ad-Hoc|iPhone.ActiveCfg = Release|Any CPU
		{65F2272C-D17A-45BE-982A-C6637407657A}.Ad-Hoc|iPhone.Build.0 = Release|Any CPU
		{65F2272C-D17A-45BE-982A-C6637407657A}.Ad-Hoc|iPhoneSimulator.ActiveCfg = Release|Any CPU
		{65F2272C-D17A-45BE-982A-C6637407657A}.Ad-Hoc|iPhoneSimulator.Build.0 = Release|Any CPU
		{65F2272C-D17A-45BE-982A-C6637407657A}.Ad-Hoc|x64.ActiveCfg = Release|x64
		{65F2272C-D17A-45BE-982A-C6637407657A}.Ad-Hoc|x64.Build.0 = Release|x64
		{65F2272C-D17A-45BE-982A-C6637407657A}.Ad-Hoc|x86.ActiveCfg = Release|x86
		{65F2272C-D17A-45BE-982A-C6637407657A}.Ad-Hoc|x86.Build.0 = Release|x86
		{65F2272C-D17A-45BE-982A-C6637407657A}.AppStore|Any CPU.ActiveCfg = Release|Any CPU
		{65F2272C-D17A-45BE-982A-C6637407657A}.AppStore|Any CPU.Build.0 = Release|Any CPU
		{65F2272C-D17A-45BE-982A-C6637407657A}.AppStore|ARM.ActiveCfg = Release|ARM
		{65F2272C-D17A-45BE-982A-C6637407657A}.AppStore|ARM.Build.0 = Release|ARM
		{65F2272C-D17A-45BE-982A-C6637407657A}.AppStore|iPhone.ActiveCfg = Release|Any CPU
		{65F2272C-D17A-45BE-982A-C6637407657A}.AppStore|iPhone.Build.0 = Release|Any CPU
		{65F2272C-D17A-45BE-982A-C6637407657A}.AppStore|iPhoneSimulator.ActiveCfg = Release|Any CPU
		{65F2272C-D17A-45BE-982A-C6637407657A}.AppStore|iPhoneSimulator.Build.0 = Release|Any CPU
		{65F2272C-D17A-45BE-982A-C6637407657A}.AppStore|x64.ActiveCfg = Release|x64
		{65F2272C-D17A-45BE-982A-C6637407657A}.AppStore|x64.Build.0 = Release|x64
		{65F2272C-D17A-45BE-982A-C6637407657A}.AppStore|x86.ActiveCfg = Release|x86
		{65F2272C-D17A-45BE-982A-C6637407657A}.AppStore|x86.Build.0 = Release|x86
		{65F2272C-D17A-45BE-982A-C6637407657A}.Debug|Any CPU.ActiveCfg = Debug|Any CPU
		{65F2272C-D17A-45BE-982A-C6637407657A}.Debug|Any CPU.Build.0 = Debug|Any CPU
		{65F2272C-D17A-45BE-982A-C6637407657A}.Debug|ARM.ActiveCfg = Debug|ARM
		{65F2272C-D17A-45BE-982A-C6637407657A}.Debug|ARM.Build.0 = Debug|ARM
		{65F2272C-D17A-45BE-982A-C6637407657A}.Debug|iPhone.ActiveCfg = Debug|Any CPU
		{65F2272C-D17A-45BE-982A-C6637407657A}.Debug|iPhone.Build.0 = Debug|Any CPU
		{65F2272C-D17A-45BE-982A-C6637407657A}.Debug|iPhoneSimulator.ActiveCfg = Debug|Any CPU
		{65F2272C-D17A-45BE-982A-C6637407657A}.Debug|iPhoneSimulator.Build.0 = Debug|Any CPU
		{65F2272C-D17A-45BE-982A-C6637407657A}.Debug|x64.ActiveCfg = Debug|x64
		{65F2272C-D17A-45BE-982A-C6637407657A}.Debug|x64.Build.0 = Debug|x64
		{65F2272C-D17A-45BE-982A-C6637407657A}.Debug|x86.ActiveCfg = Debug|x86
		{65F2272C-D17A-45BE-982A-C6637407657A}.Debug|x86.Build.0 = Debug|x86
		{65F2272C-D17A-45BE-982A-C6637407657A}.Release|Any CPU.ActiveCfg = Release|Any CPU
		{65F2272C-D17A-45BE-982A-C6637407657A}.Release|Any CPU.Build.0 = Release|Any CPU
		{65F2272C-D17A-45BE-982A-C6637407657A}.Release|ARM.ActiveCfg = Release|ARM
		{65F2272C-D17A-45BE-982A-C6637407657A}.Release|ARM.Build.0 = Release|ARM
		{65F2272C-D17A-45BE-982A-C6637407657A}.Release|iPhone.ActiveCfg = Release|Any CPU
		{65F2272C-D17A-45BE-982A-C6637407657A}.Release|iPhone.Build.0 = Release|Any CPU
		{65F2272C-D17A-45BE-982A-C6637407657A}.Release|iPhoneSimulator.ActiveCfg = Release|Any CPU
		{65F2272C-D17A-45BE-982A-C6637407657A}.Release|iPhoneSimulator.Build.0 = Release|Any CPU
		{65F2272C-D17A-45BE-982A-C6637407657A}.Release|x64.ActiveCfg = Release|x64
		{65F2272C-D17A-45BE-982A-C6637407657A}.Release|x64.Build.0 = Release|x64
		{65F2272C-D17A-45BE-982A-C6637407657A}.Release|x86.ActiveCfg = Release|x86
		{65F2272C-D17A-45BE-982A-C6637407657A}.Release|x86.Build.0 = Release|x86
	EndGlobalSection
	GlobalSection(SolutionProperties) = preSolution
		HideSolutionNode = FALSE
	EndGlobalSection
	GlobalSection(NestedProjects) = preSolution
		{9A7EBE07-4655-4EEC-B627-F8ADE0EE9953} = {4A9CB446-D8E5-4099-A7AC-A361CEEAE4C0}
		{CB283AE3-3653-41EC-8E20-69722D2D33FA} = {4A9CB446-D8E5-4099-A7AC-A361CEEAE4C0}
		{7A916870-D10A-42EB-B8B8-BD3B1E53E0C5} = {4A9CB446-D8E5-4099-A7AC-A361CEEAE4C0}
		{15297ADB-484A-42A5-B537-B220F9CFB6E0} = {B404748F-75A0-42B2-AF09-7A8D197BC529}
		{D4785F25-1C67-4914-B049-6AA70D447212} = {B404748F-75A0-42B2-AF09-7A8D197BC529}
		{545A7CD0-EBF7-4829-BBAA-5318A6B381AF} = {B404748F-75A0-42B2-AF09-7A8D197BC529}
		{4A9CB446-D8E5-4099-A7AC-A361CEEAE4C0} = {777AA50C-1715-4F19-98EA-7F3594D58B48}
		{B404748F-75A0-42B2-AF09-7A8D197BC529} = {05D999C1-BCBF-4CE3-B327-A9B9502180B9}
		{908AB07B-0C27-4CE7-807F-FC9963BCE2F7} = {777AA50C-1715-4F19-98EA-7F3594D58B48}
		{7F5D0293-2C4B-45A5-89FD-1A119BCF83CF} = {05D999C1-BCBF-4CE3-B327-A9B9502180B9}
		{1FB50364-50DB-4358-AA88-5515C9724FF6} = {7F5D0293-2C4B-45A5-89FD-1A119BCF83CF}
		{36FFDCD3-7D3B-4CF7-A4EC-8C6C92D48782} = {7F5D0293-2C4B-45A5-89FD-1A119BCF83CF}
		{0BB6E05A-7FA0-4387-8D8D-DAD0C16A2C86} = {7F5D0293-2C4B-45A5-89FD-1A119BCF83CF}
		{CEF4BE82-4C28-41BE-9F08-1ADE6ED2374C} = {7F5D0293-2C4B-45A5-89FD-1A119BCF83CF}
		{45F27EC2-BBC7-4121-A1AE-0E0A4410FAEF} = {908AB07B-0C27-4CE7-807F-FC9963BCE2F7}
		{EAA55E8C-5344-419D-8EFD-AC780C3C0278} = {908AB07B-0C27-4CE7-807F-FC9963BCE2F7}
		{09DCED04-3B11-4801-BEB8-6F461C58DE03} = {908AB07B-0C27-4CE7-807F-FC9963BCE2F7}
		{6F0C826B-A53B-4F3F-B2AF-12125A2A8C81} = {908AB07B-0C27-4CE7-807F-FC9963BCE2F7}
	EndGlobalSection
	GlobalSection(ExtensibilityGlobals) = postSolution
		SolutionGuid = {63D89760-7C06-4CF6-8D29-5B6EE54125FA}
	EndGlobalSection
EndGlobal
